{
  "object": {
    "pins": [
      {
        "package": "FFCLog",
        "repositoryURL": "https://github.com/fcanas/FFCLog.git",
        "state": {
          "branch": null,
          "revision": "4c6a53644717b8d62a49572ee5e23ba10888397f",
          "version": "0.0.1"
        }
      },
      {
        "package": "FFCParserCombinator",
        "repositoryURL": "https://github.com/fcanas/FFCParserCombinator.git",
        "state": {
          "branch": null,
          "revision": "69bdd2421e3b00c94a3e3b74371641077c94a521",
          "version": "0.0.6"
        }
      }
    ]
  },
  "version": 1
}
