{
  "object": {
    "pins": [
      {
        "package": "FFCParserCombinator",
        "repositoryURL": "https://github.com/fcanas/FFCParserCombinator.git",
        "state": {
          "branch": null,
          "revision": "b9510a294c3cdd4003a847ab3b7fe7b723e3878c",
          "version": "0.0.5"
        }
      }
    ]
  },
  "version": 1
}
