// !$*UTF8*$!
{
	archiveVersion = 1;
	classes = {
	};
	objectVersion = 46;
	objects = {

/* Begin PBXAggregateTarget section */
		"HLSCore::HLSCore::ProductTarget" /* HLSCore */ = {
			isa = PBXAggregateTarget;
			buildConfigurationList = OBJ_74 /* Build configuration list for PBXAggregateTarget "HLSCore" */;
			buildPhases = (
			);
			dependencies = (
				OBJ_77 /* PBXTargetDependency */,
				OBJ_79 /* PBXTargetDependency */,
				OBJ_81 /* PBXTargetDependency */,
				OBJ_83 /* PBXTargetDependency */,
			);
			name = HLSCore;
			productName = HLSCore;
		};
		"HLSCore::HLSCorePackageTests::ProductTarget" /* HLSCorePackageTests */ = {
			isa = PBXAggregateTarget;
			buildConfigurationList = OBJ_92 /* Build configuration list for PBXAggregateTarget "HLSCorePackageTests" */;
			buildPhases = (
			);
			dependencies = (
				OBJ_95 /* PBXTargetDependency */,
				OBJ_97 /* PBXTargetDependency */,
				OBJ_99 /* PBXTargetDependency */,
				OBJ_101 /* PBXTargetDependency */,
			);
			name = HLSCorePackageTests;
			productName = HLSCorePackageTests;
		};
/* End PBXAggregateTarget section */

/* Begin PBXBuildFile section */
		E705CD60207EF44D00C956FE /* Playlist.swift in Sources */ = {isa = PBXBuildFile; fileRef = E705CD5E207EF3F200C956FE /* Playlist.swift */; };
		OBJ_107 /* AttributeList.swift in Sources */ = {isa = PBXBuildFile; fileRef = OBJ_12 /* AttributeList.swift */; };
		OBJ_108 /* AttributeValueParsers.swift in Sources */ = {isa = PBXBuildFile; fileRef = OBJ_13 /* AttributeValueParsers.swift */; };
		OBJ_109 /* CharacterSet.swift in Sources */ = {isa = PBXBuildFile; fileRef = OBJ_14 /* CharacterSet.swift */; };
		OBJ_110 /* CoreInitializers.swift in Sources */ = {isa = PBXBuildFile; fileRef = OBJ_15 /* CoreInitializers.swift */; };
		OBJ_111 /* MasterPlaylistParser.swift in Sources */ = {isa = PBXBuildFile; fileRef = OBJ_16 /* MasterPlaylistParser.swift */; };
		OBJ_112 /* MediaPlaylistParser.swift in Sources */ = {isa = PBXBuildFile; fileRef = OBJ_17 /* MediaPlaylistParser.swift */; };
		OBJ_113 /* TagToEntity.swift in Sources */ = {isa = PBXBuildFile; fileRef = OBJ_18 /* TagToEntity.swift */; };
		OBJ_114 /* Tags.swift in Sources */ = {isa = PBXBuildFile; fileRef = OBJ_19 /* Tags.swift */; };
		OBJ_115 /* TypeParsers.swift in Sources */ = {isa = PBXBuildFile; fileRef = OBJ_20 /* TypeParsers.swift */; };
		OBJ_117 /* FFCParserCombinator.framework in Frameworks */ = {isa = PBXBuildFile; fileRef = "FFCParserCombinator::FFCParserCombinator::Product" /* FFCParserCombinator.framework */; };
		OBJ_118 /* Types.framework in Frameworks */ = {isa = PBXBuildFile; fileRef = "HLSCore::Types::Product" /* Types.framework */; };
		OBJ_119 /* Utilities.framework in Frameworks */ = {isa = PBXBuildFile; fileRef = "HLSCore::Utilities::Product" /* Utilities.framework */; };
		OBJ_127 /* AttributeTests.swift in Sources */ = {isa = PBXBuildFile; fileRef = OBJ_40 /* AttributeTests.swift */; };
		OBJ_128 /* PlaylistParsingTests.swift in Sources */ = {isa = PBXBuildFile; fileRef = OBJ_41 /* PlaylistParsingTests.swift */; };
		OBJ_129 /* TagTests.swift in Sources */ = {isa = PBXBuildFile; fileRef = OBJ_42 /* TagTests.swift */; };
		OBJ_131 /* Parsing.framework in Frameworks */ = {isa = PBXBuildFile; fileRef = "HLSCore::Parsing::Product" /* Parsing.framework */; };
		OBJ_132 /* FFCParserCombinator.framework in Frameworks */ = {isa = PBXBuildFile; fileRef = "FFCParserCombinator::FFCParserCombinator::Product" /* FFCParserCombinator.framework */; };
		OBJ_133 /* Types.framework in Frameworks */ = {isa = PBXBuildFile; fileRef = "HLSCore::Types::Product" /* Types.framework */; };
		OBJ_134 /* Utilities.framework in Frameworks */ = {isa = PBXBuildFile; fileRef = "HLSCore::Utilities::Product" /* Utilities.framework */; };
		OBJ_143 /* Serializable.swift in Sources */ = {isa = PBXBuildFile; fileRef = OBJ_28 /* Serializable.swift */; };
		OBJ_145 /* Types.framework in Frameworks */ = {isa = PBXBuildFile; fileRef = "HLSCore::Types::Product" /* Types.framework */; };
		OBJ_146 /* Utilities.framework in Frameworks */ = {isa = PBXBuildFile; fileRef = "HLSCore::Utilities::Product" /* Utilities.framework */; };
		OBJ_153 /* MultilineMatching.swift in Sources */ = {isa = PBXBuildFile; fileRef = OBJ_31 /* MultilineMatching.swift */; };
		OBJ_154 /* SerializationTests.swift in Sources */ = {isa = PBXBuildFile; fileRef = OBJ_32 /* SerializationTests.swift */; };
		OBJ_156 /* Serialization.framework in Frameworks */ = {isa = PBXBuildFile; fileRef = "HLSCore::Serialization::Product" /* Serialization.framework */; };
		OBJ_157 /* Types.framework in Frameworks */ = {isa = PBXBuildFile; fileRef = "HLSCore::Types::Product" /* Types.framework */; };
		OBJ_158 /* Utilities.framework in Frameworks */ = {isa = PBXBuildFile; fileRef = "HLSCore::Utilities::Product" /* Utilities.framework */; };
		OBJ_166 /* AttributeTypes.swift in Sources */ = {isa = PBXBuildFile; fileRef = OBJ_22 /* AttributeTypes.swift */; };
		OBJ_167 /* EncryptionKey.swift in Sources */ = {isa = PBXBuildFile; fileRef = OBJ_23 /* EncryptionKey.swift */; };
		OBJ_168 /* HLSCore.swift in Sources */ = {isa = PBXBuildFile; fileRef = OBJ_24 /* HLSCore.swift */; };
		OBJ_169 /* Language.swift in Sources */ = {isa = PBXBuildFile; fileRef = OBJ_25 /* Language.swift */; };
		OBJ_170 /* Playlist.swift in Sources */ = {isa = PBXBuildFile; fileRef = OBJ_26 /* Playlist.swift */; };
		OBJ_172 /* Utilities.framework in Frameworks */ = {isa = PBXBuildFile; fileRef = "HLSCore::Utilities::Product" /* Utilities.framework */; };
		OBJ_178 /* HLSCoreTests.swift in Sources */ = {isa = PBXBuildFile; fileRef = OBJ_34 /* HLSCoreTests.swift */; };
		OBJ_179 /* StringTests.swift in Sources */ = {isa = PBXBuildFile; fileRef = OBJ_35 /* StringTests.swift */; };
		OBJ_180 /* URLTests.swift in Sources */ = {isa = PBXBuildFile; fileRef = OBJ_36 /* URLTests.swift */; };
		OBJ_182 /* Types.framework in Frameworks */ = {isa = PBXBuildFile; fileRef = "HLSCore::Types::Product" /* Types.framework */; };
		OBJ_183 /* Utilities.framework in Frameworks */ = {isa = PBXBuildFile; fileRef = "HLSCore::Utilities::Product" /* Utilities.framework */; };
		OBJ_190 /* String.swift in Sources */ = {isa = PBXBuildFile; fileRef = OBJ_9 /* String.swift */; };
		OBJ_191 /* URL.swift in Sources */ = {isa = PBXBuildFile; fileRef = OBJ_10 /* URL.swift */; };
		OBJ_197 /* UtilitiesTests.swift in Sources */ = {isa = PBXBuildFile; fileRef = OBJ_38 /* UtilitiesTests.swift */; };
		OBJ_199 /* Utilities.framework in Frameworks */ = {isa = PBXBuildFile; fileRef = "HLSCore::Utilities::Product" /* Utilities.framework */; };
		OBJ_64 /* FFCParserCombinator.swift in Sources */ = {isa = PBXBuildFile; fileRef = OBJ_46 /* FFCParserCombinator.swift */; };
		OBJ_65 /* Tokens.swift in Sources */ = {isa = PBXBuildFile; fileRef = OBJ_47 /* Tokens.swift */; };
		OBJ_72 /* Package.swift in Sources */ = {isa = PBXBuildFile; fileRef = OBJ_48 /* Package.swift */; };
		OBJ_90 /* Package.swift in Sources */ = {isa = PBXBuildFile; fileRef = OBJ_6 /* Package.swift */; };
/* End PBXBuildFile section */

/* Begin PBXContainerItemProxy section */
		E705CD46207EF23000C956FE /* PBXContainerItemProxy */ = {
			isa = PBXContainerItemProxy;
			containerPortal = OBJ_1 /* Project object */;
			proxyType = 1;
			remoteGlobalIDString = "HLSCore::Utilities";
			remoteInfo = Utilities;
		};
		E705CD47207EF23000C956FE /* PBXContainerItemProxy */ = {
			isa = PBXContainerItemProxy;
			containerPortal = OBJ_1 /* Project object */;
			proxyType = 1;
			remoteGlobalIDString = "HLSCore::Types";
			remoteInfo = Types;
		};
		E705CD48207EF23000C956FE /* PBXContainerItemProxy */ = {
			isa = PBXContainerItemProxy;
			containerPortal = OBJ_1 /* Project object */;
			proxyType = 1;
			remoteGlobalIDString = "HLSCore::Utilities";
			remoteInfo = Utilities;
		};
		E705CD49207EF23000C956FE /* PBXContainerItemProxy */ = {
			isa = PBXContainerItemProxy;
			containerPortal = OBJ_1 /* Project object */;
			proxyType = 1;
			remoteGlobalIDString = "HLSCore::Serialization";
			remoteInfo = Serialization;
		};
		E705CD4A207EF23000C956FE /* PBXContainerItemProxy */ = {
			isa = PBXContainerItemProxy;
			containerPortal = OBJ_1 /* Project object */;
			proxyType = 1;
			remoteGlobalIDString = "HLSCore::Types";
			remoteInfo = Types;
		};
		E705CD4B207EF23000C956FE /* PBXContainerItemProxy */ = {
			isa = PBXContainerItemProxy;
			containerPortal = OBJ_1 /* Project object */;
			proxyType = 1;
			remoteGlobalIDString = "HLSCore::Utilities";
			remoteInfo = Utilities;
		};
		E705CD4C207EF23000C956FE /* PBXContainerItemProxy */ = {
			isa = PBXContainerItemProxy;
			containerPortal = OBJ_1 /* Project object */;
			proxyType = 1;
			remoteGlobalIDString = "HLSCore::Parsing";
			remoteInfo = Parsing;
		};
		E705CD4D207EF23000C956FE /* PBXContainerItemProxy */ = {
			isa = PBXContainerItemProxy;
			containerPortal = OBJ_1 /* Project object */;
			proxyType = 1;
			remoteGlobalIDString = "FFCParserCombinator::FFCParserCombinator";
			remoteInfo = FFCParserCombinator;
		};
		E705CD4E207EF23000C956FE /* PBXContainerItemProxy */ = {
			isa = PBXContainerItemProxy;
			containerPortal = OBJ_1 /* Project object */;
			proxyType = 1;
			remoteGlobalIDString = "HLSCore::Types";
			remoteInfo = Types;
		};
		E705CD4F207EF23000C956FE /* PBXContainerItemProxy */ = {
			isa = PBXContainerItemProxy;
			containerPortal = OBJ_1 /* Project object */;
			proxyType = 1;
			remoteGlobalIDString = "HLSCore::Utilities";
			remoteInfo = Utilities;
		};
		E705CD50207EF23000C956FE /* PBXContainerItemProxy */ = {
			isa = PBXContainerItemProxy;
			containerPortal = OBJ_1 /* Project object */;
			proxyType = 1;
			remoteGlobalIDString = "HLSCore::Parsing";
			remoteInfo = Parsing;
		};
		E705CD51207EF23000C956FE /* PBXContainerItemProxy */ = {
			isa = PBXContainerItemProxy;
			containerPortal = OBJ_1 /* Project object */;
			proxyType = 1;
			remoteGlobalIDString = "FFCParserCombinator::FFCParserCombinator";
			remoteInfo = FFCParserCombinator;
		};
		E705CD52207EF23000C956FE /* PBXContainerItemProxy */ = {
			isa = PBXContainerItemProxy;
			containerPortal = OBJ_1 /* Project object */;
			proxyType = 1;
			remoteGlobalIDString = "HLSCore::Types";
			remoteInfo = Types;
		};
		E705CD53207EF23000C956FE /* PBXContainerItemProxy */ = {
			isa = PBXContainerItemProxy;
			containerPortal = OBJ_1 /* Project object */;
			proxyType = 1;
			remoteGlobalIDString = "HLSCore::Utilities";
			remoteInfo = Utilities;
		};
		E705CD54207EF23000C956FE /* PBXContainerItemProxy */ = {
			isa = PBXContainerItemProxy;
			containerPortal = OBJ_1 /* Project object */;
			proxyType = 1;
			remoteGlobalIDString = "HLSCore::Serialization";
			remoteInfo = Serialization;
		};
		E705CD55207EF23000C956FE /* PBXContainerItemProxy */ = {
			isa = PBXContainerItemProxy;
			containerPortal = OBJ_1 /* Project object */;
			proxyType = 1;
			remoteGlobalIDString = "HLSCore::Types";
			remoteInfo = Types;
		};
		E705CD56207EF23000C956FE /* PBXContainerItemProxy */ = {
			isa = PBXContainerItemProxy;
			containerPortal = OBJ_1 /* Project object */;
			proxyType = 1;
			remoteGlobalIDString = "HLSCore::Utilities";
			remoteInfo = Utilities;
		};
		E705CD57207EF23000C956FE /* PBXContainerItemProxy */ = {
			isa = PBXContainerItemProxy;
			containerPortal = OBJ_1 /* Project object */;
			proxyType = 1;
			remoteGlobalIDString = "HLSCore::Types";
			remoteInfo = Types;
		};
		E705CD58207EF23000C956FE /* PBXContainerItemProxy */ = {
			isa = PBXContainerItemProxy;
			containerPortal = OBJ_1 /* Project object */;
			proxyType = 1;
			remoteGlobalIDString = "HLSCore::Utilities";
			remoteInfo = Utilities;
		};
		E705CD59207EF23000C956FE /* PBXContainerItemProxy */ = {
			isa = PBXContainerItemProxy;
			containerPortal = OBJ_1 /* Project object */;
			proxyType = 1;
			remoteGlobalIDString = "HLSCore::Utilities";
			remoteInfo = Utilities;
		};
		E705CD5A207EF23200C956FE /* PBXContainerItemProxy */ = {
			isa = PBXContainerItemProxy;
			containerPortal = OBJ_1 /* Project object */;
			proxyType = 1;
			remoteGlobalIDString = "HLSCore::TypesTests";
			remoteInfo = TypesTests;
		};
		E705CD5B207EF23200C956FE /* PBXContainerItemProxy */ = {
			isa = PBXContainerItemProxy;
			containerPortal = OBJ_1 /* Project object */;
			proxyType = 1;
			remoteGlobalIDString = "HLSCore::SerializationTests";
			remoteInfo = SerializationTests;
		};
		E705CD5C207EF23200C956FE /* PBXContainerItemProxy */ = {
			isa = PBXContainerItemProxy;
			containerPortal = OBJ_1 /* Project object */;
			proxyType = 1;
			remoteGlobalIDString = "HLSCore::UtilitiesTests";
			remoteInfo = UtilitiesTests;
		};
		E705CD5D207EF23200C956FE /* PBXContainerItemProxy */ = {
			isa = PBXContainerItemProxy;
			containerPortal = OBJ_1 /* Project object */;
			proxyType = 1;
			remoteGlobalIDString = "HLSCore::ParsingTests";
			remoteInfo = ParsingTests;
		};
/* End PBXContainerItemProxy section */

/* Begin PBXFileReference section */
		E705CD5E207EF3F200C956FE /* Playlist.swift */ = {isa = PBXFileReference; lastKnownFileType = sourcecode.swift; path = Playlist.swift; sourceTree = "<group>"; };
		"FFCParserCombinator::FFCParserCombinator::Product" /* FFCParserCombinator.framework */ = {isa = PBXFileReference; lastKnownFileType = wrapper.framework; path = FFCParserCombinator.framework; sourceTree = BUILT_PRODUCTS_DIR; };
		"HLSCore::Parsing::Product" /* Parsing.framework */ = {isa = PBXFileReference; lastKnownFileType = wrapper.framework; path = Parsing.framework; sourceTree = BUILT_PRODUCTS_DIR; };
		"HLSCore::ParsingTests::Product" /* ParsingTests.xctest */ = {isa = PBXFileReference; lastKnownFileType = file; path = ParsingTests.xctest; sourceTree = BUILT_PRODUCTS_DIR; };
		"HLSCore::Serialization::Product" /* Serialization.framework */ = {isa = PBXFileReference; lastKnownFileType = wrapper.framework; path = Serialization.framework; sourceTree = BUILT_PRODUCTS_DIR; };
		"HLSCore::SerializationTests::Product" /* SerializationTests.xctest */ = {isa = PBXFileReference; lastKnownFileType = file; path = SerializationTests.xctest; sourceTree = BUILT_PRODUCTS_DIR; };
		"HLSCore::Types::Product" /* Types.framework */ = {isa = PBXFileReference; lastKnownFileType = wrapper.framework; path = Types.framework; sourceTree = BUILT_PRODUCTS_DIR; };
		"HLSCore::TypesTests::Product" /* TypesTests.xctest */ = {isa = PBXFileReference; lastKnownFileType = file; path = TypesTests.xctest; sourceTree = BUILT_PRODUCTS_DIR; };
		"HLSCore::Utilities::Product" /* Utilities.framework */ = {isa = PBXFileReference; lastKnownFileType = wrapper.framework; path = Utilities.framework; sourceTree = BUILT_PRODUCTS_DIR; };
		"HLSCore::UtilitiesTests::Product" /* UtilitiesTests.xctest */ = {isa = PBXFileReference; lastKnownFileType = file; path = UtilitiesTests.xctest; sourceTree = BUILT_PRODUCTS_DIR; };
		OBJ_10 /* URL.swift */ = {isa = PBXFileReference; lastKnownFileType = sourcecode.swift; path = URL.swift; sourceTree = "<group>"; };
		OBJ_12 /* AttributeList.swift */ = {isa = PBXFileReference; lastKnownFileType = sourcecode.swift; path = AttributeList.swift; sourceTree = "<group>"; };
		OBJ_13 /* AttributeValueParsers.swift */ = {isa = PBXFileReference; lastKnownFileType = sourcecode.swift; path = AttributeValueParsers.swift; sourceTree = "<group>"; };
		OBJ_14 /* CharacterSet.swift */ = {isa = PBXFileReference; lastKnownFileType = sourcecode.swift; path = CharacterSet.swift; sourceTree = "<group>"; };
		OBJ_15 /* CoreInitializers.swift */ = {isa = PBXFileReference; lastKnownFileType = sourcecode.swift; path = CoreInitializers.swift; sourceTree = "<group>"; };
		OBJ_16 /* MasterPlaylistParser.swift */ = {isa = PBXFileReference; lastKnownFileType = sourcecode.swift; path = MasterPlaylistParser.swift; sourceTree = "<group>"; };
		OBJ_17 /* MediaPlaylistParser.swift */ = {isa = PBXFileReference; lastKnownFileType = sourcecode.swift; path = MediaPlaylistParser.swift; sourceTree = "<group>"; };
		OBJ_18 /* TagToEntity.swift */ = {isa = PBXFileReference; lastKnownFileType = sourcecode.swift; path = TagToEntity.swift; sourceTree = "<group>"; };
		OBJ_19 /* Tags.swift */ = {isa = PBXFileReference; lastKnownFileType = sourcecode.swift; path = Tags.swift; sourceTree = "<group>"; };
		OBJ_20 /* TypeParsers.swift */ = {isa = PBXFileReference; lastKnownFileType = sourcecode.swift; path = TypeParsers.swift; sourceTree = "<group>"; };
		OBJ_22 /* AttributeTypes.swift */ = {isa = PBXFileReference; lastKnownFileType = sourcecode.swift; path = AttributeTypes.swift; sourceTree = "<group>"; };
		OBJ_23 /* EncryptionKey.swift */ = {isa = PBXFileReference; lastKnownFileType = sourcecode.swift; path = EncryptionKey.swift; sourceTree = "<group>"; };
		OBJ_24 /* HLSCore.swift */ = {isa = PBXFileReference; lastKnownFileType = sourcecode.swift; path = HLSCore.swift; sourceTree = "<group>"; };
		OBJ_25 /* Language.swift */ = {isa = PBXFileReference; lastKnownFileType = sourcecode.swift; path = Language.swift; sourceTree = "<group>"; };
		OBJ_26 /* Playlist.swift */ = {isa = PBXFileReference; lastKnownFileType = sourcecode.swift; path = Playlist.swift; sourceTree = "<group>"; };
		OBJ_28 /* Serializable.swift */ = {isa = PBXFileReference; lastKnownFileType = sourcecode.swift; path = Serializable.swift; sourceTree = "<group>"; };
		OBJ_31 /* MultilineMatching.swift */ = {isa = PBXFileReference; lastKnownFileType = sourcecode.swift; path = MultilineMatching.swift; sourceTree = "<group>"; };
		OBJ_32 /* SerializationTests.swift */ = {isa = PBXFileReference; lastKnownFileType = sourcecode.swift; path = SerializationTests.swift; sourceTree = "<group>"; };
		OBJ_34 /* HLSCoreTests.swift */ = {isa = PBXFileReference; lastKnownFileType = sourcecode.swift; path = HLSCoreTests.swift; sourceTree = "<group>"; };
		OBJ_35 /* StringTests.swift */ = {isa = PBXFileReference; lastKnownFileType = sourcecode.swift; path = StringTests.swift; sourceTree = "<group>"; };
		OBJ_36 /* URLTests.swift */ = {isa = PBXFileReference; lastKnownFileType = sourcecode.swift; path = URLTests.swift; sourceTree = "<group>"; };
		OBJ_38 /* UtilitiesTests.swift */ = {isa = PBXFileReference; lastKnownFileType = sourcecode.swift; path = UtilitiesTests.swift; sourceTree = "<group>"; };
		OBJ_40 /* AttributeTests.swift */ = {isa = PBXFileReference; lastKnownFileType = sourcecode.swift; path = AttributeTests.swift; sourceTree = "<group>"; };
		OBJ_41 /* PlaylistParsingTests.swift */ = {isa = PBXFileReference; lastKnownFileType = sourcecode.swift; path = PlaylistParsingTests.swift; sourceTree = "<group>"; };
		OBJ_42 /* TagTests.swift */ = {isa = PBXFileReference; lastKnownFileType = sourcecode.swift; path = TagTests.swift; sourceTree = "<group>"; };
		OBJ_46 /* FFCParserCombinator.swift */ = {isa = PBXFileReference; lastKnownFileType = sourcecode.swift; path = FFCParserCombinator.swift; sourceTree = "<group>"; };
		OBJ_47 /* Tokens.swift */ = {isa = PBXFileReference; lastKnownFileType = sourcecode.swift; path = Tokens.swift; sourceTree = "<group>"; };
		OBJ_48 /* Package.swift */ = {isa = PBXFileReference; explicitFileType = sourcecode.swift; name = Package.swift; path = "/Users/fcanas/repositories/HLSCore/.build/checkouts/FFCParserCombinator.git--5310016239092783789/Package.swift"; sourceTree = "<group>"; };
		OBJ_6 /* Package.swift */ = {isa = PBXFileReference; explicitFileType = sourcecode.swift; path = Package.swift; sourceTree = "<group>"; };
		OBJ_9 /* String.swift */ = {isa = PBXFileReference; lastKnownFileType = sourcecode.swift; path = String.swift; sourceTree = "<group>"; };
/* End PBXFileReference section */

/* Begin PBXFrameworksBuildPhase section */
		OBJ_116 /* Frameworks */ = {
			isa = PBXFrameworksBuildPhase;
			buildActionMask = 0;
			files = (
				OBJ_117 /* FFCParserCombinator.framework in Frameworks */,
				OBJ_118 /* Types.framework in Frameworks */,
				OBJ_119 /* Utilities.framework in Frameworks */,
			);
			runOnlyForDeploymentPostprocessing = 0;
		};
		OBJ_130 /* Frameworks */ = {
			isa = PBXFrameworksBuildPhase;
			buildActionMask = 0;
			files = (
				OBJ_131 /* Parsing.framework in Frameworks */,
				OBJ_132 /* FFCParserCombinator.framework in Frameworks */,
				OBJ_133 /* Types.framework in Frameworks */,
				OBJ_134 /* Utilities.framework in Frameworks */,
			);
			runOnlyForDeploymentPostprocessing = 0;
		};
		OBJ_144 /* Frameworks */ = {
			isa = PBXFrameworksBuildPhase;
			buildActionMask = 0;
			files = (
				OBJ_145 /* Types.framework in Frameworks */,
				OBJ_146 /* Utilities.framework in Frameworks */,
			);
			runOnlyForDeploymentPostprocessing = 0;
		};
		OBJ_155 /* Frameworks */ = {
			isa = PBXFrameworksBuildPhase;
			buildActionMask = 0;
			files = (
				OBJ_156 /* Serialization.framework in Frameworks */,
				OBJ_157 /* Types.framework in Frameworks */,
				OBJ_158 /* Utilities.framework in Frameworks */,
			);
			runOnlyForDeploymentPostprocessing = 0;
		};
		OBJ_171 /* Frameworks */ = {
			isa = PBXFrameworksBuildPhase;
			buildActionMask = 0;
			files = (
				OBJ_172 /* Utilities.framework in Frameworks */,
			);
			runOnlyForDeploymentPostprocessing = 0;
		};
		OBJ_181 /* Frameworks */ = {
			isa = PBXFrameworksBuildPhase;
			buildActionMask = 0;
			files = (
				OBJ_182 /* Types.framework in Frameworks */,
				OBJ_183 /* Utilities.framework in Frameworks */,
			);
			runOnlyForDeploymentPostprocessing = 0;
		};
		OBJ_192 /* Frameworks */ = {
			isa = PBXFrameworksBuildPhase;
			buildActionMask = 0;
			files = (
			);
			runOnlyForDeploymentPostprocessing = 0;
		};
		OBJ_198 /* Frameworks */ = {
			isa = PBXFrameworksBuildPhase;
			buildActionMask = 0;
			files = (
				OBJ_199 /* Utilities.framework in Frameworks */,
			);
			runOnlyForDeploymentPostprocessing = 0;
		};
		OBJ_66 /* Frameworks */ = {
			isa = PBXFrameworksBuildPhase;
			buildActionMask = 0;
			files = (
			);
			runOnlyForDeploymentPostprocessing = 0;
		};
/* End PBXFrameworksBuildPhase section */

/* Begin PBXGroup section */
		OBJ_11 /* Parsing */ = {
			isa = PBXGroup;
			children = (
				OBJ_12 /* AttributeList.swift */,
				OBJ_13 /* AttributeValueParsers.swift */,
				OBJ_14 /* CharacterSet.swift */,
				OBJ_15 /* CoreInitializers.swift */,
				OBJ_16 /* MasterPlaylistParser.swift */,
				OBJ_17 /* MediaPlaylistParser.swift */,
				OBJ_18 /* TagToEntity.swift */,
				OBJ_19 /* Tags.swift */,
				OBJ_20 /* TypeParsers.swift */,
				E705CD5E207EF3F200C956FE /* Playlist.swift */,
			);
			name = Parsing;
			path = Sources/Parsing;
			sourceTree = SOURCE_ROOT;
		};
		OBJ_21 /* Types */ = {
			isa = PBXGroup;
			children = (
				OBJ_22 /* AttributeTypes.swift */,
				OBJ_23 /* EncryptionKey.swift */,
				OBJ_24 /* HLSCore.swift */,
				OBJ_25 /* Language.swift */,
				OBJ_26 /* Playlist.swift */,
			);
			name = Types;
			path = Sources/Types;
			sourceTree = SOURCE_ROOT;
		};
		OBJ_27 /* Serialization */ = {
			isa = PBXGroup;
			children = (
				OBJ_28 /* Serializable.swift */,
			);
			name = Serialization;
			path = Sources/Serialization;
			sourceTree = SOURCE_ROOT;
		};
		OBJ_29 /* Tests */ = {
			isa = PBXGroup;
			children = (
				OBJ_30 /* SerializationTests */,
				OBJ_33 /* TypesTests */,
				OBJ_37 /* UtilitiesTests */,
				OBJ_39 /* ParsingTests */,
			);
			name = Tests;
			sourceTree = SOURCE_ROOT;
		};
		OBJ_30 /* SerializationTests */ = {
			isa = PBXGroup;
			children = (
				OBJ_31 /* MultilineMatching.swift */,
				OBJ_32 /* SerializationTests.swift */,
			);
			name = SerializationTests;
			path = Tests/SerializationTests;
			sourceTree = SOURCE_ROOT;
		};
		OBJ_33 /* TypesTests */ = {
			isa = PBXGroup;
			children = (
				OBJ_34 /* HLSCoreTests.swift */,
				OBJ_35 /* StringTests.swift */,
				OBJ_36 /* URLTests.swift */,
			);
			name = TypesTests;
			path = Tests/TypesTests;
			sourceTree = SOURCE_ROOT;
		};
		OBJ_37 /* UtilitiesTests */ = {
			isa = PBXGroup;
			children = (
				OBJ_38 /* UtilitiesTests.swift */,
			);
			name = UtilitiesTests;
			path = Tests/UtilitiesTests;
			sourceTree = SOURCE_ROOT;
		};
		OBJ_39 /* ParsingTests */ = {
			isa = PBXGroup;
			children = (
				OBJ_40 /* AttributeTests.swift */,
				OBJ_41 /* PlaylistParsingTests.swift */,
				OBJ_42 /* TagTests.swift */,
			);
			name = ParsingTests;
			path = Tests/ParsingTests;
			sourceTree = SOURCE_ROOT;
		};
		OBJ_43 /* Dependencies */ = {
			isa = PBXGroup;
			children = (
				OBJ_44 /* FFCParserCombinator 0.0.5 */,
			);
			name = Dependencies;
			sourceTree = "<group>";
		};
		OBJ_44 /* FFCParserCombinator 0.0.5 */ = {
			isa = PBXGroup;
			children = (
				OBJ_45 /* FFCParserCombinator */,
				OBJ_48 /* Package.swift */,
			);
			name = "FFCParserCombinator 0.0.5";
			sourceTree = SOURCE_ROOT;
		};
		OBJ_45 /* FFCParserCombinator */ = {
			isa = PBXGroup;
			children = (
				OBJ_46 /* FFCParserCombinator.swift */,
				OBJ_47 /* Tokens.swift */,
			);
			name = FFCParserCombinator;
			path = ".build/checkouts/FFCParserCombinator.git--5310016239092783789/Sources/FFCParserCombinator";
			sourceTree = SOURCE_ROOT;
		};
		OBJ_49 /* Products */ = {
			isa = PBXGroup;
			children = (
				"HLSCore::TypesTests::Product" /* TypesTests.xctest */,
				"HLSCore::Parsing::Product" /* Parsing.framework */,
				"HLSCore::UtilitiesTests::Product" /* UtilitiesTests.xctest */,
				"HLSCore::Utilities::Product" /* Utilities.framework */,
				"HLSCore::ParsingTests::Product" /* ParsingTests.xctest */,
				"HLSCore::Serialization::Product" /* Serialization.framework */,
				"HLSCore::SerializationTests::Product" /* SerializationTests.xctest */,
				"HLSCore::Types::Product" /* Types.framework */,
				"FFCParserCombinator::FFCParserCombinator::Product" /* FFCParserCombinator.framework */,
			);
			name = Products;
			sourceTree = BUILT_PRODUCTS_DIR;
		};
		OBJ_5 /*  */ = {
			isa = PBXGroup;
			children = (
				OBJ_6 /* Package.swift */,
				OBJ_7 /* Sources */,
				OBJ_29 /* Tests */,
				OBJ_43 /* Dependencies */,
				OBJ_49 /* Products */,
			);
			name = "";
			sourceTree = "<group>";
		};
		OBJ_7 /* Sources */ = {
			isa = PBXGroup;
			children = (
				OBJ_8 /* Utilities */,
				OBJ_11 /* Parsing */,
				OBJ_21 /* Types */,
				OBJ_27 /* Serialization */,
			);
			name = Sources;
			sourceTree = SOURCE_ROOT;
		};
		OBJ_8 /* Utilities */ = {
			isa = PBXGroup;
			children = (
				OBJ_9 /* String.swift */,
				OBJ_10 /* URL.swift */,
			);
			name = Utilities;
			path = Sources/Utilities;
			sourceTree = SOURCE_ROOT;
		};
/* End PBXGroup section */

/* Begin PBXNativeTarget section */
		"FFCParserCombinator::FFCParserCombinator" /* FFCParserCombinator */ = {
			isa = PBXNativeTarget;
			buildConfigurationList = OBJ_60 /* Build configuration list for PBXNativeTarget "FFCParserCombinator" */;
			buildPhases = (
				OBJ_63 /* Sources */,
				OBJ_66 /* Frameworks */,
			);
			buildRules = (
			);
			dependencies = (
			);
			name = FFCParserCombinator;
			productName = FFCParserCombinator;
			productReference = "FFCParserCombinator::FFCParserCombinator::Product" /* FFCParserCombinator.framework */;
			productType = "com.apple.product-type.framework";
		};
		"FFCParserCombinator::SwiftPMPackageDescription" /* FFCParserCombinatorPackageDescription */ = {
			isa = PBXNativeTarget;
			buildConfigurationList = OBJ_68 /* Build configuration list for PBXNativeTarget "FFCParserCombinatorPackageDescription" */;
			buildPhases = (
				OBJ_71 /* Sources */,
			);
			buildRules = (
			);
			dependencies = (
			);
			name = FFCParserCombinatorPackageDescription;
			productName = FFCParserCombinatorPackageDescription;
			productType = "com.apple.product-type.framework";
		};
		"HLSCore::Parsing" /* Parsing */ = {
			isa = PBXNativeTarget;
			buildConfigurationList = OBJ_103 /* Build configuration list for PBXNativeTarget "Parsing" */;
			buildPhases = (
				OBJ_106 /* Sources */,
				OBJ_116 /* Frameworks */,
			);
			buildRules = (
			);
			dependencies = (
				OBJ_120 /* PBXTargetDependency */,
				OBJ_121 /* PBXTargetDependency */,
				OBJ_122 /* PBXTargetDependency */,
			);
			name = Parsing;
			productName = Parsing;
			productReference = "HLSCore::Parsing::Product" /* Parsing.framework */;
			productType = "com.apple.product-type.framework";
		};
		"HLSCore::ParsingTests" /* ParsingTests */ = {
			isa = PBXNativeTarget;
			buildConfigurationList = OBJ_123 /* Build configuration list for PBXNativeTarget "ParsingTests" */;
			buildPhases = (
				OBJ_126 /* Sources */,
				OBJ_130 /* Frameworks */,
			);
			buildRules = (
			);
			dependencies = (
				OBJ_135 /* PBXTargetDependency */,
				OBJ_136 /* PBXTargetDependency */,
				OBJ_137 /* PBXTargetDependency */,
				OBJ_138 /* PBXTargetDependency */,
			);
			name = ParsingTests;
			productName = ParsingTests;
			productReference = "HLSCore::ParsingTests::Product" /* ParsingTests.xctest */;
			productType = "com.apple.product-type.bundle.unit-test";
		};
		"HLSCore::Serialization" /* Serialization */ = {
			isa = PBXNativeTarget;
			buildConfigurationList = OBJ_139 /* Build configuration list for PBXNativeTarget "Serialization" */;
			buildPhases = (
				OBJ_142 /* Sources */,
				OBJ_144 /* Frameworks */,
			);
			buildRules = (
			);
			dependencies = (
				OBJ_147 /* PBXTargetDependency */,
				OBJ_148 /* PBXTargetDependency */,
			);
			name = Serialization;
			productName = Serialization;
			productReference = "HLSCore::Serialization::Product" /* Serialization.framework */;
			productType = "com.apple.product-type.framework";
		};
		"HLSCore::SerializationTests" /* SerializationTests */ = {
			isa = PBXNativeTarget;
			buildConfigurationList = OBJ_149 /* Build configuration list for PBXNativeTarget "SerializationTests" */;
			buildPhases = (
				OBJ_152 /* Sources */,
				OBJ_155 /* Frameworks */,
			);
			buildRules = (
			);
			dependencies = (
				OBJ_159 /* PBXTargetDependency */,
				OBJ_160 /* PBXTargetDependency */,
				OBJ_161 /* PBXTargetDependency */,
			);
			name = SerializationTests;
			productName = SerializationTests;
			productReference = "HLSCore::SerializationTests::Product" /* SerializationTests.xctest */;
			productType = "com.apple.product-type.bundle.unit-test";
		};
		"HLSCore::SwiftPMPackageDescription" /* HLSCorePackageDescription */ = {
			isa = PBXNativeTarget;
			buildConfigurationList = OBJ_86 /* Build configuration list for PBXNativeTarget "HLSCorePackageDescription" */;
			buildPhases = (
				OBJ_89 /* Sources */,
			);
			buildRules = (
			);
			dependencies = (
			);
			name = HLSCorePackageDescription;
			productName = HLSCorePackageDescription;
			productType = "com.apple.product-type.framework";
		};
		"HLSCore::Types" /* Types */ = {
			isa = PBXNativeTarget;
			buildConfigurationList = OBJ_162 /* Build configuration list for PBXNativeTarget "Types" */;
			buildPhases = (
				OBJ_165 /* Sources */,
				OBJ_171 /* Frameworks */,
			);
			buildRules = (
			);
			dependencies = (
				OBJ_173 /* PBXTargetDependency */,
			);
			name = Types;
			productName = Types;
			productReference = "HLSCore::Types::Product" /* Types.framework */;
			productType = "com.apple.product-type.framework";
		};
		"HLSCore::TypesTests" /* TypesTests */ = {
			isa = PBXNativeTarget;
			buildConfigurationList = OBJ_174 /* Build configuration list for PBXNativeTarget "TypesTests" */;
			buildPhases = (
				OBJ_177 /* Sources */,
				OBJ_181 /* Frameworks */,
			);
			buildRules = (
			);
			dependencies = (
				OBJ_184 /* PBXTargetDependency */,
				OBJ_185 /* PBXTargetDependency */,
			);
			name = TypesTests;
			productName = TypesTests;
			productReference = "HLSCore::TypesTests::Product" /* TypesTests.xctest */;
			productType = "com.apple.product-type.bundle.unit-test";
		};
		"HLSCore::Utilities" /* Utilities */ = {
			isa = PBXNativeTarget;
			buildConfigurationList = OBJ_186 /* Build configuration list for PBXNativeTarget "Utilities" */;
			buildPhases = (
				OBJ_189 /* Sources */,
				OBJ_192 /* Frameworks */,
			);
			buildRules = (
			);
			dependencies = (
			);
			name = Utilities;
			productName = Utilities;
			productReference = "HLSCore::Utilities::Product" /* Utilities.framework */;
			productType = "com.apple.product-type.framework";
		};
		"HLSCore::UtilitiesTests" /* UtilitiesTests */ = {
			isa = PBXNativeTarget;
			buildConfigurationList = OBJ_193 /* Build configuration list for PBXNativeTarget "UtilitiesTests" */;
			buildPhases = (
				OBJ_196 /* Sources */,
				OBJ_198 /* Frameworks */,
			);
			buildRules = (
			);
			dependencies = (
				OBJ_200 /* PBXTargetDependency */,
			);
			name = UtilitiesTests;
			productName = UtilitiesTests;
			productReference = "HLSCore::UtilitiesTests::Product" /* UtilitiesTests.xctest */;
			productType = "com.apple.product-type.bundle.unit-test";
		};
/* End PBXNativeTarget section */

/* Begin PBXProject section */
		OBJ_1 /* Project object */ = {
			isa = PBXProject;
			attributes = {
				LastUpgradeCheck = 9999;
			};
			buildConfigurationList = OBJ_2 /* Build configuration list for PBXProject "HLSCore" */;
			compatibilityVersion = "Xcode 3.2";
			developmentRegion = English;
			hasScannedForEncodings = 0;
			knownRegions = (
				en,
			);
			mainGroup = OBJ_5 /*  */;
			productRefGroup = OBJ_49 /* Products */;
			projectDirPath = "";
			projectRoot = "";
			targets = (
				"FFCParserCombinator::FFCParserCombinator" /* FFCParserCombinator */,
				"FFCParserCombinator::SwiftPMPackageDescription" /* FFCParserCombinatorPackageDescription */,
				"HLSCore::HLSCore::ProductTarget" /* HLSCore */,
				"HLSCore::SwiftPMPackageDescription" /* HLSCorePackageDescription */,
				"HLSCore::HLSCorePackageTests::ProductTarget" /* HLSCorePackageTests */,
				"HLSCore::Parsing" /* Parsing */,
				"HLSCore::ParsingTests" /* ParsingTests */,
				"HLSCore::Serialization" /* Serialization */,
				"HLSCore::SerializationTests" /* SerializationTests */,
				"HLSCore::Types" /* Types */,
				"HLSCore::TypesTests" /* TypesTests */,
				"HLSCore::Utilities" /* Utilities */,
				"HLSCore::UtilitiesTests" /* UtilitiesTests */,
			);
		};
/* End PBXProject section */

/* Begin PBXSourcesBuildPhase section */
		OBJ_106 /* Sources */ = {
			isa = PBXSourcesBuildPhase;
			buildActionMask = 0;
			files = (
				OBJ_107 /* AttributeList.swift in Sources */,
				OBJ_108 /* AttributeValueParsers.swift in Sources */,
				OBJ_109 /* CharacterSet.swift in Sources */,
				OBJ_110 /* CoreInitializers.swift in Sources */,
				OBJ_111 /* MasterPlaylistParser.swift in Sources */,
				OBJ_112 /* MediaPlaylistParser.swift in Sources */,
				OBJ_113 /* TagToEntity.swift in Sources */,
				OBJ_114 /* Tags.swift in Sources */,
				OBJ_115 /* TypeParsers.swift in Sources */,
				E705CD60207EF44D00C956FE /* Playlist.swift in Sources */,
			);
			runOnlyForDeploymentPostprocessing = 0;
		};
		OBJ_126 /* Sources */ = {
			isa = PBXSourcesBuildPhase;
			buildActionMask = 0;
			files = (
				OBJ_127 /* AttributeTests.swift in Sources */,
				OBJ_128 /* PlaylistParsingTests.swift in Sources */,
				OBJ_129 /* TagTests.swift in Sources */,
			);
			runOnlyForDeploymentPostprocessing = 0;
		};
		OBJ_142 /* Sources */ = {
			isa = PBXSourcesBuildPhase;
			buildActionMask = 0;
			files = (
				OBJ_143 /* Serializable.swift in Sources */,
			);
			runOnlyForDeploymentPostprocessing = 0;
		};
		OBJ_152 /* Sources */ = {
			isa = PBXSourcesBuildPhase;
			buildActionMask = 0;
			files = (
				OBJ_153 /* MultilineMatching.swift in Sources */,
				OBJ_154 /* SerializationTests.swift in Sources */,
			);
			runOnlyForDeploymentPostprocessing = 0;
		};
		OBJ_165 /* Sources */ = {
			isa = PBXSourcesBuildPhase;
			buildActionMask = 0;
			files = (
				OBJ_166 /* AttributeTypes.swift in Sources */,
				OBJ_167 /* EncryptionKey.swift in Sources */,
				OBJ_168 /* HLSCore.swift in Sources */,
				OBJ_169 /* Language.swift in Sources */,
				OBJ_170 /* Playlist.swift in Sources */,
			);
			runOnlyForDeploymentPostprocessing = 0;
		};
		OBJ_177 /* Sources */ = {
			isa = PBXSourcesBuildPhase;
			buildActionMask = 0;
			files = (
				OBJ_178 /* HLSCoreTests.swift in Sources */,
				OBJ_179 /* StringTests.swift in Sources */,
				OBJ_180 /* URLTests.swift in Sources */,
			);
			runOnlyForDeploymentPostprocessing = 0;
		};
		OBJ_189 /* Sources */ = {
			isa = PBXSourcesBuildPhase;
			buildActionMask = 0;
			files = (
				OBJ_190 /* String.swift in Sources */,
				OBJ_191 /* URL.swift in Sources */,
			);
			runOnlyForDeploymentPostprocessing = 0;
		};
		OBJ_196 /* Sources */ = {
			isa = PBXSourcesBuildPhase;
			buildActionMask = 0;
			files = (
				OBJ_197 /* UtilitiesTests.swift in Sources */,
			);
			runOnlyForDeploymentPostprocessing = 0;
		};
		OBJ_63 /* Sources */ = {
			isa = PBXSourcesBuildPhase;
			buildActionMask = 0;
			files = (
				OBJ_64 /* FFCParserCombinator.swift in Sources */,
				OBJ_65 /* Tokens.swift in Sources */,
			);
			runOnlyForDeploymentPostprocessing = 0;
		};
		OBJ_71 /* Sources */ = {
			isa = PBXSourcesBuildPhase;
			buildActionMask = 0;
			files = (
				OBJ_72 /* Package.swift in Sources */,
			);
			runOnlyForDeploymentPostprocessing = 0;
		};
		OBJ_89 /* Sources */ = {
			isa = PBXSourcesBuildPhase;
			buildActionMask = 0;
			files = (
				OBJ_90 /* Package.swift in Sources */,
			);
			runOnlyForDeploymentPostprocessing = 0;
		};
/* End PBXSourcesBuildPhase section */

/* Begin PBXTargetDependency section */
		OBJ_101 /* PBXTargetDependency */ = {
			isa = PBXTargetDependency;
			target = "HLSCore::ParsingTests" /* ParsingTests */;
			targetProxy = E705CD5D207EF23200C956FE /* PBXContainerItemProxy */;
		};
		OBJ_120 /* PBXTargetDependency */ = {
			isa = PBXTargetDependency;
			target = "FFCParserCombinator::FFCParserCombinator" /* FFCParserCombinator */;
			targetProxy = E705CD4D207EF23000C956FE /* PBXContainerItemProxy */;
		};
		OBJ_121 /* PBXTargetDependency */ = {
			isa = PBXTargetDependency;
			target = "HLSCore::Types" /* Types */;
			targetProxy = E705CD4E207EF23000C956FE /* PBXContainerItemProxy */;
		};
		OBJ_122 /* PBXTargetDependency */ = {
			isa = PBXTargetDependency;
			target = "HLSCore::Utilities" /* Utilities */;
			targetProxy = E705CD4F207EF23000C956FE /* PBXContainerItemProxy */;
		};
		OBJ_135 /* PBXTargetDependency */ = {
			isa = PBXTargetDependency;
			target = "HLSCore::Parsing" /* Parsing */;
			targetProxy = E705CD50207EF23000C956FE /* PBXContainerItemProxy */;
		};
		OBJ_136 /* PBXTargetDependency */ = {
			isa = PBXTargetDependency;
			target = "FFCParserCombinator::FFCParserCombinator" /* FFCParserCombinator */;
			targetProxy = E705CD51207EF23000C956FE /* PBXContainerItemProxy */;
		};
		OBJ_137 /* PBXTargetDependency */ = {
			isa = PBXTargetDependency;
			target = "HLSCore::Types" /* Types */;
			targetProxy = E705CD52207EF23000C956FE /* PBXContainerItemProxy */;
		};
		OBJ_138 /* PBXTargetDependency */ = {
			isa = PBXTargetDependency;
			target = "HLSCore::Utilities" /* Utilities */;
			targetProxy = E705CD53207EF23000C956FE /* PBXContainerItemProxy */;
		};
		OBJ_147 /* PBXTargetDependency */ = {
			isa = PBXTargetDependency;
			target = "HLSCore::Types" /* Types */;
			targetProxy = E705CD4A207EF23000C956FE /* PBXContainerItemProxy */;
		};
		OBJ_148 /* PBXTargetDependency */ = {
			isa = PBXTargetDependency;
			target = "HLSCore::Utilities" /* Utilities */;
			targetProxy = E705CD4B207EF23000C956FE /* PBXContainerItemProxy */;
		};
		OBJ_159 /* PBXTargetDependency */ = {
			isa = PBXTargetDependency;
			target = "HLSCore::Serialization" /* Serialization */;
			targetProxy = E705CD54207EF23000C956FE /* PBXContainerItemProxy */;
		};
		OBJ_160 /* PBXTargetDependency */ = {
			isa = PBXTargetDependency;
			target = "HLSCore::Types" /* Types */;
			targetProxy = E705CD55207EF23000C956FE /* PBXContainerItemProxy */;
		};
		OBJ_161 /* PBXTargetDependency */ = {
			isa = PBXTargetDependency;
			target = "HLSCore::Utilities" /* Utilities */;
			targetProxy = E705CD56207EF23000C956FE /* PBXContainerItemProxy */;
		};
		OBJ_173 /* PBXTargetDependency */ = {
			isa = PBXTargetDependency;
			target = "HLSCore::Utilities" /* Utilities */;
			targetProxy = E705CD48207EF23000C956FE /* PBXContainerItemProxy */;
		};
		OBJ_184 /* PBXTargetDependency */ = {
			isa = PBXTargetDependency;
			target = "HLSCore::Types" /* Types */;
			targetProxy = E705CD57207EF23000C956FE /* PBXContainerItemProxy */;
		};
		OBJ_185 /* PBXTargetDependency */ = {
			isa = PBXTargetDependency;
			target = "HLSCore::Utilities" /* Utilities */;
			targetProxy = E705CD58207EF23000C956FE /* PBXContainerItemProxy */;
		};
		OBJ_200 /* PBXTargetDependency */ = {
			isa = PBXTargetDependency;
			target = "HLSCore::Utilities" /* Utilities */;
			targetProxy = E705CD59207EF23000C956FE /* PBXContainerItemProxy */;
		};
		OBJ_77 /* PBXTargetDependency */ = {
			isa = PBXTargetDependency;
			target = "HLSCore::Utilities" /* Utilities */;
			targetProxy = E705CD46207EF23000C956FE /* PBXContainerItemProxy */;
		};
		OBJ_79 /* PBXTargetDependency */ = {
			isa = PBXTargetDependency;
			target = "HLSCore::Types" /* Types */;
			targetProxy = E705CD47207EF23000C956FE /* PBXContainerItemProxy */;
		};
		OBJ_81 /* PBXTargetDependency */ = {
			isa = PBXTargetDependency;
			target = "HLSCore::Serialization" /* Serialization */;
			targetProxy = E705CD49207EF23000C956FE /* PBXContainerItemProxy */;
		};
		OBJ_83 /* PBXTargetDependency */ = {
			isa = PBXTargetDependency;
			target = "HLSCore::Parsing" /* Parsing */;
			targetProxy = E705CD4C207EF23000C956FE /* PBXContainerItemProxy */;
		};
		OBJ_95 /* PBXTargetDependency */ = {
			isa = PBXTargetDependency;
			target = "HLSCore::TypesTests" /* TypesTests */;
			targetProxy = E705CD5A207EF23200C956FE /* PBXContainerItemProxy */;
		};
		OBJ_97 /* PBXTargetDependency */ = {
			isa = PBXTargetDependency;
			target = "HLSCore::SerializationTests" /* SerializationTests */;
			targetProxy = E705CD5B207EF23200C956FE /* PBXContainerItemProxy */;
		};
		OBJ_99 /* PBXTargetDependency */ = {
			isa = PBXTargetDependency;
			target = "HLSCore::UtilitiesTests" /* UtilitiesTests */;
			targetProxy = E705CD5C207EF23200C956FE /* PBXContainerItemProxy */;
		};
/* End PBXTargetDependency section */

/* Begin XCBuildConfiguration section */
		OBJ_104 /* Debug */ = {
			isa = XCBuildConfiguration;
			buildSettings = {
				ENABLE_TESTABILITY = YES;
				FRAMEWORK_SEARCH_PATHS = (
					"$(inherited)",
					"$(PLATFORM_DIR)/Developer/Library/Frameworks",
				);
				HEADER_SEARCH_PATHS = "$(inherited)";
				INFOPLIST_FILE = HLSCore.xcodeproj/Parsing_Info.plist;
				LD_RUNPATH_SEARCH_PATHS = "$(inherited) $(TOOLCHAIN_DIR)/usr/lib/swift/macosx";
				OTHER_CFLAGS = "$(inherited)";
				OTHER_LDFLAGS = "$(inherited)";
				OTHER_SWIFT_FLAGS = "$(inherited)";
				PRODUCT_BUNDLE_IDENTIFIER = Parsing;
				PRODUCT_MODULE_NAME = "$(TARGET_NAME:c99extidentifier)";
				PRODUCT_NAME = "$(TARGET_NAME:c99extidentifier)";
				SKIP_INSTALL = YES;
				SWIFT_VERSION = 4.0;
				TARGET_NAME = Parsing;
			};
			name = Debug;
		};
		OBJ_105 /* Release */ = {
			isa = XCBuildConfiguration;
			buildSettings = {
				ENABLE_TESTABILITY = YES;
				FRAMEWORK_SEARCH_PATHS = (
					"$(inherited)",
					"$(PLATFORM_DIR)/Developer/Library/Frameworks",
				);
				HEADER_SEARCH_PATHS = "$(inherited)";
				INFOPLIST_FILE = HLSCore.xcodeproj/Parsing_Info.plist;
				LD_RUNPATH_SEARCH_PATHS = "$(inherited) $(TOOLCHAIN_DIR)/usr/lib/swift/macosx";
				OTHER_CFLAGS = "$(inherited)";
				OTHER_LDFLAGS = "$(inherited)";
				OTHER_SWIFT_FLAGS = "$(inherited)";
				PRODUCT_BUNDLE_IDENTIFIER = Parsing;
				PRODUCT_MODULE_NAME = "$(TARGET_NAME:c99extidentifier)";
				PRODUCT_NAME = "$(TARGET_NAME:c99extidentifier)";
				SKIP_INSTALL = YES;
				SWIFT_VERSION = 4.0;
				TARGET_NAME = Parsing;
			};
			name = Release;
		};
		OBJ_124 /* Debug */ = {
			isa = XCBuildConfiguration;
			buildSettings = {
				EMBEDDED_CONTENT_CONTAINS_SWIFT = YES;
				FRAMEWORK_SEARCH_PATHS = (
					"$(inherited)",
					"$(PLATFORM_DIR)/Developer/Library/Frameworks",
				);
				HEADER_SEARCH_PATHS = "$(inherited)";
				INFOPLIST_FILE = HLSCore.xcodeproj/ParsingTests_Info.plist;
				LD_RUNPATH_SEARCH_PATHS = "$(inherited) @loader_path/../Frameworks @loader_path/Frameworks";
				OTHER_CFLAGS = "$(inherited)";
				OTHER_LDFLAGS = "$(inherited)";
				OTHER_SWIFT_FLAGS = "$(inherited)";
				SWIFT_VERSION = 4.0;
				TARGET_NAME = ParsingTests;
			};
			name = Debug;
		};
		OBJ_125 /* Release */ = {
			isa = XCBuildConfiguration;
			buildSettings = {
				EMBEDDED_CONTENT_CONTAINS_SWIFT = YES;
				FRAMEWORK_SEARCH_PATHS = (
					"$(inherited)",
					"$(PLATFORM_DIR)/Developer/Library/Frameworks",
				);
				HEADER_SEARCH_PATHS = "$(inherited)";
				INFOPLIST_FILE = HLSCore.xcodeproj/ParsingTests_Info.plist;
				LD_RUNPATH_SEARCH_PATHS = "$(inherited) @loader_path/../Frameworks @loader_path/Frameworks";
				OTHER_CFLAGS = "$(inherited)";
				OTHER_LDFLAGS = "$(inherited)";
				OTHER_SWIFT_FLAGS = "$(inherited)";
				SWIFT_VERSION = 4.0;
				TARGET_NAME = ParsingTests;
			};
			name = Release;
		};
		OBJ_140 /* Debug */ = {
			isa = XCBuildConfiguration;
			buildSettings = {
				ENABLE_TESTABILITY = YES;
				FRAMEWORK_SEARCH_PATHS = (
					"$(inherited)",
					"$(PLATFORM_DIR)/Developer/Library/Frameworks",
				);
				HEADER_SEARCH_PATHS = "$(inherited)";
				INFOPLIST_FILE = HLSCore.xcodeproj/Serialization_Info.plist;
				LD_RUNPATH_SEARCH_PATHS = "$(inherited) $(TOOLCHAIN_DIR)/usr/lib/swift/macosx";
				OTHER_CFLAGS = "$(inherited)";
				OTHER_LDFLAGS = "$(inherited)";
				OTHER_SWIFT_FLAGS = "$(inherited)";
				PRODUCT_BUNDLE_IDENTIFIER = Serialization;
				PRODUCT_MODULE_NAME = "$(TARGET_NAME:c99extidentifier)";
				PRODUCT_NAME = "$(TARGET_NAME:c99extidentifier)";
				SKIP_INSTALL = YES;
				SWIFT_VERSION = 4.0;
				TARGET_NAME = Serialization;
			};
			name = Debug;
		};
		OBJ_141 /* Release */ = {
			isa = XCBuildConfiguration;
			buildSettings = {
				ENABLE_TESTABILITY = YES;
				FRAMEWORK_SEARCH_PATHS = (
					"$(inherited)",
					"$(PLATFORM_DIR)/Developer/Library/Frameworks",
				);
				HEADER_SEARCH_PATHS = "$(inherited)";
				INFOPLIST_FILE = HLSCore.xcodeproj/Serialization_Info.plist;
				LD_RUNPATH_SEARCH_PATHS = "$(inherited) $(TOOLCHAIN_DIR)/usr/lib/swift/macosx";
				OTHER_CFLAGS = "$(inherited)";
				OTHER_LDFLAGS = "$(inherited)";
				OTHER_SWIFT_FLAGS = "$(inherited)";
				PRODUCT_BUNDLE_IDENTIFIER = Serialization;
				PRODUCT_MODULE_NAME = "$(TARGET_NAME:c99extidentifier)";
				PRODUCT_NAME = "$(TARGET_NAME:c99extidentifier)";
				SKIP_INSTALL = YES;
				SWIFT_VERSION = 4.0;
				TARGET_NAME = Serialization;
			};
			name = Release;
		};
		OBJ_150 /* Debug */ = {
			isa = XCBuildConfiguration;
			buildSettings = {
				EMBEDDED_CONTENT_CONTAINS_SWIFT = YES;
				FRAMEWORK_SEARCH_PATHS = (
					"$(inherited)",
					"$(PLATFORM_DIR)/Developer/Library/Frameworks",
				);
				HEADER_SEARCH_PATHS = "$(inherited)";
				INFOPLIST_FILE = HLSCore.xcodeproj/SerializationTests_Info.plist;
				LD_RUNPATH_SEARCH_PATHS = "$(inherited) @loader_path/../Frameworks @loader_path/Frameworks";
				OTHER_CFLAGS = "$(inherited)";
				OTHER_LDFLAGS = "$(inherited)";
				OTHER_SWIFT_FLAGS = "$(inherited)";
				SWIFT_VERSION = 4.0;
				TARGET_NAME = SerializationTests;
			};
			name = Debug;
		};
		OBJ_151 /* Release */ = {
			isa = XCBuildConfiguration;
			buildSettings = {
				EMBEDDED_CONTENT_CONTAINS_SWIFT = YES;
				FRAMEWORK_SEARCH_PATHS = (
					"$(inherited)",
					"$(PLATFORM_DIR)/Developer/Library/Frameworks",
				);
				HEADER_SEARCH_PATHS = "$(inherited)";
				INFOPLIST_FILE = HLSCore.xcodeproj/SerializationTests_Info.plist;
				LD_RUNPATH_SEARCH_PATHS = "$(inherited) @loader_path/../Frameworks @loader_path/Frameworks";
				OTHER_CFLAGS = "$(inherited)";
				OTHER_LDFLAGS = "$(inherited)";
				OTHER_SWIFT_FLAGS = "$(inherited)";
				SWIFT_VERSION = 4.0;
				TARGET_NAME = SerializationTests;
			};
			name = Release;
		};
		OBJ_163 /* Debug */ = {
			isa = XCBuildConfiguration;
			buildSettings = {
				ENABLE_TESTABILITY = YES;
				FRAMEWORK_SEARCH_PATHS = (
					"$(inherited)",
					"$(PLATFORM_DIR)/Developer/Library/Frameworks",
				);
				HEADER_SEARCH_PATHS = "$(inherited)";
				INFOPLIST_FILE = HLSCore.xcodeproj/Types_Info.plist;
				LD_RUNPATH_SEARCH_PATHS = "$(inherited) $(TOOLCHAIN_DIR)/usr/lib/swift/macosx";
				OTHER_CFLAGS = "$(inherited)";
				OTHER_LDFLAGS = "$(inherited)";
				OTHER_SWIFT_FLAGS = "$(inherited)";
				PRODUCT_BUNDLE_IDENTIFIER = Types;
				PRODUCT_MODULE_NAME = "$(TARGET_NAME:c99extidentifier)";
				PRODUCT_NAME = "$(TARGET_NAME:c99extidentifier)";
				SKIP_INSTALL = YES;
				SWIFT_VERSION = 4.0;
				TARGET_NAME = Types;
			};
			name = Debug;
		};
		OBJ_164 /* Release */ = {
			isa = XCBuildConfiguration;
			buildSettings = {
				ENABLE_TESTABILITY = YES;
				FRAMEWORK_SEARCH_PATHS = (
					"$(inherited)",
					"$(PLATFORM_DIR)/Developer/Library/Frameworks",
				);
				HEADER_SEARCH_PATHS = "$(inherited)";
				INFOPLIST_FILE = HLSCore.xcodeproj/Types_Info.plist;
				LD_RUNPATH_SEARCH_PATHS = "$(inherited) $(TOOLCHAIN_DIR)/usr/lib/swift/macosx";
				OTHER_CFLAGS = "$(inherited)";
				OTHER_LDFLAGS = "$(inherited)";
				OTHER_SWIFT_FLAGS = "$(inherited)";
				PRODUCT_BUNDLE_IDENTIFIER = Types;
				PRODUCT_MODULE_NAME = "$(TARGET_NAME:c99extidentifier)";
				PRODUCT_NAME = "$(TARGET_NAME:c99extidentifier)";
				SKIP_INSTALL = YES;
				SWIFT_VERSION = 4.0;
				TARGET_NAME = Types;
			};
			name = Release;
		};
		OBJ_175 /* Debug */ = {
			isa = XCBuildConfiguration;
			buildSettings = {
				EMBEDDED_CONTENT_CONTAINS_SWIFT = YES;
				FRAMEWORK_SEARCH_PATHS = (
					"$(inherited)",
					"$(PLATFORM_DIR)/Developer/Library/Frameworks",
				);
				HEADER_SEARCH_PATHS = "$(inherited)";
				INFOPLIST_FILE = HLSCore.xcodeproj/TypesTests_Info.plist;
				LD_RUNPATH_SEARCH_PATHS = "$(inherited) @loader_path/../Frameworks @loader_path/Frameworks";
				OTHER_CFLAGS = "$(inherited)";
				OTHER_LDFLAGS = "$(inherited)";
				OTHER_SWIFT_FLAGS = "$(inherited)";
				SWIFT_VERSION = 4.0;
				TARGET_NAME = TypesTests;
			};
			name = Debug;
		};
		OBJ_176 /* Release */ = {
			isa = XCBuildConfiguration;
			buildSettings = {
				EMBEDDED_CONTENT_CONTAINS_SWIFT = YES;
				FRAMEWORK_SEARCH_PATHS = (
					"$(inherited)",
					"$(PLATFORM_DIR)/Developer/Library/Frameworks",
				);
				HEADER_SEARCH_PATHS = "$(inherited)";
				INFOPLIST_FILE = HLSCore.xcodeproj/TypesTests_Info.plist;
				LD_RUNPATH_SEARCH_PATHS = "$(inherited) @loader_path/../Frameworks @loader_path/Frameworks";
				OTHER_CFLAGS = "$(inherited)";
				OTHER_LDFLAGS = "$(inherited)";
				OTHER_SWIFT_FLAGS = "$(inherited)";
				SWIFT_VERSION = 4.0;
				TARGET_NAME = TypesTests;
			};
			name = Release;
		};
		OBJ_187 /* Debug */ = {
			isa = XCBuildConfiguration;
			buildSettings = {
				ENABLE_TESTABILITY = YES;
				FRAMEWORK_SEARCH_PATHS = (
					"$(inherited)",
					"$(PLATFORM_DIR)/Developer/Library/Frameworks",
				);
				HEADER_SEARCH_PATHS = "$(inherited)";
				INFOPLIST_FILE = HLSCore.xcodeproj/Utilities_Info.plist;
				LD_RUNPATH_SEARCH_PATHS = "$(inherited) $(TOOLCHAIN_DIR)/usr/lib/swift/macosx";
				OTHER_CFLAGS = "$(inherited)";
				OTHER_LDFLAGS = "$(inherited)";
				OTHER_SWIFT_FLAGS = "$(inherited)";
				PRODUCT_BUNDLE_IDENTIFIER = Utilities;
				PRODUCT_MODULE_NAME = "$(TARGET_NAME:c99extidentifier)";
				PRODUCT_NAME = "$(TARGET_NAME:c99extidentifier)";
				SKIP_INSTALL = YES;
				SWIFT_VERSION = 4.0;
				TARGET_NAME = Utilities;
			};
			name = Debug;
		};
		OBJ_188 /* Release */ = {
			isa = XCBuildConfiguration;
			buildSettings = {
				ENABLE_TESTABILITY = YES;
				FRAMEWORK_SEARCH_PATHS = (
					"$(inherited)",
					"$(PLATFORM_DIR)/Developer/Library/Frameworks",
				);
				HEADER_SEARCH_PATHS = "$(inherited)";
				INFOPLIST_FILE = HLSCore.xcodeproj/Utilities_Info.plist;
				LD_RUNPATH_SEARCH_PATHS = "$(inherited) $(TOOLCHAIN_DIR)/usr/lib/swift/macosx";
				OTHER_CFLAGS = "$(inherited)";
				OTHER_LDFLAGS = "$(inherited)";
				OTHER_SWIFT_FLAGS = "$(inherited)";
				PRODUCT_BUNDLE_IDENTIFIER = Utilities;
				PRODUCT_MODULE_NAME = "$(TARGET_NAME:c99extidentifier)";
				PRODUCT_NAME = "$(TARGET_NAME:c99extidentifier)";
				SKIP_INSTALL = YES;
				SWIFT_VERSION = 4.0;
				TARGET_NAME = Utilities;
			};
			name = Release;
		};
		OBJ_194 /* Debug */ = {
			isa = XCBuildConfiguration;
			buildSettings = {
				EMBEDDED_CONTENT_CONTAINS_SWIFT = YES;
				FRAMEWORK_SEARCH_PATHS = (
					"$(inherited)",
					"$(PLATFORM_DIR)/Developer/Library/Frameworks",
				);
				HEADER_SEARCH_PATHS = "$(inherited)";
				INFOPLIST_FILE = HLSCore.xcodeproj/UtilitiesTests_Info.plist;
				LD_RUNPATH_SEARCH_PATHS = "$(inherited) @loader_path/../Frameworks @loader_path/Frameworks";
				OTHER_CFLAGS = "$(inherited)";
				OTHER_LDFLAGS = "$(inherited)";
				OTHER_SWIFT_FLAGS = "$(inherited)";
				SWIFT_VERSION = 4.0;
				TARGET_NAME = UtilitiesTests;
			};
			name = Debug;
		};
		OBJ_195 /* Release */ = {
			isa = XCBuildConfiguration;
			buildSettings = {
				EMBEDDED_CONTENT_CONTAINS_SWIFT = YES;
				FRAMEWORK_SEARCH_PATHS = (
					"$(inherited)",
					"$(PLATFORM_DIR)/Developer/Library/Frameworks",
				);
				HEADER_SEARCH_PATHS = "$(inherited)";
				INFOPLIST_FILE = HLSCore.xcodeproj/UtilitiesTests_Info.plist;
				LD_RUNPATH_SEARCH_PATHS = "$(inherited) @loader_path/../Frameworks @loader_path/Frameworks";
				OTHER_CFLAGS = "$(inherited)";
				OTHER_LDFLAGS = "$(inherited)";
				OTHER_SWIFT_FLAGS = "$(inherited)";
				SWIFT_VERSION = 4.0;
				TARGET_NAME = UtilitiesTests;
			};
			name = Release;
		};
		OBJ_3 /* Debug */ = {
			isa = XCBuildConfiguration;
			buildSettings = {
				CLANG_ENABLE_OBJC_ARC = YES;
				COMBINE_HIDPI_IMAGES = YES;
				COPY_PHASE_STRIP = NO;
				DEBUG_INFORMATION_FORMAT = dwarf;
				DYLIB_INSTALL_NAME_BASE = "@rpath";
				ENABLE_NS_ASSERTIONS = YES;
				GCC_OPTIMIZATION_LEVEL = 0;
				MACOSX_DEPLOYMENT_TARGET = 10.10;
				ONLY_ACTIVE_ARCH = YES;
				OTHER_SWIFT_FLAGS = "-DXcode";
				PRODUCT_NAME = "$(TARGET_NAME)";
				SDKROOT = macosx;
				SUPPORTED_PLATFORMS = "macosx iphoneos iphonesimulator appletvos appletvsimulator watchos watchsimulator";
				SWIFT_ACTIVE_COMPILATION_CONDITIONS = SWIFT_PACKAGE;
				SWIFT_OPTIMIZATION_LEVEL = "-Onone";
				USE_HEADERMAP = NO;
			};
			name = Debug;
		};
		OBJ_4 /* Release */ = {
			isa = XCBuildConfiguration;
			buildSettings = {
				CLANG_ENABLE_OBJC_ARC = YES;
				COMBINE_HIDPI_IMAGES = YES;
				COPY_PHASE_STRIP = YES;
				DEBUG_INFORMATION_FORMAT = "dwarf-with-dsym";
				DYLIB_INSTALL_NAME_BASE = "@rpath";
				GCC_OPTIMIZATION_LEVEL = s;
				MACOSX_DEPLOYMENT_TARGET = 10.10;
				OTHER_SWIFT_FLAGS = "-DXcode";
				PRODUCT_NAME = "$(TARGET_NAME)";
				SDKROOT = macosx;
				SUPPORTED_PLATFORMS = "macosx iphoneos iphonesimulator appletvos appletvsimulator watchos watchsimulator";
				SWIFT_ACTIVE_COMPILATION_CONDITIONS = SWIFT_PACKAGE;
				SWIFT_OPTIMIZATION_LEVEL = "-Owholemodule";
				USE_HEADERMAP = NO;
			};
			name = Release;
		};
		OBJ_61 /* Debug */ = {
			isa = XCBuildConfiguration;
			buildSettings = {
				ENABLE_TESTABILITY = YES;
				FRAMEWORK_SEARCH_PATHS = (
					"$(inherited)",
					"$(PLATFORM_DIR)/Developer/Library/Frameworks",
				);
				HEADER_SEARCH_PATHS = "$(inherited)";
				INFOPLIST_FILE = HLSCore.xcodeproj/FFCParserCombinator_Info.plist;
				LD_RUNPATH_SEARCH_PATHS = "$(inherited) $(TOOLCHAIN_DIR)/usr/lib/swift/macosx";
				OTHER_CFLAGS = "$(inherited)";
				OTHER_LDFLAGS = "$(inherited)";
				OTHER_SWIFT_FLAGS = "$(inherited)";
				PRODUCT_BUNDLE_IDENTIFIER = FFCParserCombinator;
				PRODUCT_MODULE_NAME = "$(TARGET_NAME:c99extidentifier)";
				PRODUCT_NAME = "$(TARGET_NAME:c99extidentifier)";
				SKIP_INSTALL = YES;
				SWIFT_VERSION = 4.0;
				TARGET_NAME = FFCParserCombinator;
			};
			name = Debug;
		};
		OBJ_62 /* Release */ = {
			isa = XCBuildConfiguration;
			buildSettings = {
				ENABLE_TESTABILITY = YES;
				FRAMEWORK_SEARCH_PATHS = (
					"$(inherited)",
					"$(PLATFORM_DIR)/Developer/Library/Frameworks",
				);
				HEADER_SEARCH_PATHS = "$(inherited)";
				INFOPLIST_FILE = HLSCore.xcodeproj/FFCParserCombinator_Info.plist;
				LD_RUNPATH_SEARCH_PATHS = "$(inherited) $(TOOLCHAIN_DIR)/usr/lib/swift/macosx";
				OTHER_CFLAGS = "$(inherited)";
				OTHER_LDFLAGS = "$(inherited)";
				OTHER_SWIFT_FLAGS = "$(inherited)";
				PRODUCT_BUNDLE_IDENTIFIER = FFCParserCombinator;
				PRODUCT_MODULE_NAME = "$(TARGET_NAME:c99extidentifier)";
				PRODUCT_NAME = "$(TARGET_NAME:c99extidentifier)";
				SKIP_INSTALL = YES;
				SWIFT_VERSION = 4.0;
				TARGET_NAME = FFCParserCombinator;
			};
			name = Release;
		};
		OBJ_69 /* Debug */ = {
			isa = XCBuildConfiguration;
			buildSettings = {
				LD = /usr/bin/true;
				OTHER_SWIFT_FLAGS = "-swift-version 4 -I $(TOOLCHAIN_DIR)/usr/lib/swift/pm/4 -target x86_64-apple-macosx10.10 -sdk /Applications/Xcode.app/Contents/Developer/Platforms/MacOSX.platform/Developer/SDKs/MacOSX10.13.sdk";
				SWIFT_VERSION = 4.0;
			};
			name = Debug;
		};
		OBJ_70 /* Release */ = {
			isa = XCBuildConfiguration;
			buildSettings = {
				LD = /usr/bin/true;
				OTHER_SWIFT_FLAGS = "-swift-version 4 -I $(TOOLCHAIN_DIR)/usr/lib/swift/pm/4 -target x86_64-apple-macosx10.10 -sdk /Applications/Xcode.app/Contents/Developer/Platforms/MacOSX.platform/Developer/SDKs/MacOSX10.13.sdk";
				SWIFT_VERSION = 4.0;
			};
			name = Release;
		};
		OBJ_75 /* Debug */ = {
			isa = XCBuildConfiguration;
			buildSettings = {
			};
			name = Debug;
		};
		OBJ_76 /* Release */ = {
			isa = XCBuildConfiguration;
			buildSettings = {
			};
			name = Release;
		};
		OBJ_87 /* Debug */ = {
			isa = XCBuildConfiguration;
			buildSettings = {
				LD = /usr/bin/true;
				OTHER_SWIFT_FLAGS = "-swift-version 4 -I $(TOOLCHAIN_DIR)/usr/lib/swift/pm/4 -target x86_64-apple-macosx10.10 -sdk /Applications/Xcode.app/Contents/Developer/Platforms/MacOSX.platform/Developer/SDKs/MacOSX10.13.sdk";
				SWIFT_VERSION = 4.0;
			};
			name = Debug;
		};
		OBJ_88 /* Release */ = {
			isa = XCBuildConfiguration;
			buildSettings = {
				LD = /usr/bin/true;
				OTHER_SWIFT_FLAGS = "-swift-version 4 -I $(TOOLCHAIN_DIR)/usr/lib/swift/pm/4 -target x86_64-apple-macosx10.10 -sdk /Applications/Xcode.app/Contents/Developer/Platforms/MacOSX.platform/Developer/SDKs/MacOSX10.13.sdk";
				SWIFT_VERSION = 4.0;
			};
			name = Release;
		};
		OBJ_93 /* Debug */ = {
			isa = XCBuildConfiguration;
			buildSettings = {
			};
			name = Debug;
		};
		OBJ_94 /* Release */ = {
			isa = XCBuildConfiguration;
			buildSettings = {
			};
			name = Release;
		};
/* End XCBuildConfiguration section */

/* Begin XCConfigurationList section */
		OBJ_103 /* Build configuration list for PBXNativeTarget "Parsing" */ = {
			isa = XCConfigurationList;
			buildConfigurations = (
				OBJ_104 /* Debug */,
				OBJ_105 /* Release */,
			);
			defaultConfigurationIsVisible = 0;
			defaultConfigurationName = Release;
		};
		OBJ_123 /* Build configuration list for PBXNativeTarget "ParsingTests" */ = {
			isa = XCConfigurationList;
			buildConfigurations = (
				OBJ_124 /* Debug */,
				OBJ_125 /* Release */,
			);
			defaultConfigurationIsVisible = 0;
			defaultConfigurationName = Release;
		};
		OBJ_139 /* Build configuration list for PBXNativeTarget "Serialization" */ = {
			isa = XCConfigurationList;
			buildConfigurations = (
				OBJ_140 /* Debug */,
				OBJ_141 /* Release */,
			);
			defaultConfigurationIsVisible = 0;
			defaultConfigurationName = Release;
		};
		OBJ_149 /* Build configuration list for PBXNativeTarget "SerializationTests" */ = {
			isa = XCConfigurationList;
			buildConfigurations = (
				OBJ_150 /* Debug */,
				OBJ_151 /* Release */,
			);
			defaultConfigurationIsVisible = 0;
			defaultConfigurationName = Release;
		};
		OBJ_162 /* Build configuration list for PBXNativeTarget "Types" */ = {
			isa = XCConfigurationList;
			buildConfigurations = (
				OBJ_163 /* Debug */,
				OBJ_164 /* Release */,
			);
			defaultConfigurationIsVisible = 0;
			defaultConfigurationName = Release;
		};
		OBJ_174 /* Build configuration list for PBXNativeTarget "TypesTests" */ = {
			isa = XCConfigurationList;
			buildConfigurations = (
				OBJ_175 /* Debug */,
				OBJ_176 /* Release */,
			);
			defaultConfigurationIsVisible = 0;
			defaultConfigurationName = Release;
		};
		OBJ_186 /* Build configuration list for PBXNativeTarget "Utilities" */ = {
			isa = XCConfigurationList;
			buildConfigurations = (
				OBJ_187 /* Debug */,
				OBJ_188 /* Release */,
			);
			defaultConfigurationIsVisible = 0;
			defaultConfigurationName = Release;
		};
		OBJ_193 /* Build configuration list for PBXNativeTarget "UtilitiesTests" */ = {
			isa = XCConfigurationList;
			buildConfigurations = (
				OBJ_194 /* Debug */,
				OBJ_195 /* Release */,
			);
			defaultConfigurationIsVisible = 0;
			defaultConfigurationName = Release;
		};
		OBJ_2 /* Build configuration list for PBXProject "HLSCore" */ = {
			isa = XCConfigurationList;
			buildConfigurations = (
				OBJ_3 /* Debug */,
				OBJ_4 /* Release */,
			);
			defaultConfigurationIsVisible = 0;
			defaultConfigurationName = Release;
		};
		OBJ_60 /* Build configuration list for PBXNativeTarget "FFCParserCombinator" */ = {
			isa = XCConfigurationList;
			buildConfigurations = (
				OBJ_61 /* Debug */,
				OBJ_62 /* Release */,
			);
			defaultConfigurationIsVisible = 0;
			defaultConfigurationName = Release;
		};
		OBJ_68 /* Build configuration list for PBXNativeTarget "FFCParserCombinatorPackageDescription" */ = {
			isa = XCConfigurationList;
			buildConfigurations = (
				OBJ_69 /* Debug */,
				OBJ_70 /* Release */,
			);
			defaultConfigurationIsVisible = 0;
			defaultConfigurationName = Release;
		};
		OBJ_74 /* Build configuration list for PBXAggregateTarget "HLSCore" */ = {
			isa = XCConfigurationList;
			buildConfigurations = (
				OBJ_75 /* Debug */,
				OBJ_76 /* Release */,
			);
			defaultConfigurationIsVisible = 0;
			defaultConfigurationName = Release;
		};
		OBJ_86 /* Build configuration list for PBXNativeTarget "HLSCorePackageDescription" */ = {
			isa = XCConfigurationList;
			buildConfigurations = (
				OBJ_87 /* Debug */,
				OBJ_88 /* Release */,
			);
			defaultConfigurationIsVisible = 0;
			defaultConfigurationName = Release;
		};
		OBJ_92 /* Build configuration list for PBXAggregateTarget "HLSCorePackageTests" */ = {
			isa = XCConfigurationList;
			buildConfigurations = (
				OBJ_93 /* Debug */,
				OBJ_94 /* Release */,
			);
			defaultConfigurationIsVisible = 0;
			defaultConfigurationName = Release;
		};
/* End XCConfigurationList section */
	};
	rootObject = OBJ_1 /* Project object */;
}
