// !$*UTF8*$!
{
	archiveVersion = 1;
	classes = {
	};
	objectVersion = 46;
	objects = {

/* Begin PBXAggregateTarget section */
		"HLSCore::HLSCore::ProductTarget" /* HLSCore */ = {
			isa = PBXAggregateTarget;
			buildConfigurationList = OBJ_58 /* Build configuration list for PBXAggregateTarget "HLSCore" */;
			buildPhases = (
			);
			dependencies = (
				OBJ_61 /* PBXTargetDependency */,
				OBJ_63 /* PBXTargetDependency */,
				OBJ_65 /* PBXTargetDependency */,
				OBJ_67 /* PBXTargetDependency */,
			);
			name = HLSCore;
			productName = HLSCore;
		};
		"HLSCore::HLSCorePackageTests::ProductTarget" /* HLSCorePackageTests */ = {
			isa = PBXAggregateTarget;
			buildConfigurationList = OBJ_76 /* Build configuration list for PBXAggregateTarget "HLSCorePackageTests" */;
			buildPhases = (
			);
			dependencies = (
				OBJ_79 /* PBXTargetDependency */,
				OBJ_81 /* PBXTargetDependency */,
				OBJ_83 /* PBXTargetDependency */,
				OBJ_85 /* PBXTargetDependency */,
			);
			name = HLSCorePackageTests;
			productName = HLSCorePackageTests;
		};
/* End PBXAggregateTarget section */

/* Begin PBXBuildFile section */
		OBJ_100 /* TagToEntity.swift in Sources */ = {isa = PBXBuildFile; fileRef = OBJ_19 /* TagToEntity.swift */; };
		OBJ_101 /* Tags.swift in Sources */ = {isa = PBXBuildFile; fileRef = OBJ_20 /* Tags.swift */; };
		OBJ_102 /* Tokens.swift in Sources */ = {isa = PBXBuildFile; fileRef = OBJ_21 /* Tokens.swift */; };
		OBJ_103 /* TypeParsers.swift in Sources */ = {isa = PBXBuildFile; fileRef = OBJ_22 /* TypeParsers.swift */; };
		OBJ_105 /* Types.framework in Frameworks */ = {isa = PBXBuildFile; fileRef = "HLSCore::Types::Product" /* Types.framework */; };
		OBJ_106 /* Utilities.framework in Frameworks */ = {isa = PBXBuildFile; fileRef = "HLSCore::Utilities::Product" /* Utilities.framework */; };
		OBJ_113 /* AttributeTests.swift in Sources */ = {isa = PBXBuildFile; fileRef = OBJ_33 /* AttributeTests.swift */; };
		OBJ_114 /* PlaylistParsingTests.swift in Sources */ = {isa = PBXBuildFile; fileRef = OBJ_34 /* PlaylistParsingTests.swift */; };
		OBJ_115 /* TagTests.swift in Sources */ = {isa = PBXBuildFile; fileRef = OBJ_35 /* TagTests.swift */; };
		OBJ_117 /* Parsing.framework in Frameworks */ = {isa = PBXBuildFile; fileRef = "HLSCore::Parsing::Product" /* Parsing.framework */; };
		OBJ_118 /* Types.framework in Frameworks */ = {isa = PBXBuildFile; fileRef = "HLSCore::Types::Product" /* Types.framework */; };
		OBJ_119 /* Utilities.framework in Frameworks */ = {isa = PBXBuildFile; fileRef = "HLSCore::Utilities::Product" /* Utilities.framework */; };
		OBJ_127 /* Serializable.swift in Sources */ = {isa = PBXBuildFile; fileRef = OBJ_24 /* Serializable.swift */; };
		OBJ_129 /* Types.framework in Frameworks */ = {isa = PBXBuildFile; fileRef = "HLSCore::Types::Product" /* Types.framework */; };
		OBJ_130 /* Utilities.framework in Frameworks */ = {isa = PBXBuildFile; fileRef = "HLSCore::Utilities::Product" /* Utilities.framework */; };
		OBJ_137 /* MultilineMatching.swift in Sources */ = {isa = PBXBuildFile; fileRef = OBJ_37 /* MultilineMatching.swift */; };
		OBJ_138 /* SerializationTests.swift in Sources */ = {isa = PBXBuildFile; fileRef = OBJ_38 /* SerializationTests.swift */; };
		OBJ_140 /* Serialization.framework in Frameworks */ = {isa = PBXBuildFile; fileRef = "HLSCore::Serialization::Product" /* Serialization.framework */; };
		OBJ_141 /* Types.framework in Frameworks */ = {isa = PBXBuildFile; fileRef = "HLSCore::Types::Product" /* Types.framework */; };
		OBJ_142 /* Utilities.framework in Frameworks */ = {isa = PBXBuildFile; fileRef = "HLSCore::Utilities::Product" /* Utilities.framework */; };
		OBJ_156 /* AttributeTypes.swift in Sources */ = {isa = PBXBuildFile; fileRef = OBJ_26 /* AttributeTypes.swift */; };
		OBJ_157 /* EncryptionKey.swift in Sources */ = {isa = PBXBuildFile; fileRef = OBJ_27 /* EncryptionKey.swift */; };
		OBJ_158 /* HLSCore.swift in Sources */ = {isa = PBXBuildFile; fileRef = OBJ_28 /* HLSCore.swift */; };
		OBJ_159 /* Language.swift in Sources */ = {isa = PBXBuildFile; fileRef = OBJ_29 /* Language.swift */; };
		OBJ_160 /* Playlist.swift in Sources */ = {isa = PBXBuildFile; fileRef = OBJ_30 /* Playlist.swift */; };
		OBJ_162 /* Utilities.framework in Frameworks */ = {isa = PBXBuildFile; fileRef = "HLSCore::Utilities::Product" /* Utilities.framework */; };
		OBJ_168 /* HLSCoreTests.swift in Sources */ = {isa = PBXBuildFile; fileRef = OBJ_42 /* HLSCoreTests.swift */; };
		OBJ_169 /* StringTests.swift in Sources */ = {isa = PBXBuildFile; fileRef = OBJ_43 /* StringTests.swift */; };
		OBJ_170 /* URLTests.swift in Sources */ = {isa = PBXBuildFile; fileRef = OBJ_44 /* URLTests.swift */; };
		OBJ_172 /* Types.framework in Frameworks */ = {isa = PBXBuildFile; fileRef = "HLSCore::Types::Product" /* Types.framework */; };
		OBJ_173 /* Utilities.framework in Frameworks */ = {isa = PBXBuildFile; fileRef = "HLSCore::Utilities::Product" /* Utilities.framework */; };
		OBJ_180 /* String.swift in Sources */ = {isa = PBXBuildFile; fileRef = OBJ_9 /* String.swift */; };
		OBJ_181 /* URL.swift in Sources */ = {isa = PBXBuildFile; fileRef = OBJ_10 /* URL.swift */; };
		OBJ_187 /* UtilitiesTests.swift in Sources */ = {isa = PBXBuildFile; fileRef = OBJ_40 /* UtilitiesTests.swift */; };
		OBJ_189 /* Utilities.framework in Frameworks */ = {isa = PBXBuildFile; fileRef = "HLSCore::Utilities::Product" /* Utilities.framework */; };
		OBJ_74 /* Package.swift in Sources */ = {isa = PBXBuildFile; fileRef = OBJ_6 /* Package.swift */; };
		OBJ_93 /* AttributeList.swift in Sources */ = {isa = PBXBuildFile; fileRef = OBJ_12 /* AttributeList.swift */; };
		OBJ_94 /* AttributeValueParsers.swift in Sources */ = {isa = PBXBuildFile; fileRef = OBJ_13 /* AttributeValueParsers.swift */; };
		OBJ_95 /* CharacterSet.swift in Sources */ = {isa = PBXBuildFile; fileRef = OBJ_14 /* CharacterSet.swift */; };
		OBJ_96 /* CoreInitializers.swift in Sources */ = {isa = PBXBuildFile; fileRef = OBJ_15 /* CoreInitializers.swift */; };
		OBJ_97 /* MasterPlaylistParser.swift in Sources */ = {isa = PBXBuildFile; fileRef = OBJ_16 /* MasterPlaylistParser.swift */; };
		OBJ_98 /* MediaPlaylistParser.swift in Sources */ = {isa = PBXBuildFile; fileRef = OBJ_17 /* MediaPlaylistParser.swift */; };
		OBJ_99 /* ParserCombinator.swift in Sources */ = {isa = PBXBuildFile; fileRef = OBJ_18 /* ParserCombinator.swift */; };
/* End PBXBuildFile section */

/* Begin PBXContainerItemProxy section */
		E772F895207928800093C930 /* PBXContainerItemProxy */ = {
			isa = PBXContainerItemProxy;
			containerPortal = OBJ_1 /* Project object */;
			proxyType = 1;
			remoteGlobalIDString = "HLSCore::Types";
			remoteInfo = Types;
		};
		E772F896207928800093C930 /* PBXContainerItemProxy */ = {
			isa = PBXContainerItemProxy;
			containerPortal = OBJ_1 /* Project object */;
			proxyType = 1;
			remoteGlobalIDString = "HLSCore::Utilities";
			remoteInfo = Utilities;
		};
		E772F897207928800093C930 /* PBXContainerItemProxy */ = {
			isa = PBXContainerItemProxy;
			containerPortal = OBJ_1 /* Project object */;
			proxyType = 1;
			remoteGlobalIDString = "HLSCore::Utilities";
			remoteInfo = Utilities;
		};
		E772F898207928800093C930 /* PBXContainerItemProxy */ = {
			isa = PBXContainerItemProxy;
			containerPortal = OBJ_1 /* Project object */;
			proxyType = 1;
			remoteGlobalIDString = "HLSCore::Types";
			remoteInfo = Types;
		};
		E772F899207928800093C930 /* PBXContainerItemProxy */ = {
			isa = PBXContainerItemProxy;
			containerPortal = OBJ_1 /* Project object */;
			proxyType = 1;
			remoteGlobalIDString = "HLSCore::Utilities";
			remoteInfo = Utilities;
		};
		E772F89A207928800093C930 /* PBXContainerItemProxy */ = {
			isa = PBXContainerItemProxy;
			containerPortal = OBJ_1 /* Project object */;
			proxyType = 1;
			remoteGlobalIDString = "HLSCore::Utilities";
			remoteInfo = Utilities;
		};
		E772F89B207928800093C930 /* PBXContainerItemProxy */ = {
			isa = PBXContainerItemProxy;
			containerPortal = OBJ_1 /* Project object */;
			proxyType = 1;
			remoteGlobalIDString = "HLSCore::Serialization";
			remoteInfo = Serialization;
		};
		E772F89C207928800093C930 /* PBXContainerItemProxy */ = {
			isa = PBXContainerItemProxy;
			containerPortal = OBJ_1 /* Project object */;
			proxyType = 1;
			remoteGlobalIDString = "HLSCore::Types";
			remoteInfo = Types;
		};
		E772F89D207928800093C930 /* PBXContainerItemProxy */ = {
			isa = PBXContainerItemProxy;
			containerPortal = OBJ_1 /* Project object */;
			proxyType = 1;
			remoteGlobalIDString = "HLSCore::Utilities";
			remoteInfo = Utilities;
		};
		E772F89E207928800093C930 /* PBXContainerItemProxy */ = {
			isa = PBXContainerItemProxy;
			containerPortal = OBJ_1 /* Project object */;
			proxyType = 1;
			remoteGlobalIDString = "HLSCore::Types";
			remoteInfo = Types;
		};
		E772F89F207928800093C930 /* PBXContainerItemProxy */ = {
			isa = PBXContainerItemProxy;
			containerPortal = OBJ_1 /* Project object */;
			proxyType = 1;
			remoteGlobalIDString = "HLSCore::Utilities";
			remoteInfo = Utilities;
		};
		E772F8A0207928800093C930 /* PBXContainerItemProxy */ = {
			isa = PBXContainerItemProxy;
			containerPortal = OBJ_1 /* Project object */;
			proxyType = 1;
			remoteGlobalIDString = "HLSCore::Parsing";
			remoteInfo = Parsing;
		};
		E772F8A1207928800093C930 /* PBXContainerItemProxy */ = {
			isa = PBXContainerItemProxy;
			containerPortal = OBJ_1 /* Project object */;
			proxyType = 1;
			remoteGlobalIDString = "HLSCore::Types";
			remoteInfo = Types;
		};
		E772F8A2207928800093C930 /* PBXContainerItemProxy */ = {
			isa = PBXContainerItemProxy;
			containerPortal = OBJ_1 /* Project object */;
			proxyType = 1;
			remoteGlobalIDString = "HLSCore::Utilities";
			remoteInfo = Utilities;
		};
		E772F8A3207928810093C930 /* PBXContainerItemProxy */ = {
			isa = PBXContainerItemProxy;
			containerPortal = OBJ_1 /* Project object */;
			proxyType = 1;
			remoteGlobalIDString = "HLSCore::Utilities";
			remoteInfo = Utilities;
		};
		E772F8A4207928810093C930 /* PBXContainerItemProxy */ = {
			isa = PBXContainerItemProxy;
			containerPortal = OBJ_1 /* Project object */;
			proxyType = 1;
			remoteGlobalIDString = "HLSCore::Parsing";
			remoteInfo = Parsing;
		};
		E772F8A5207928810093C930 /* PBXContainerItemProxy */ = {
			isa = PBXContainerItemProxy;
			containerPortal = OBJ_1 /* Project object */;
			proxyType = 1;
			remoteGlobalIDString = "HLSCore::Serialization";
			remoteInfo = Serialization;
		};
		E772F8A6207928810093C930 /* PBXContainerItemProxy */ = {
			isa = PBXContainerItemProxy;
			containerPortal = OBJ_1 /* Project object */;
			proxyType = 1;
			remoteGlobalIDString = "HLSCore::Types";
			remoteInfo = Types;
		};
		E772F8A7207928810093C930 /* PBXContainerItemProxy */ = {
			isa = PBXContainerItemProxy;
			containerPortal = OBJ_1 /* Project object */;
			proxyType = 1;
			remoteGlobalIDString = "HLSCore::SerializationTests";
			remoteInfo = SerializationTests;
		};
		E772F8A8207928810093C930 /* PBXContainerItemProxy */ = {
			isa = PBXContainerItemProxy;
			containerPortal = OBJ_1 /* Project object */;
			proxyType = 1;
			remoteGlobalIDString = "HLSCore::ParsingTests";
			remoteInfo = ParsingTests;
		};
		E772F8A9207928810093C930 /* PBXContainerItemProxy */ = {
			isa = PBXContainerItemProxy;
			containerPortal = OBJ_1 /* Project object */;
			proxyType = 1;
			remoteGlobalIDString = "HLSCore::UtilitiesTests";
			remoteInfo = UtilitiesTests;
		};
		E772F8AA207928810093C930 /* PBXContainerItemProxy */ = {
			isa = PBXContainerItemProxy;
			containerPortal = OBJ_1 /* Project object */;
			proxyType = 1;
			remoteGlobalIDString = "HLSCore::TypesTests";
			remoteInfo = TypesTests;
		};
/* End PBXContainerItemProxy section */

/* Begin PBXFileReference section */
		"HLSCore::Parsing::Product" /* Parsing.framework */ = {isa = PBXFileReference; explicitFileType = wrapper.framework; path = Parsing.framework; sourceTree = BUILT_PRODUCTS_DIR; };
		"HLSCore::ParsingTests::Product" /* ParsingTests.xctest */ = {isa = PBXFileReference; explicitFileType = wrapper.cfbundle; path = ParsingTests.xctest; sourceTree = BUILT_PRODUCTS_DIR; };
		"HLSCore::Serialization::Product" /* Serialization.framework */ = {isa = PBXFileReference; explicitFileType = wrapper.framework; path = Serialization.framework; sourceTree = BUILT_PRODUCTS_DIR; };
		"HLSCore::SerializationTests::Product" /* SerializationTests.xctest */ = {isa = PBXFileReference; explicitFileType = wrapper.cfbundle; path = SerializationTests.xctest; sourceTree = BUILT_PRODUCTS_DIR; };
		"HLSCore::Types::Product" /* Types.framework */ = {isa = PBXFileReference; explicitFileType = wrapper.framework; path = Types.framework; sourceTree = BUILT_PRODUCTS_DIR; };
		"HLSCore::TypesTests::Product" /* TypesTests.xctest */ = {isa = PBXFileReference; explicitFileType = wrapper.cfbundle; path = TypesTests.xctest; sourceTree = BUILT_PRODUCTS_DIR; };
		"HLSCore::Utilities::Product" /* Utilities.framework */ = {isa = PBXFileReference; explicitFileType = wrapper.framework; path = Utilities.framework; sourceTree = BUILT_PRODUCTS_DIR; };
		"HLSCore::UtilitiesTests::Product" /* UtilitiesTests.xctest */ = {isa = PBXFileReference; explicitFileType = wrapper.cfbundle; path = UtilitiesTests.xctest; sourceTree = BUILT_PRODUCTS_DIR; };
		OBJ_10 /* URL.swift */ = {isa = PBXFileReference; lastKnownFileType = sourcecode.swift; path = URL.swift; sourceTree = "<group>"; };
		OBJ_12 /* AttributeList.swift */ = {isa = PBXFileReference; lastKnownFileType = sourcecode.swift; path = AttributeList.swift; sourceTree = "<group>"; };
		OBJ_13 /* AttributeValueParsers.swift */ = {isa = PBXFileReference; lastKnownFileType = sourcecode.swift; path = AttributeValueParsers.swift; sourceTree = "<group>"; };
		OBJ_14 /* CharacterSet.swift */ = {isa = PBXFileReference; lastKnownFileType = sourcecode.swift; path = CharacterSet.swift; sourceTree = "<group>"; };
		OBJ_15 /* CoreInitializers.swift */ = {isa = PBXFileReference; lastKnownFileType = sourcecode.swift; path = CoreInitializers.swift; sourceTree = "<group>"; };
		OBJ_16 /* MasterPlaylistParser.swift */ = {isa = PBXFileReference; lastKnownFileType = sourcecode.swift; path = MasterPlaylistParser.swift; sourceTree = "<group>"; };
		OBJ_17 /* MediaPlaylistParser.swift */ = {isa = PBXFileReference; lastKnownFileType = sourcecode.swift; path = MediaPlaylistParser.swift; sourceTree = "<group>"; };
		OBJ_18 /* ParserCombinator.swift */ = {isa = PBXFileReference; lastKnownFileType = sourcecode.swift; path = ParserCombinator.swift; sourceTree = "<group>"; };
		OBJ_19 /* TagToEntity.swift */ = {isa = PBXFileReference; lastKnownFileType = sourcecode.swift; path = TagToEntity.swift; sourceTree = "<group>"; };
		OBJ_20 /* Tags.swift */ = {isa = PBXFileReference; lastKnownFileType = sourcecode.swift; path = Tags.swift; sourceTree = "<group>"; };
		OBJ_21 /* Tokens.swift */ = {isa = PBXFileReference; lastKnownFileType = sourcecode.swift; path = Tokens.swift; sourceTree = "<group>"; };
		OBJ_22 /* TypeParsers.swift */ = {isa = PBXFileReference; lastKnownFileType = sourcecode.swift; path = TypeParsers.swift; sourceTree = "<group>"; };
		OBJ_24 /* Serializable.swift */ = {isa = PBXFileReference; lastKnownFileType = sourcecode.swift; path = Serializable.swift; sourceTree = "<group>"; };
		OBJ_26 /* AttributeTypes.swift */ = {isa = PBXFileReference; lastKnownFileType = sourcecode.swift; path = AttributeTypes.swift; sourceTree = "<group>"; };
		OBJ_27 /* EncryptionKey.swift */ = {isa = PBXFileReference; lastKnownFileType = sourcecode.swift; path = EncryptionKey.swift; sourceTree = "<group>"; };
		OBJ_28 /* HLSCore.swift */ = {isa = PBXFileReference; lastKnownFileType = sourcecode.swift; path = HLSCore.swift; sourceTree = "<group>"; };
		OBJ_29 /* Language.swift */ = {isa = PBXFileReference; lastKnownFileType = sourcecode.swift; path = Language.swift; sourceTree = "<group>"; };
		OBJ_30 /* Playlist.swift */ = {isa = PBXFileReference; lastKnownFileType = sourcecode.swift; path = Playlist.swift; sourceTree = "<group>"; };
		OBJ_33 /* AttributeTests.swift */ = {isa = PBXFileReference; lastKnownFileType = sourcecode.swift; path = AttributeTests.swift; sourceTree = "<group>"; };
		OBJ_34 /* PlaylistParsingTests.swift */ = {isa = PBXFileReference; lastKnownFileType = sourcecode.swift; path = PlaylistParsingTests.swift; sourceTree = "<group>"; };
		OBJ_35 /* TagTests.swift */ = {isa = PBXFileReference; lastKnownFileType = sourcecode.swift; path = TagTests.swift; sourceTree = "<group>"; };
		OBJ_37 /* MultilineMatching.swift */ = {isa = PBXFileReference; lastKnownFileType = sourcecode.swift; path = MultilineMatching.swift; sourceTree = "<group>"; };
		OBJ_38 /* SerializationTests.swift */ = {isa = PBXFileReference; lastKnownFileType = sourcecode.swift; path = SerializationTests.swift; sourceTree = "<group>"; };
		OBJ_40 /* UtilitiesTests.swift */ = {isa = PBXFileReference; lastKnownFileType = sourcecode.swift; path = UtilitiesTests.swift; sourceTree = "<group>"; };
		OBJ_42 /* HLSCoreTests.swift */ = {isa = PBXFileReference; lastKnownFileType = sourcecode.swift; path = HLSCoreTests.swift; sourceTree = "<group>"; };
		OBJ_43 /* StringTests.swift */ = {isa = PBXFileReference; lastKnownFileType = sourcecode.swift; path = StringTests.swift; sourceTree = "<group>"; };
		OBJ_44 /* URLTests.swift */ = {isa = PBXFileReference; lastKnownFileType = sourcecode.swift; path = URLTests.swift; sourceTree = "<group>"; };
		OBJ_6 /* Package.swift */ = {isa = PBXFileReference; explicitFileType = sourcecode.swift; path = Package.swift; sourceTree = "<group>"; };
		OBJ_9 /* String.swift */ = {isa = PBXFileReference; lastKnownFileType = sourcecode.swift; path = String.swift; sourceTree = "<group>"; };
/* End PBXFileReference section */

/* Begin PBXFrameworksBuildPhase section */
		OBJ_104 /* Frameworks */ = {
			isa = PBXFrameworksBuildPhase;
			buildActionMask = 0;
			files = (
				OBJ_105 /* Types.framework in Frameworks */,
				OBJ_106 /* Utilities.framework in Frameworks */,
			);
			runOnlyForDeploymentPostprocessing = 0;
		};
		OBJ_116 /* Frameworks */ = {
			isa = PBXFrameworksBuildPhase;
			buildActionMask = 0;
			files = (
				OBJ_117 /* Parsing.framework in Frameworks */,
				OBJ_118 /* Types.framework in Frameworks */,
				OBJ_119 /* Utilities.framework in Frameworks */,
			);
			runOnlyForDeploymentPostprocessing = 0;
		};
		OBJ_128 /* Frameworks */ = {
			isa = PBXFrameworksBuildPhase;
			buildActionMask = 0;
			files = (
				OBJ_129 /* Types.framework in Frameworks */,
				OBJ_130 /* Utilities.framework in Frameworks */,
			);
			runOnlyForDeploymentPostprocessing = 0;
		};
		OBJ_139 /* Frameworks */ = {
			isa = PBXFrameworksBuildPhase;
			buildActionMask = 0;
			files = (
				OBJ_140 /* Serialization.framework in Frameworks */,
				OBJ_141 /* Types.framework in Frameworks */,
				OBJ_142 /* Utilities.framework in Frameworks */,
			);
			runOnlyForDeploymentPostprocessing = 0;
		};
		OBJ_161 /* Frameworks */ = {
			isa = PBXFrameworksBuildPhase;
			buildActionMask = 0;
			files = (
				OBJ_162 /* Utilities.framework in Frameworks */,
			);
			runOnlyForDeploymentPostprocessing = 0;
		};
		OBJ_171 /* Frameworks */ = {
			isa = PBXFrameworksBuildPhase;
			buildActionMask = 0;
			files = (
				OBJ_172 /* Types.framework in Frameworks */,
				OBJ_173 /* Utilities.framework in Frameworks */,
			);
			runOnlyForDeploymentPostprocessing = 0;
		};
		OBJ_182 /* Frameworks */ = {
			isa = PBXFrameworksBuildPhase;
			buildActionMask = 0;
			files = (
			);
			runOnlyForDeploymentPostprocessing = 0;
		};
		OBJ_188 /* Frameworks */ = {
			isa = PBXFrameworksBuildPhase;
			buildActionMask = 0;
			files = (
				OBJ_189 /* Utilities.framework in Frameworks */,
			);
			runOnlyForDeploymentPostprocessing = 0;
		};
/* End PBXFrameworksBuildPhase section */

/* Begin PBXGroup section */
		OBJ_11 /* Parsing */ = {
			isa = PBXGroup;
			children = (
				OBJ_12 /* AttributeList.swift */,
				OBJ_13 /* AttributeValueParsers.swift */,
				OBJ_14 /* CharacterSet.swift */,
				OBJ_15 /* CoreInitializers.swift */,
				OBJ_16 /* MasterPlaylistParser.swift */,
				OBJ_17 /* MediaPlaylistParser.swift */,
				OBJ_18 /* ParserCombinator.swift */,
				OBJ_19 /* TagToEntity.swift */,
				OBJ_20 /* Tags.swift */,
				OBJ_21 /* Tokens.swift */,
				OBJ_22 /* TypeParsers.swift */,
			);
			name = Parsing;
			path = Sources/Parsing;
			sourceTree = SOURCE_ROOT;
		};
		OBJ_23 /* Serialization */ = {
			isa = PBXGroup;
			children = (
				OBJ_24 /* Serializable.swift */,
			);
			name = Serialization;
			path = Sources/Serialization;
			sourceTree = SOURCE_ROOT;
		};
		OBJ_25 /* Types */ = {
			isa = PBXGroup;
			children = (
				OBJ_26 /* AttributeTypes.swift */,
				OBJ_27 /* EncryptionKey.swift */,
				OBJ_28 /* HLSCore.swift */,
				OBJ_29 /* Language.swift */,
				OBJ_30 /* Playlist.swift */,
			);
			name = Types;
			path = Sources/Types;
			sourceTree = SOURCE_ROOT;
		};
		OBJ_31 /* Tests */ = {
			isa = PBXGroup;
			children = (
				OBJ_32 /* ParsingTests */,
				OBJ_36 /* SerializationTests */,
				OBJ_39 /* UtilitiesTests */,
				OBJ_41 /* TypesTests */,
			);
			name = Tests;
			sourceTree = SOURCE_ROOT;
		};
		OBJ_32 /* ParsingTests */ = {
			isa = PBXGroup;
			children = (
				OBJ_33 /* AttributeTests.swift */,
				OBJ_34 /* PlaylistParsingTests.swift */,
				OBJ_35 /* TagTests.swift */,
			);
			name = ParsingTests;
			path = Tests/ParsingTests;
			sourceTree = SOURCE_ROOT;
		};
		OBJ_36 /* SerializationTests */ = {
			isa = PBXGroup;
			children = (
				OBJ_37 /* MultilineMatching.swift */,
				OBJ_38 /* SerializationTests.swift */,
			);
			name = SerializationTests;
			path = Tests/SerializationTests;
			sourceTree = SOURCE_ROOT;
		};
		OBJ_39 /* UtilitiesTests */ = {
			isa = PBXGroup;
			children = (
				OBJ_40 /* UtilitiesTests.swift */,
			);
			name = UtilitiesTests;
			path = Tests/UtilitiesTests;
			sourceTree = SOURCE_ROOT;
		};
		OBJ_41 /* TypesTests */ = {
			isa = PBXGroup;
			children = (
				OBJ_42 /* HLSCoreTests.swift */,
				OBJ_43 /* StringTests.swift */,
				OBJ_44 /* URLTests.swift */,
			);
			name = TypesTests;
			path = Tests/TypesTests;
			sourceTree = SOURCE_ROOT;
		};
		OBJ_47 /* Products */ = {
			isa = PBXGroup;
			children = (
				"HLSCore::Utilities::Product" /* Utilities.framework */,
				"HLSCore::UtilitiesTests::Product" /* UtilitiesTests.xctest */,
				"HLSCore::SerializationTests::Product" /* SerializationTests.xctest */,
				"HLSCore::Serialization::Product" /* Serialization.framework */,
				"HLSCore::Parsing::Product" /* Parsing.framework */,
				"HLSCore::TypesTests::Product" /* TypesTests.xctest */,
				"HLSCore::ParsingTests::Product" /* ParsingTests.xctest */,
				"HLSCore::Types::Product" /* Types.framework */,
			);
			name = Products;
			sourceTree = BUILT_PRODUCTS_DIR;
		};
		OBJ_5 /*  */ = {
			isa = PBXGroup;
			children = (
				OBJ_6 /* Package.swift */,
				OBJ_7 /* Sources */,
				OBJ_31 /* Tests */,
				OBJ_47 /* Products */,
			);
			name = "";
			sourceTree = "<group>";
		};
		OBJ_7 /* Sources */ = {
			isa = PBXGroup;
			children = (
				OBJ_8 /* Utilities */,
				OBJ_11 /* Parsing */,
				OBJ_23 /* Serialization */,
				OBJ_25 /* Types */,
			);
			name = Sources;
			sourceTree = SOURCE_ROOT;
		};
		OBJ_8 /* Utilities */ = {
			isa = PBXGroup;
			children = (
				OBJ_9 /* String.swift */,
				OBJ_10 /* URL.swift */,
			);
			name = Utilities;
			path = Sources/Utilities;
			sourceTree = SOURCE_ROOT;
		};
/* End PBXGroup section */

/* Begin PBXNativeTarget section */
		"HLSCore::Parsing" /* Parsing */ = {
			isa = PBXNativeTarget;
			buildConfigurationList = OBJ_89 /* Build configuration list for PBXNativeTarget "Parsing" */;
			buildPhases = (
				OBJ_92 /* Sources */,
				OBJ_104 /* Frameworks */,
			);
			buildRules = (
			);
			dependencies = (
				OBJ_107 /* PBXTargetDependency */,
				OBJ_108 /* PBXTargetDependency */,
			);
			name = Parsing;
			productName = Parsing;
			productReference = "HLSCore::Parsing::Product" /* Parsing.framework */;
			productType = "com.apple.product-type.framework";
		};
		"HLSCore::ParsingTests" /* ParsingTests */ = {
			isa = PBXNativeTarget;
			buildConfigurationList = OBJ_109 /* Build configuration list for PBXNativeTarget "ParsingTests" */;
			buildPhases = (
				OBJ_112 /* Sources */,
				OBJ_116 /* Frameworks */,
			);
			buildRules = (
			);
			dependencies = (
				OBJ_120 /* PBXTargetDependency */,
				OBJ_121 /* PBXTargetDependency */,
				OBJ_122 /* PBXTargetDependency */,
			);
			name = ParsingTests;
			productName = ParsingTests;
			productReference = "HLSCore::ParsingTests::Product" /* ParsingTests.xctest */;
			productType = "com.apple.product-type.bundle.unit-test";
		};
		"HLSCore::Serialization" /* Serialization */ = {
			isa = PBXNativeTarget;
			buildConfigurationList = OBJ_123 /* Build configuration list for PBXNativeTarget "Serialization" */;
			buildPhases = (
				OBJ_126 /* Sources */,
				OBJ_128 /* Frameworks */,
			);
			buildRules = (
			);
			dependencies = (
				OBJ_131 /* PBXTargetDependency */,
				OBJ_132 /* PBXTargetDependency */,
			);
			name = Serialization;
			productName = Serialization;
			productReference = "HLSCore::Serialization::Product" /* Serialization.framework */;
			productType = "com.apple.product-type.framework";
		};
		"HLSCore::SerializationTests" /* SerializationTests */ = {
			isa = PBXNativeTarget;
			buildConfigurationList = OBJ_133 /* Build configuration list for PBXNativeTarget "SerializationTests" */;
			buildPhases = (
				OBJ_136 /* Sources */,
				OBJ_139 /* Frameworks */,
			);
			buildRules = (
			);
			dependencies = (
				OBJ_143 /* PBXTargetDependency */,
				OBJ_144 /* PBXTargetDependency */,
				OBJ_145 /* PBXTargetDependency */,
			);
			name = SerializationTests;
			productName = SerializationTests;
			productReference = "HLSCore::SerializationTests::Product" /* SerializationTests.xctest */;
			productType = "com.apple.product-type.bundle.unit-test";
		};
		"HLSCore::SwiftPMPackageDescription" /* HLSCorePackageDescription */ = {
			isa = PBXNativeTarget;
			buildConfigurationList = OBJ_70 /* Build configuration list for PBXNativeTarget "HLSCorePackageDescription" */;
			buildPhases = (
				OBJ_73 /* Sources */,
			);
			buildRules = (
			);
			dependencies = (
			);
			name = HLSCorePackageDescription;
			productName = HLSCorePackageDescription;
			productType = "com.apple.product-type.framework";
		};
		"HLSCore::Types" /* Types */ = {
			isa = PBXNativeTarget;
			buildConfigurationList = OBJ_152 /* Build configuration list for PBXNativeTarget "Types" */;
			buildPhases = (
				OBJ_155 /* Sources */,
				OBJ_161 /* Frameworks */,
			);
			buildRules = (
			);
			dependencies = (
				OBJ_163 /* PBXTargetDependency */,
			);
			name = Types;
			productName = Types;
			productReference = "HLSCore::Types::Product" /* Types.framework */;
			productType = "com.apple.product-type.framework";
		};
		"HLSCore::TypesTests" /* TypesTests */ = {
			isa = PBXNativeTarget;
			buildConfigurationList = OBJ_164 /* Build configuration list for PBXNativeTarget "TypesTests" */;
			buildPhases = (
				OBJ_167 /* Sources */,
				OBJ_171 /* Frameworks */,
			);
			buildRules = (
			);
			dependencies = (
				OBJ_174 /* PBXTargetDependency */,
				OBJ_175 /* PBXTargetDependency */,
			);
			name = TypesTests;
			productName = TypesTests;
			productReference = "HLSCore::TypesTests::Product" /* TypesTests.xctest */;
			productType = "com.apple.product-type.bundle.unit-test";
		};
		"HLSCore::Utilities" /* Utilities */ = {
			isa = PBXNativeTarget;
			buildConfigurationList = OBJ_176 /* Build configuration list for PBXNativeTarget "Utilities" */;
			buildPhases = (
				OBJ_179 /* Sources */,
				OBJ_182 /* Frameworks */,
			);
			buildRules = (
			);
			dependencies = (
			);
			name = Utilities;
			productName = Utilities;
			productReference = "HLSCore::Utilities::Product" /* Utilities.framework */;
			productType = "com.apple.product-type.framework";
		};
		"HLSCore::UtilitiesTests" /* UtilitiesTests */ = {
			isa = PBXNativeTarget;
			buildConfigurationList = OBJ_183 /* Build configuration list for PBXNativeTarget "UtilitiesTests" */;
			buildPhases = (
				OBJ_186 /* Sources */,
				OBJ_188 /* Frameworks */,
			);
			buildRules = (
			);
			dependencies = (
				OBJ_190 /* PBXTargetDependency */,
			);
			name = UtilitiesTests;
			productName = UtilitiesTests;
			productReference = "HLSCore::UtilitiesTests::Product" /* UtilitiesTests.xctest */;
			productType = "com.apple.product-type.bundle.unit-test";
		};
/* End PBXNativeTarget section */

/* Begin PBXProject section */
		OBJ_1 /* Project object */ = {
			isa = PBXProject;
			attributes = {
				LastUpgradeCheck = 9999;
				TargetAttributes = {
					"HLSCore::Parsing" = {
						LastSwiftMigration = 0930;
					};
					"HLSCore::ParsingTests" = {
						LastSwiftMigration = 0930;
					};
					"HLSCore::Serialization" = {
						LastSwiftMigration = 0930;
					};
					"HLSCore::SerializationTests" = {
						LastSwiftMigration = 0930;
					};
					"HLSCore::Types" = {
						LastSwiftMigration = 0930;
					};
					"HLSCore::TypesTests" = {
						LastSwiftMigration = 0930;
					};
					"HLSCore::Utilities" = {
						LastSwiftMigration = 0930;
					};
					"HLSCore::UtilitiesTests" = {
						LastSwiftMigration = 0930;
					};
				};
			};
			buildConfigurationList = OBJ_2 /* Build configuration list for PBXProject "HLSCore" */;
			compatibilityVersion = "Xcode 3.2";
			developmentRegion = English;
			hasScannedForEncodings = 0;
			knownRegions = (
				en,
			);
			mainGroup = OBJ_5 /*  */;
			productRefGroup = OBJ_47 /* Products */;
			projectDirPath = "";
			projectRoot = "";
			targets = (
				"HLSCore::HLSCore::ProductTarget" /* HLSCore */,
				"HLSCore::SwiftPMPackageDescription" /* HLSCorePackageDescription */,
				"HLSCore::HLSCorePackageTests::ProductTarget" /* HLSCorePackageTests */,
				"HLSCore::Parsing" /* Parsing */,
				"HLSCore::ParsingTests" /* ParsingTests */,
				"HLSCore::Serialization" /* Serialization */,
				"HLSCore::SerializationTests" /* SerializationTests */,
				"HLSCore::Types" /* Types */,
				"HLSCore::TypesTests" /* TypesTests */,
				"HLSCore::Utilities" /* Utilities */,
				"HLSCore::UtilitiesTests" /* UtilitiesTests */,
			);
		};
/* End PBXProject section */

/* Begin PBXSourcesBuildPhase section */
		OBJ_112 /* Sources */ = {
			isa = PBXSourcesBuildPhase;
			buildActionMask = 0;
			files = (
				OBJ_113 /* AttributeTests.swift in Sources */,
				OBJ_114 /* PlaylistParsingTests.swift in Sources */,
				OBJ_115 /* TagTests.swift in Sources */,
			);
			runOnlyForDeploymentPostprocessing = 0;
		};
		OBJ_126 /* Sources */ = {
			isa = PBXSourcesBuildPhase;
			buildActionMask = 0;
			files = (
				OBJ_127 /* Serializable.swift in Sources */,
			);
			runOnlyForDeploymentPostprocessing = 0;
		};
		OBJ_136 /* Sources */ = {
			isa = PBXSourcesBuildPhase;
			buildActionMask = 0;
			files = (
				OBJ_137 /* MultilineMatching.swift in Sources */,
				OBJ_138 /* SerializationTests.swift in Sources */,
			);
			runOnlyForDeploymentPostprocessing = 0;
		};
		OBJ_155 /* Sources */ = {
			isa = PBXSourcesBuildPhase;
			buildActionMask = 0;
			files = (
				OBJ_156 /* AttributeTypes.swift in Sources */,
				OBJ_157 /* EncryptionKey.swift in Sources */,
				OBJ_158 /* HLSCore.swift in Sources */,
				OBJ_159 /* Language.swift in Sources */,
				OBJ_160 /* Playlist.swift in Sources */,
			);
			runOnlyForDeploymentPostprocessing = 0;
		};
		OBJ_167 /* Sources */ = {
			isa = PBXSourcesBuildPhase;
			buildActionMask = 0;
			files = (
				OBJ_168 /* HLSCoreTests.swift in Sources */,
				OBJ_169 /* StringTests.swift in Sources */,
				OBJ_170 /* URLTests.swift in Sources */,
			);
			runOnlyForDeploymentPostprocessing = 0;
		};
		OBJ_179 /* Sources */ = {
			isa = PBXSourcesBuildPhase;
			buildActionMask = 0;
			files = (
				OBJ_180 /* String.swift in Sources */,
				OBJ_181 /* URL.swift in Sources */,
			);
			runOnlyForDeploymentPostprocessing = 0;
		};
		OBJ_186 /* Sources */ = {
			isa = PBXSourcesBuildPhase;
			buildActionMask = 0;
			files = (
				OBJ_187 /* UtilitiesTests.swift in Sources */,
			);
			runOnlyForDeploymentPostprocessing = 0;
		};
		OBJ_73 /* Sources */ = {
			isa = PBXSourcesBuildPhase;
			buildActionMask = 0;
			files = (
				OBJ_74 /* Package.swift in Sources */,
			);
			runOnlyForDeploymentPostprocessing = 0;
		};
		OBJ_92 /* Sources */ = {
			isa = PBXSourcesBuildPhase;
			buildActionMask = 0;
			files = (
				OBJ_93 /* AttributeList.swift in Sources */,
				OBJ_94 /* AttributeValueParsers.swift in Sources */,
				OBJ_95 /* CharacterSet.swift in Sources */,
				OBJ_96 /* CoreInitializers.swift in Sources */,
				OBJ_97 /* MasterPlaylistParser.swift in Sources */,
				OBJ_98 /* MediaPlaylistParser.swift in Sources */,
				OBJ_99 /* ParserCombinator.swift in Sources */,
				OBJ_100 /* TagToEntity.swift in Sources */,
				OBJ_101 /* Tags.swift in Sources */,
				OBJ_102 /* Tokens.swift in Sources */,
				OBJ_103 /* TypeParsers.swift in Sources */,
			);
			runOnlyForDeploymentPostprocessing = 0;
		};
/* End PBXSourcesBuildPhase section */

/* Begin PBXTargetDependency section */
		OBJ_107 /* PBXTargetDependency */ = {
			isa = PBXTargetDependency;
			target = "HLSCore::Types" /* Types */;
			targetProxy = E772F898207928800093C930 /* PBXContainerItemProxy */;
		};
		OBJ_108 /* PBXTargetDependency */ = {
			isa = PBXTargetDependency;
			target = "HLSCore::Utilities" /* Utilities */;
			targetProxy = E772F899207928800093C930 /* PBXContainerItemProxy */;
		};
		OBJ_120 /* PBXTargetDependency */ = {
			isa = PBXTargetDependency;
			target = "HLSCore::Parsing" /* Parsing */;
			targetProxy = E772F8A0207928800093C930 /* PBXContainerItemProxy */;
		};
		OBJ_121 /* PBXTargetDependency */ = {
			isa = PBXTargetDependency;
			target = "HLSCore::Types" /* Types */;
			targetProxy = E772F8A1207928800093C930 /* PBXContainerItemProxy */;
		};
		OBJ_122 /* PBXTargetDependency */ = {
			isa = PBXTargetDependency;
			target = "HLSCore::Utilities" /* Utilities */;
			targetProxy = E772F8A2207928800093C930 /* PBXContainerItemProxy */;
		};
		OBJ_131 /* PBXTargetDependency */ = {
			isa = PBXTargetDependency;
			target = "HLSCore::Types" /* Types */;
			targetProxy = E772F895207928800093C930 /* PBXContainerItemProxy */;
		};
		OBJ_132 /* PBXTargetDependency */ = {
			isa = PBXTargetDependency;
			target = "HLSCore::Utilities" /* Utilities */;
			targetProxy = E772F897207928800093C930 /* PBXContainerItemProxy */;
		};
		OBJ_143 /* PBXTargetDependency */ = {
			isa = PBXTargetDependency;
			target = "HLSCore::Serialization" /* Serialization */;
			targetProxy = E772F89B207928800093C930 /* PBXContainerItemProxy */;
		};
		OBJ_144 /* PBXTargetDependency */ = {
			isa = PBXTargetDependency;
			target = "HLSCore::Types" /* Types */;
			targetProxy = E772F89C207928800093C930 /* PBXContainerItemProxy */;
		};
		OBJ_145 /* PBXTargetDependency */ = {
			isa = PBXTargetDependency;
			target = "HLSCore::Utilities" /* Utilities */;
			targetProxy = E772F89D207928800093C930 /* PBXContainerItemProxy */;
		};
		OBJ_163 /* PBXTargetDependency */ = {
			isa = PBXTargetDependency;
			target = "HLSCore::Utilities" /* Utilities */;
			targetProxy = E772F896207928800093C930 /* PBXContainerItemProxy */;
		};
		OBJ_174 /* PBXTargetDependency */ = {
			isa = PBXTargetDependency;
			target = "HLSCore::Types" /* Types */;
			targetProxy = E772F89E207928800093C930 /* PBXContainerItemProxy */;
		};
		OBJ_175 /* PBXTargetDependency */ = {
			isa = PBXTargetDependency;
			target = "HLSCore::Utilities" /* Utilities */;
			targetProxy = E772F89F207928800093C930 /* PBXContainerItemProxy */;
		};
		OBJ_190 /* PBXTargetDependency */ = {
			isa = PBXTargetDependency;
			target = "HLSCore::Utilities" /* Utilities */;
			targetProxy = E772F89A207928800093C930 /* PBXContainerItemProxy */;
		};
		OBJ_61 /* PBXTargetDependency */ = {
			isa = PBXTargetDependency;
			target = "HLSCore::Utilities" /* Utilities */;
			targetProxy = E772F8A3207928810093C930 /* PBXContainerItemProxy */;
		};
		OBJ_63 /* PBXTargetDependency */ = {
			isa = PBXTargetDependency;
			target = "HLSCore::Parsing" /* Parsing */;
			targetProxy = E772F8A4207928810093C930 /* PBXContainerItemProxy */;
		};
		OBJ_65 /* PBXTargetDependency */ = {
			isa = PBXTargetDependency;
			target = "HLSCore::Serialization" /* Serialization */;
			targetProxy = E772F8A5207928810093C930 /* PBXContainerItemProxy */;
		};
		OBJ_67 /* PBXTargetDependency */ = {
			isa = PBXTargetDependency;
			target = "HLSCore::Types" /* Types */;
			targetProxy = E772F8A6207928810093C930 /* PBXContainerItemProxy */;
		};
		OBJ_79 /* PBXTargetDependency */ = {
			isa = PBXTargetDependency;
			target = "HLSCore::SerializationTests" /* SerializationTests */;
			targetProxy = E772F8A7207928810093C930 /* PBXContainerItemProxy */;
		};
		OBJ_81 /* PBXTargetDependency */ = {
			isa = PBXTargetDependency;
			target = "HLSCore::ParsingTests" /* ParsingTests */;
			targetProxy = E772F8A8207928810093C930 /* PBXContainerItemProxy */;
		};
		OBJ_83 /* PBXTargetDependency */ = {
			isa = PBXTargetDependency;
			target = "HLSCore::UtilitiesTests" /* UtilitiesTests */;
			targetProxy = E772F8A9207928810093C930 /* PBXContainerItemProxy */;
		};
		OBJ_85 /* PBXTargetDependency */ = {
			isa = PBXTargetDependency;
			target = "HLSCore::TypesTests" /* TypesTests */;
			targetProxy = E772F8AA207928810093C930 /* PBXContainerItemProxy */;
		};
/* End PBXTargetDependency section */

/* Begin XCBuildConfiguration section */
		OBJ_110 /* Debug */ = {
			isa = XCBuildConfiguration;
			buildSettings = {
				EMBEDDED_CONTENT_CONTAINS_SWIFT = YES;
				FRAMEWORK_SEARCH_PATHS = (
					"$(inherited)",
					"$(PLATFORM_DIR)/Developer/Library/Frameworks",
				);
				HEADER_SEARCH_PATHS = "$(inherited)";
				INFOPLIST_FILE = HLSCore.xcodeproj/ParsingTests_Info.plist;
				LD_RUNPATH_SEARCH_PATHS = "$(inherited) @loader_path/../Frameworks @loader_path/Frameworks";
				OTHER_CFLAGS = "$(inherited)";
				OTHER_LDFLAGS = "$(inherited)";
				OTHER_SWIFT_FLAGS = "$(inherited)";
				SWIFT_VERSION = 4.0;
				TARGET_NAME = ParsingTests;
			};
			name = Debug;
		};
		OBJ_111 /* Release */ = {
			isa = XCBuildConfiguration;
			buildSettings = {
				EMBEDDED_CONTENT_CONTAINS_SWIFT = YES;
				FRAMEWORK_SEARCH_PATHS = (
					"$(inherited)",
					"$(PLATFORM_DIR)/Developer/Library/Frameworks",
				);
				HEADER_SEARCH_PATHS = "$(inherited)";
				INFOPLIST_FILE = HLSCore.xcodeproj/ParsingTests_Info.plist;
				LD_RUNPATH_SEARCH_PATHS = "$(inherited) @loader_path/../Frameworks @loader_path/Frameworks";
				OTHER_CFLAGS = "$(inherited)";
				OTHER_LDFLAGS = "$(inherited)";
				OTHER_SWIFT_FLAGS = "$(inherited)";
				SWIFT_VERSION = 4.0;
				TARGET_NAME = ParsingTests;
			};
			name = Release;
		};
		OBJ_124 /* Debug */ = {
			isa = XCBuildConfiguration;
			buildSettings = {
				ENABLE_TESTABILITY = YES;
				FRAMEWORK_SEARCH_PATHS = (
					"$(inherited)",
					"$(PLATFORM_DIR)/Developer/Library/Frameworks",
				);
				HEADER_SEARCH_PATHS = "$(inherited)";
				INFOPLIST_FILE = HLSCore.xcodeproj/Serialization_Info.plist;
				LD_RUNPATH_SEARCH_PATHS = "$(inherited) $(TOOLCHAIN_DIR)/usr/lib/swift/macosx";
				OTHER_CFLAGS = "$(inherited)";
				OTHER_LDFLAGS = "$(inherited)";
				OTHER_SWIFT_FLAGS = "$(inherited)";
				PRODUCT_BUNDLE_IDENTIFIER = Serialization;
				PRODUCT_MODULE_NAME = "$(TARGET_NAME:c99extidentifier)";
				PRODUCT_NAME = "$(TARGET_NAME:c99extidentifier)";
				SKIP_INSTALL = YES;
				SWIFT_VERSION = 4.0;
				TARGET_NAME = Serialization;
			};
			name = Debug;
		};
		OBJ_125 /* Release */ = {
			isa = XCBuildConfiguration;
			buildSettings = {
				ENABLE_TESTABILITY = YES;
				FRAMEWORK_SEARCH_PATHS = (
					"$(inherited)",
					"$(PLATFORM_DIR)/Developer/Library/Frameworks",
				);
				HEADER_SEARCH_PATHS = "$(inherited)";
				INFOPLIST_FILE = HLSCore.xcodeproj/Serialization_Info.plist;
				LD_RUNPATH_SEARCH_PATHS = "$(inherited) $(TOOLCHAIN_DIR)/usr/lib/swift/macosx";
				OTHER_CFLAGS = "$(inherited)";
				OTHER_LDFLAGS = "$(inherited)";
				OTHER_SWIFT_FLAGS = "$(inherited)";
				PRODUCT_BUNDLE_IDENTIFIER = Serialization;
				PRODUCT_MODULE_NAME = "$(TARGET_NAME:c99extidentifier)";
				PRODUCT_NAME = "$(TARGET_NAME:c99extidentifier)";
				SKIP_INSTALL = YES;
				SWIFT_VERSION = 4.0;
				TARGET_NAME = Serialization;
			};
			name = Release;
		};
		OBJ_134 /* Debug */ = {
			isa = XCBuildConfiguration;
			buildSettings = {
				EMBEDDED_CONTENT_CONTAINS_SWIFT = YES;
				FRAMEWORK_SEARCH_PATHS = (
					"$(inherited)",
					"$(PLATFORM_DIR)/Developer/Library/Frameworks",
				);
				HEADER_SEARCH_PATHS = "$(inherited)";
				INFOPLIST_FILE = HLSCore.xcodeproj/SerializationTests_Info.plist;
				LD_RUNPATH_SEARCH_PATHS = "$(inherited) @loader_path/../Frameworks @loader_path/Frameworks";
				OTHER_CFLAGS = "$(inherited)";
				OTHER_LDFLAGS = "$(inherited)";
				OTHER_SWIFT_FLAGS = "$(inherited)";
				SWIFT_VERSION = 4.0;
				TARGET_NAME = SerializationTests;
			};
			name = Debug;
		};
		OBJ_135 /* Release */ = {
			isa = XCBuildConfiguration;
			buildSettings = {
				EMBEDDED_CONTENT_CONTAINS_SWIFT = YES;
				FRAMEWORK_SEARCH_PATHS = (
					"$(inherited)",
					"$(PLATFORM_DIR)/Developer/Library/Frameworks",
				);
				HEADER_SEARCH_PATHS = "$(inherited)";
				INFOPLIST_FILE = HLSCore.xcodeproj/SerializationTests_Info.plist;
				LD_RUNPATH_SEARCH_PATHS = "$(inherited) @loader_path/../Frameworks @loader_path/Frameworks";
				OTHER_CFLAGS = "$(inherited)";
				OTHER_LDFLAGS = "$(inherited)";
				OTHER_SWIFT_FLAGS = "$(inherited)";
				SWIFT_VERSION = 4.0;
				TARGET_NAME = SerializationTests;
			};
			name = Release;
		};
		OBJ_153 /* Debug */ = {
			isa = XCBuildConfiguration;
			buildSettings = {
				ENABLE_TESTABILITY = YES;
				FRAMEWORK_SEARCH_PATHS = (
					"$(inherited)",
					"$(PLATFORM_DIR)/Developer/Library/Frameworks",
				);
				HEADER_SEARCH_PATHS = "$(inherited)";
				INFOPLIST_FILE = HLSCore.xcodeproj/Types_Info.plist;
				LD_RUNPATH_SEARCH_PATHS = "$(inherited) $(TOOLCHAIN_DIR)/usr/lib/swift/macosx";
				OTHER_CFLAGS = "$(inherited)";
				OTHER_LDFLAGS = "$(inherited)";
				OTHER_SWIFT_FLAGS = "$(inherited)";
				PRODUCT_BUNDLE_IDENTIFIER = Types;
				PRODUCT_MODULE_NAME = "$(TARGET_NAME:c99extidentifier)";
				PRODUCT_NAME = "$(TARGET_NAME:c99extidentifier)";
				SKIP_INSTALL = YES;
				SWIFT_VERSION = 4.0;
				TARGET_NAME = Types;
			};
			name = Debug;
		};
		OBJ_154 /* Release */ = {
			isa = XCBuildConfiguration;
			buildSettings = {
				ENABLE_TESTABILITY = YES;
				FRAMEWORK_SEARCH_PATHS = (
					"$(inherited)",
					"$(PLATFORM_DIR)/Developer/Library/Frameworks",
				);
				HEADER_SEARCH_PATHS = "$(inherited)";
				INFOPLIST_FILE = HLSCore.xcodeproj/Types_Info.plist;
				LD_RUNPATH_SEARCH_PATHS = "$(inherited) $(TOOLCHAIN_DIR)/usr/lib/swift/macosx";
				OTHER_CFLAGS = "$(inherited)";
				OTHER_LDFLAGS = "$(inherited)";
				OTHER_SWIFT_FLAGS = "$(inherited)";
				PRODUCT_BUNDLE_IDENTIFIER = Types;
				PRODUCT_MODULE_NAME = "$(TARGET_NAME:c99extidentifier)";
				PRODUCT_NAME = "$(TARGET_NAME:c99extidentifier)";
				SKIP_INSTALL = YES;
				SWIFT_VERSION = 4.0;
				TARGET_NAME = Types;
			};
			name = Release;
		};
		OBJ_165 /* Debug */ = {
			isa = XCBuildConfiguration;
			buildSettings = {
				EMBEDDED_CONTENT_CONTAINS_SWIFT = YES;
				FRAMEWORK_SEARCH_PATHS = (
					"$(inherited)",
					"$(PLATFORM_DIR)/Developer/Library/Frameworks",
				);
				HEADER_SEARCH_PATHS = "$(inherited)";
				INFOPLIST_FILE = HLSCore.xcodeproj/TypesTests_Info.plist;
				LD_RUNPATH_SEARCH_PATHS = "$(inherited) @loader_path/../Frameworks @loader_path/Frameworks";
				OTHER_CFLAGS = "$(inherited)";
				OTHER_LDFLAGS = "$(inherited)";
				OTHER_SWIFT_FLAGS = "$(inherited)";
				SWIFT_VERSION = 4.0;
				TARGET_NAME = TypesTests;
			};
			name = Debug;
		};
		OBJ_166 /* Release */ = {
			isa = XCBuildConfiguration;
			buildSettings = {
				EMBEDDED_CONTENT_CONTAINS_SWIFT = YES;
				FRAMEWORK_SEARCH_PATHS = (
					"$(inherited)",
					"$(PLATFORM_DIR)/Developer/Library/Frameworks",
				);
				HEADER_SEARCH_PATHS = "$(inherited)";
				INFOPLIST_FILE = HLSCore.xcodeproj/TypesTests_Info.plist;
				LD_RUNPATH_SEARCH_PATHS = "$(inherited) @loader_path/../Frameworks @loader_path/Frameworks";
				OTHER_CFLAGS = "$(inherited)";
				OTHER_LDFLAGS = "$(inherited)";
				OTHER_SWIFT_FLAGS = "$(inherited)";
				SWIFT_VERSION = 4.0;
				TARGET_NAME = TypesTests;
			};
			name = Release;
		};
		OBJ_177 /* Debug */ = {
			isa = XCBuildConfiguration;
			buildSettings = {
				ENABLE_TESTABILITY = YES;
				FRAMEWORK_SEARCH_PATHS = (
					"$(inherited)",
					"$(PLATFORM_DIR)/Developer/Library/Frameworks",
				);
				HEADER_SEARCH_PATHS = "$(inherited)";
				INFOPLIST_FILE = HLSCore.xcodeproj/Utilities_Info.plist;
				LD_RUNPATH_SEARCH_PATHS = "$(inherited) $(TOOLCHAIN_DIR)/usr/lib/swift/macosx";
				OTHER_CFLAGS = "$(inherited)";
				OTHER_LDFLAGS = "$(inherited)";
				OTHER_SWIFT_FLAGS = "$(inherited)";
				PRODUCT_BUNDLE_IDENTIFIER = Utilities;
				PRODUCT_MODULE_NAME = "$(TARGET_NAME:c99extidentifier)";
				PRODUCT_NAME = "$(TARGET_NAME:c99extidentifier)";
				SKIP_INSTALL = YES;
				SWIFT_VERSION = 4.0;
				TARGET_NAME = Utilities;
			};
			name = Debug;
		};
		OBJ_178 /* Release */ = {
			isa = XCBuildConfiguration;
			buildSettings = {
				ENABLE_TESTABILITY = YES;
				FRAMEWORK_SEARCH_PATHS = (
					"$(inherited)",
					"$(PLATFORM_DIR)/Developer/Library/Frameworks",
				);
				HEADER_SEARCH_PATHS = "$(inherited)";
				INFOPLIST_FILE = HLSCore.xcodeproj/Utilities_Info.plist;
				LD_RUNPATH_SEARCH_PATHS = "$(inherited) $(TOOLCHAIN_DIR)/usr/lib/swift/macosx";
				OTHER_CFLAGS = "$(inherited)";
				OTHER_LDFLAGS = "$(inherited)";
				OTHER_SWIFT_FLAGS = "$(inherited)";
				PRODUCT_BUNDLE_IDENTIFIER = Utilities;
				PRODUCT_MODULE_NAME = "$(TARGET_NAME:c99extidentifier)";
				PRODUCT_NAME = "$(TARGET_NAME:c99extidentifier)";
				SKIP_INSTALL = YES;
				SWIFT_VERSION = 4.0;
				TARGET_NAME = Utilities;
			};
			name = Release;
		};
		OBJ_184 /* Debug */ = {
			isa = XCBuildConfiguration;
			buildSettings = {
				EMBEDDED_CONTENT_CONTAINS_SWIFT = YES;
				FRAMEWORK_SEARCH_PATHS = (
					"$(inherited)",
					"$(PLATFORM_DIR)/Developer/Library/Frameworks",
				);
				HEADER_SEARCH_PATHS = "$(inherited)";
				INFOPLIST_FILE = HLSCore.xcodeproj/UtilitiesTests_Info.plist;
				LD_RUNPATH_SEARCH_PATHS = "$(inherited) @loader_path/../Frameworks @loader_path/Frameworks";
				OTHER_CFLAGS = "$(inherited)";
				OTHER_LDFLAGS = "$(inherited)";
				OTHER_SWIFT_FLAGS = "$(inherited)";
				SWIFT_VERSION = 4.0;
				TARGET_NAME = UtilitiesTests;
			};
			name = Debug;
		};
		OBJ_185 /* Release */ = {
			isa = XCBuildConfiguration;
			buildSettings = {
				EMBEDDED_CONTENT_CONTAINS_SWIFT = YES;
				FRAMEWORK_SEARCH_PATHS = (
					"$(inherited)",
					"$(PLATFORM_DIR)/Developer/Library/Frameworks",
				);
				HEADER_SEARCH_PATHS = "$(inherited)";
				INFOPLIST_FILE = HLSCore.xcodeproj/UtilitiesTests_Info.plist;
				LD_RUNPATH_SEARCH_PATHS = "$(inherited) @loader_path/../Frameworks @loader_path/Frameworks";
				OTHER_CFLAGS = "$(inherited)";
				OTHER_LDFLAGS = "$(inherited)";
				OTHER_SWIFT_FLAGS = "$(inherited)";
				SWIFT_VERSION = 4.0;
				TARGET_NAME = UtilitiesTests;
			};
			name = Release;
		};
		OBJ_3 /* Debug */ = {
			isa = XCBuildConfiguration;
			buildSettings = {
				CLANG_ENABLE_OBJC_ARC = YES;
				COMBINE_HIDPI_IMAGES = YES;
				COPY_PHASE_STRIP = NO;
				DEBUG_INFORMATION_FORMAT = dwarf;
				DYLIB_INSTALL_NAME_BASE = "@rpath";
				ENABLE_NS_ASSERTIONS = YES;
				GCC_OPTIMIZATION_LEVEL = 0;
				MACOSX_DEPLOYMENT_TARGET = 10.10;
				ONLY_ACTIVE_ARCH = YES;
				OTHER_SWIFT_FLAGS = "-DXcode";
				PRODUCT_NAME = "$(TARGET_NAME)";
				SDKROOT = macosx;
				SUPPORTED_PLATFORMS = "macosx iphoneos iphonesimulator appletvos appletvsimulator watchos watchsimulator";
				SWIFT_ACTIVE_COMPILATION_CONDITIONS = SWIFT_PACKAGE;
				SWIFT_OPTIMIZATION_LEVEL = "-Onone";
				SWIFT_SWIFT3_OBJC_INFERENCE = Off;
				USE_HEADERMAP = NO;
			};
			name = Debug;
		};
		OBJ_4 /* Release */ = {
			isa = XCBuildConfiguration;
			buildSettings = {
				CLANG_ENABLE_OBJC_ARC = YES;
				COMBINE_HIDPI_IMAGES = YES;
				COPY_PHASE_STRIP = YES;
				DEBUG_INFORMATION_FORMAT = "dwarf-with-dsym";
				DYLIB_INSTALL_NAME_BASE = "@rpath";
				GCC_OPTIMIZATION_LEVEL = s;
				MACOSX_DEPLOYMENT_TARGET = 10.10;
				OTHER_SWIFT_FLAGS = "-DXcode";
				PRODUCT_NAME = "$(TARGET_NAME)";
				SDKROOT = macosx;
				SUPPORTED_PLATFORMS = "macosx iphoneos iphonesimulator appletvos appletvsimulator watchos watchsimulator";
				SWIFT_ACTIVE_COMPILATION_CONDITIONS = SWIFT_PACKAGE;
				SWIFT_OPTIMIZATION_LEVEL = "-Owholemodule";
				SWIFT_SWIFT3_OBJC_INFERENCE = Off;
				USE_HEADERMAP = NO;
			};
			name = Release;
		};
		OBJ_59 /* Debug */ = {
			isa = XCBuildConfiguration;
			buildSettings = {
			};
			name = Debug;
		};
		OBJ_60 /* Release */ = {
			isa = XCBuildConfiguration;
			buildSettings = {
			};
			name = Release;
		};
		OBJ_71 /* Debug */ = {
			isa = XCBuildConfiguration;
			buildSettings = {
				LD = /usr/bin/true;
				OTHER_SWIFT_FLAGS = "-swift-version 3 -I $(TOOLCHAIN_DIR)/usr/lib/swift/pm/3 -target x86_64-apple-macosx10.10 -sdk /Applications/Xcode.app/Contents/Developer/Platforms/MacOSX.platform/Developer/SDKs/MacOSX10.13.sdk";
				SWIFT_VERSION = 3.0;
			};
			name = Debug;
		};
		OBJ_72 /* Release */ = {
			isa = XCBuildConfiguration;
			buildSettings = {
				LD = /usr/bin/true;
				OTHER_SWIFT_FLAGS = "-swift-version 3 -I $(TOOLCHAIN_DIR)/usr/lib/swift/pm/3 -target x86_64-apple-macosx10.10 -sdk /Applications/Xcode.app/Contents/Developer/Platforms/MacOSX.platform/Developer/SDKs/MacOSX10.13.sdk";
				SWIFT_VERSION = 3.0;
			};
			name = Release;
		};
		OBJ_77 /* Debug */ = {
			isa = XCBuildConfiguration;
			buildSettings = {
			};
			name = Debug;
		};
		OBJ_78 /* Release */ = {
			isa = XCBuildConfiguration;
			buildSettings = {
			};
			name = Release;
		};
		OBJ_90 /* Debug */ = {
			isa = XCBuildConfiguration;
			buildSettings = {
				ENABLE_TESTABILITY = YES;
				FRAMEWORK_SEARCH_PATHS = (
					"$(inherited)",
					"$(PLATFORM_DIR)/Developer/Library/Frameworks",
				);
				HEADER_SEARCH_PATHS = "$(inherited)";
				INFOPLIST_FILE = HLSCore.xcodeproj/Parsing_Info.plist;
				LD_RUNPATH_SEARCH_PATHS = "$(inherited) $(TOOLCHAIN_DIR)/usr/lib/swift/macosx";
				OTHER_CFLAGS = "$(inherited)";
				OTHER_LDFLAGS = "$(inherited)";
				OTHER_SWIFT_FLAGS = "$(inherited)";
				PRODUCT_BUNDLE_IDENTIFIER = Parsing;
				PRODUCT_MODULE_NAME = "$(TARGET_NAME:c99extidentifier)";
				PRODUCT_NAME = "$(TARGET_NAME:c99extidentifier)";
				SKIP_INSTALL = YES;
				SWIFT_VERSION = 4.0;
				TARGET_NAME = Parsing;
			};
			name = Debug;
		};
		OBJ_91 /* Release */ = {
			isa = XCBuildConfiguration;
			buildSettings = {
				ENABLE_TESTABILITY = YES;
				FRAMEWORK_SEARCH_PATHS = (
					"$(inherited)",
					"$(PLATFORM_DIR)/Developer/Library/Frameworks",
				);
				HEADER_SEARCH_PATHS = "$(inherited)";
				INFOPLIST_FILE = HLSCore.xcodeproj/Parsing_Info.plist;
				LD_RUNPATH_SEARCH_PATHS = "$(inherited) $(TOOLCHAIN_DIR)/usr/lib/swift/macosx";
				OTHER_CFLAGS = "$(inherited)";
				OTHER_LDFLAGS = "$(inherited)";
				OTHER_SWIFT_FLAGS = "$(inherited)";
				PRODUCT_BUNDLE_IDENTIFIER = Parsing;
				PRODUCT_MODULE_NAME = "$(TARGET_NAME:c99extidentifier)";
				PRODUCT_NAME = "$(TARGET_NAME:c99extidentifier)";
				SKIP_INSTALL = YES;
				SWIFT_VERSION = 4.0;
				TARGET_NAME = Parsing;
			};
			name = Release;
		};
/* End XCBuildConfiguration section */

/* Begin XCConfigurationList section */
		OBJ_109 /* Build configuration list for PBXNativeTarget "ParsingTests" */ = {
			isa = XCConfigurationList;
			buildConfigurations = (
				OBJ_110 /* Debug */,
				OBJ_111 /* Release */,
			);
			defaultConfigurationIsVisible = 0;
			defaultConfigurationName = Release;
		};
		OBJ_123 /* Build configuration list for PBXNativeTarget "Serialization" */ = {
			isa = XCConfigurationList;
			buildConfigurations = (
				OBJ_124 /* Debug */,
				OBJ_125 /* Release */,
			);
			defaultConfigurationIsVisible = 0;
			defaultConfigurationName = Release;
		};
		OBJ_133 /* Build configuration list for PBXNativeTarget "SerializationTests" */ = {
			isa = XCConfigurationList;
			buildConfigurations = (
				OBJ_134 /* Debug */,
				OBJ_135 /* Release */,
			);
			defaultConfigurationIsVisible = 0;
			defaultConfigurationName = Release;
		};
		OBJ_152 /* Build configuration list for PBXNativeTarget "Types" */ = {
			isa = XCConfigurationList;
			buildConfigurations = (
				OBJ_153 /* Debug */,
				OBJ_154 /* Release */,
			);
			defaultConfigurationIsVisible = 0;
			defaultConfigurationName = Release;
		};
		OBJ_164 /* Build configuration list for PBXNativeTarget "TypesTests" */ = {
			isa = XCConfigurationList;
			buildConfigurations = (
				OBJ_165 /* Debug */,
				OBJ_166 /* Release */,
			);
			defaultConfigurationIsVisible = 0;
			defaultConfigurationName = Release;
		};
		OBJ_176 /* Build configuration list for PBXNativeTarget "Utilities" */ = {
			isa = XCConfigurationList;
			buildConfigurations = (
				OBJ_177 /* Debug */,
				OBJ_178 /* Release */,
			);
			defaultConfigurationIsVisible = 0;
			defaultConfigurationName = Release;
		};
		OBJ_183 /* Build configuration list for PBXNativeTarget "UtilitiesTests" */ = {
			isa = XCConfigurationList;
			buildConfigurations = (
				OBJ_184 /* Debug */,
				OBJ_185 /* Release */,
			);
			defaultConfigurationIsVisible = 0;
			defaultConfigurationName = Release;
		};
		OBJ_2 /* Build configuration list for PBXProject "HLSCore" */ = {
			isa = XCConfigurationList;
			buildConfigurations = (
				OBJ_3 /* Debug */,
				OBJ_4 /* Release */,
			);
			defaultConfigurationIsVisible = 0;
			defaultConfigurationName = Release;
		};
		OBJ_58 /* Build configuration list for PBXAggregateTarget "HLSCore" */ = {
			isa = XCConfigurationList;
			buildConfigurations = (
				OBJ_59 /* Debug */,
				OBJ_60 /* Release */,
			);
			defaultConfigurationIsVisible = 0;
			defaultConfigurationName = Release;
		};
		OBJ_70 /* Build configuration list for PBXNativeTarget "HLSCorePackageDescription" */ = {
			isa = XCConfigurationList;
			buildConfigurations = (
				OBJ_71 /* Debug */,
				OBJ_72 /* Release */,
			);
			defaultConfigurationIsVisible = 0;
			defaultConfigurationName = Release;
		};
		OBJ_76 /* Build configuration list for PBXAggregateTarget "HLSCorePackageTests" */ = {
			isa = XCConfigurationList;
			buildConfigurations = (
				OBJ_77 /* Debug */,
				OBJ_78 /* Release */,
			);
			defaultConfigurationIsVisible = 0;
			defaultConfigurationName = Release;
		};
		OBJ_89 /* Build configuration list for PBXNativeTarget "Parsing" */ = {
			isa = XCConfigurationList;
			buildConfigurations = (
				OBJ_90 /* Debug */,
				OBJ_91 /* Release */,
			);
			defaultConfigurationIsVisible = 0;
			defaultConfigurationName = Release;
		};
/* End XCConfigurationList section */
	};
	rootObject = OBJ_1 /* Project object */;
}
