// !$*UTF8*$!
{
   archiveVersion = "1";
   objectVersion = "46";
   objects = {
      "FFCParserCombinator::FFCParserCombinator" = {
         isa = "PBXNativeTarget";
         buildConfigurationList = "OBJ_60";
         buildPhases = (
            "OBJ_63",
            "OBJ_66",
         );
         dependencies = (
         );
         name = "FFCParserCombinator";
         productName = "FFCParserCombinator";
         productReference = "FFCParserCombinator::FFCParserCombinator::Product";
         productType = "com.apple.product-type.framework";
      };
      "FFCParserCombinator::FFCParserCombinator::Product" = {
         isa = "PBXFileReference";
         path = "FFCParserCombinator.framework";
         sourceTree = "BUILT_PRODUCTS_DIR";
      };
      "FFCParserCombinator::SwiftPMPackageDescription" = {
         isa = "PBXNativeTarget";
         buildConfigurationList = "OBJ_68";
         buildPhases = (
            "OBJ_71",
         );
         dependencies = (
         );
         name = "FFCParserCombinatorPackageDescription";
         productName = "FFCParserCombinatorPackageDescription";
         productType = "com.apple.product-type.framework";
      };
      "HLSCore::HLSCore::ProductTarget" = {
         isa = "PBXAggregateTarget";
         buildConfigurationList = "OBJ_74";
         buildPhases = (
         );
         dependencies = (
            "OBJ_77",
            "OBJ_79",
            "OBJ_81",
            "OBJ_83",
         );
         name = "HLSCore";
         productName = "HLSCore";
      };
      "HLSCore::HLSCorePackageTests::ProductTarget" = {
         isa = "PBXAggregateTarget";
         buildConfigurationList = "OBJ_92";
         buildPhases = (
         );
         dependencies = (
            "OBJ_95",
            "OBJ_97",
            "OBJ_99",
            "OBJ_101",
         );
         name = "HLSCorePackageTests";
         productName = "HLSCorePackageTests";
      };
      "HLSCore::Parsing" = {
         isa = "PBXNativeTarget";
         buildConfigurationList = "OBJ_103";
         buildPhases = (
            "OBJ_106",
            "OBJ_116",
         );
         dependencies = (
            "OBJ_120",
            "OBJ_121",
            "OBJ_122",
         );
         name = "Parsing";
         productName = "Parsing";
         productReference = "HLSCore::Parsing::Product";
         productType = "com.apple.product-type.framework";
      };
      "HLSCore::Parsing::Product" = {
         isa = "PBXFileReference";
         path = "Parsing.framework";
         sourceTree = "BUILT_PRODUCTS_DIR";
      };
      "HLSCore::ParsingTests" = {
         isa = "PBXNativeTarget";
         buildConfigurationList = "OBJ_123";
         buildPhases = (
            "OBJ_126",
            "OBJ_130",
         );
         dependencies = (
            "OBJ_135",
            "OBJ_136",
            "OBJ_137",
            "OBJ_138",
         );
         name = "ParsingTests";
         productName = "ParsingTests";
         productReference = "HLSCore::ParsingTests::Product";
         productType = "com.apple.product-type.bundle.unit-test";
      };
      "HLSCore::ParsingTests::Product" = {
         isa = "PBXFileReference";
         path = "ParsingTests.xctest";
         sourceTree = "BUILT_PRODUCTS_DIR";
      };
      "HLSCore::Serialization" = {
         isa = "PBXNativeTarget";
         buildConfigurationList = "OBJ_139";
         buildPhases = (
            "OBJ_142",
            "OBJ_144",
         );
         dependencies = (
            "OBJ_147",
            "OBJ_148",
         );
         name = "Serialization";
         productName = "Serialization";
         productReference = "HLSCore::Serialization::Product";
         productType = "com.apple.product-type.framework";
      };
      "HLSCore::Serialization::Product" = {
         isa = "PBXFileReference";
         path = "Serialization.framework";
         sourceTree = "BUILT_PRODUCTS_DIR";
      };
      "HLSCore::SerializationTests" = {
         isa = "PBXNativeTarget";
         buildConfigurationList = "OBJ_149";
         buildPhases = (
            "OBJ_152",
            "OBJ_155",
         );
         dependencies = (
            "OBJ_159",
            "OBJ_160",
            "OBJ_161",
         );
         name = "SerializationTests";
         productName = "SerializationTests";
         productReference = "HLSCore::SerializationTests::Product";
         productType = "com.apple.product-type.bundle.unit-test";
      };
      "HLSCore::SerializationTests::Product" = {
         isa = "PBXFileReference";
         path = "SerializationTests.xctest";
         sourceTree = "BUILT_PRODUCTS_DIR";
      };
      "HLSCore::SwiftPMPackageDescription" = {
         isa = "PBXNativeTarget";
         buildConfigurationList = "OBJ_86";
         buildPhases = (
            "OBJ_89",
         );
         dependencies = (
         );
         name = "HLSCorePackageDescription";
         productName = "HLSCorePackageDescription";
         productType = "com.apple.product-type.framework";
      };
      "HLSCore::Types" = {
         isa = "PBXNativeTarget";
         buildConfigurationList = "OBJ_162";
         buildPhases = (
            "OBJ_165",
            "OBJ_171",
         );
         dependencies = (
            "OBJ_173",
         );
         name = "Types";
         productName = "Types";
         productReference = "HLSCore::Types::Product";
         productType = "com.apple.product-type.framework";
      };
      "HLSCore::Types::Product" = {
         isa = "PBXFileReference";
         path = "Types.framework";
         sourceTree = "BUILT_PRODUCTS_DIR";
      };
      "HLSCore::TypesTests" = {
         isa = "PBXNativeTarget";
         buildConfigurationList = "OBJ_174";
         buildPhases = (
            "OBJ_177",
            "OBJ_181",
         );
         dependencies = (
            "OBJ_184",
            "OBJ_185",
         );
         name = "TypesTests";
         productName = "TypesTests";
         productReference = "HLSCore::TypesTests::Product";
         productType = "com.apple.product-type.bundle.unit-test";
      };
      "HLSCore::TypesTests::Product" = {
         isa = "PBXFileReference";
         path = "TypesTests.xctest";
         sourceTree = "BUILT_PRODUCTS_DIR";
      };
      "HLSCore::Utilities" = {
         isa = "PBXNativeTarget";
         buildConfigurationList = "OBJ_186";
         buildPhases = (
            "OBJ_189",
            "OBJ_192",
         );
         dependencies = (
         );
         name = "Utilities";
         productName = "Utilities";
         productReference = "HLSCore::Utilities::Product";
         productType = "com.apple.product-type.framework";
      };
      "HLSCore::Utilities::Product" = {
         isa = "PBXFileReference";
         path = "Utilities.framework";
         sourceTree = "BUILT_PRODUCTS_DIR";
      };
      "HLSCore::UtilitiesTests" = {
         isa = "PBXNativeTarget";
         buildConfigurationList = "OBJ_193";
         buildPhases = (
            "OBJ_196",
            "OBJ_198",
         );
         dependencies = (
            "OBJ_200",
         );
         name = "UtilitiesTests";
         productName = "UtilitiesTests";
         productReference = "HLSCore::UtilitiesTests::Product";
         productType = "com.apple.product-type.bundle.unit-test";
      };
      "HLSCore::UtilitiesTests::Product" = {
         isa = "PBXFileReference";
         path = "UtilitiesTests.xctest";
         sourceTree = "BUILT_PRODUCTS_DIR";
      };
      "OBJ_1" = {
         isa = "PBXProject";
         attributes = {
            LastUpgradeCheck = "9999";
         };
         buildConfigurationList = "OBJ_2";
         compatibilityVersion = "Xcode 3.2";
         developmentRegion = "English";
         hasScannedForEncodings = "0";
         knownRegions = (
            "en",
         );
         mainGroup = "OBJ_5";
         productRefGroup = "OBJ_49";
         projectDirPath = ".";
         targets = (
            "FFCParserCombinator::FFCParserCombinator",
            "FFCParserCombinator::SwiftPMPackageDescription",
            "HLSCore::HLSCore::ProductTarget",
            "HLSCore::SwiftPMPackageDescription",
            "HLSCore::HLSCorePackageTests::ProductTarget",
            "HLSCore::Parsing",
            "HLSCore::ParsingTests",
            "HLSCore::Serialization",
            "HLSCore::SerializationTests",
            "HLSCore::Types",
            "HLSCore::TypesTests",
            "HLSCore::Utilities",
            "HLSCore::UtilitiesTests",
         );
      };
      "OBJ_10" = {
         isa = "PBXFileReference";
         path = "URL.swift";
         sourceTree = "<group>";
      };
      "OBJ_101" = {
         isa = "PBXTargetDependency";
         target = "HLSCore::ParsingTests";
      };
      "OBJ_103" = {
         isa = "XCConfigurationList";
         buildConfigurations = (
            "OBJ_104",
            "OBJ_105",
         );
         defaultConfigurationIsVisible = "0";
         defaultConfigurationName = "Release";
      };
      "OBJ_104" = {
         isa = "XCBuildConfiguration";
         buildSettings = {
            ENABLE_TESTABILITY = "YES";
            FRAMEWORK_SEARCH_PATHS = (
               "$(inherited)",
               "$(PLATFORM_DIR)/Developer/Library/Frameworks",
            );
            HEADER_SEARCH_PATHS = (
               "$(inherited)",
            );
            INFOPLIST_FILE = "HLSCore.xcodeproj/Parsing_Info.plist";
            LD_RUNPATH_SEARCH_PATHS = (
               "$(inherited)",
               "$(TOOLCHAIN_DIR)/usr/lib/swift/macosx",
            );
            OTHER_CFLAGS = (
               "$(inherited)",
            );
            OTHER_LDFLAGS = (
               "$(inherited)",
            );
            OTHER_SWIFT_FLAGS = (
               "$(inherited)",
            );
            PRODUCT_BUNDLE_IDENTIFIER = "Parsing";
            PRODUCT_MODULE_NAME = "$(TARGET_NAME:c99extidentifier)";
            PRODUCT_NAME = "$(TARGET_NAME:c99extidentifier)";
            SKIP_INSTALL = "YES";
            SWIFT_VERSION = "4.0";
            TARGET_NAME = "Parsing";
         };
         name = "Debug";
      };
      "OBJ_105" = {
         isa = "XCBuildConfiguration";
         buildSettings = {
            ENABLE_TESTABILITY = "YES";
            FRAMEWORK_SEARCH_PATHS = (
               "$(inherited)",
               "$(PLATFORM_DIR)/Developer/Library/Frameworks",
            );
            HEADER_SEARCH_PATHS = (
               "$(inherited)",
            );
            INFOPLIST_FILE = "HLSCore.xcodeproj/Parsing_Info.plist";
            LD_RUNPATH_SEARCH_PATHS = (
               "$(inherited)",
               "$(TOOLCHAIN_DIR)/usr/lib/swift/macosx",
            );
            OTHER_CFLAGS = (
               "$(inherited)",
            );
            OTHER_LDFLAGS = (
               "$(inherited)",
            );
            OTHER_SWIFT_FLAGS = (
               "$(inherited)",
            );
            PRODUCT_BUNDLE_IDENTIFIER = "Parsing";
            PRODUCT_MODULE_NAME = "$(TARGET_NAME:c99extidentifier)";
            PRODUCT_NAME = "$(TARGET_NAME:c99extidentifier)";
            SKIP_INSTALL = "YES";
            SWIFT_VERSION = "4.0";
            TARGET_NAME = "Parsing";
         };
         name = "Release";
      };
      "OBJ_106" = {
         isa = "PBXSourcesBuildPhase";
         files = (
            "OBJ_107",
            "OBJ_108",
            "OBJ_109",
            "OBJ_110",
            "OBJ_111",
            "OBJ_112",
            "OBJ_113",
            "OBJ_114",
            "OBJ_115",
         );
      };
      "OBJ_107" = {
         isa = "PBXBuildFile";
         fileRef = "OBJ_12";
      };
      "OBJ_108" = {
         isa = "PBXBuildFile";
         fileRef = "OBJ_13";
      };
      "OBJ_109" = {
         isa = "PBXBuildFile";
         fileRef = "OBJ_14";
      };
      "OBJ_11" = {
         isa = "PBXGroup";
         children = (
            "OBJ_12",
            "OBJ_13",
            "OBJ_14",
            "OBJ_15",
            "OBJ_16",
            "OBJ_17",
            "OBJ_18",
            "OBJ_19",
            "OBJ_20",
         );
         name = "Parsing";
         path = "Sources/Parsing";
         sourceTree = "SOURCE_ROOT";
      };
      "OBJ_110" = {
         isa = "PBXBuildFile";
         fileRef = "OBJ_15";
      };
      "OBJ_111" = {
         isa = "PBXBuildFile";
         fileRef = "OBJ_16";
      };
      "OBJ_112" = {
         isa = "PBXBuildFile";
         fileRef = "OBJ_17";
      };
      "OBJ_113" = {
         isa = "PBXBuildFile";
         fileRef = "OBJ_18";
      };
      "OBJ_114" = {
         isa = "PBXBuildFile";
         fileRef = "OBJ_19";
      };
      "OBJ_115" = {
         isa = "PBXBuildFile";
         fileRef = "OBJ_20";
      };
      "OBJ_116" = {
         isa = "PBXFrameworksBuildPhase";
         files = (
            "OBJ_117",
            "OBJ_118",
            "OBJ_119",
         );
      };
      "OBJ_117" = {
         isa = "PBXBuildFile";
         fileRef = "FFCParserCombinator::FFCParserCombinator::Product";
      };
      "OBJ_118" = {
         isa = "PBXBuildFile";
         fileRef = "HLSCore::Types::Product";
      };
      "OBJ_119" = {
         isa = "PBXBuildFile";
         fileRef = "HLSCore::Utilities::Product";
      };
      "OBJ_12" = {
         isa = "PBXFileReference";
         path = "AttributeList.swift";
         sourceTree = "<group>";
      };
      "OBJ_120" = {
         isa = "PBXTargetDependency";
         target = "FFCParserCombinator::FFCParserCombinator";
      };
      "OBJ_121" = {
         isa = "PBXTargetDependency";
         target = "HLSCore::Types";
      };
      "OBJ_122" = {
         isa = "PBXTargetDependency";
         target = "HLSCore::Utilities";
      };
      "OBJ_123" = {
         isa = "XCConfigurationList";
         buildConfigurations = (
            "OBJ_124",
            "OBJ_125",
         );
         defaultConfigurationIsVisible = "0";
         defaultConfigurationName = "Release";
      };
      "OBJ_124" = {
         isa = "XCBuildConfiguration";
         buildSettings = {
            EMBEDDED_CONTENT_CONTAINS_SWIFT = "YES";
            FRAMEWORK_SEARCH_PATHS = (
               "$(inherited)",
               "$(PLATFORM_DIR)/Developer/Library/Frameworks",
            );
            HEADER_SEARCH_PATHS = (
               "$(inherited)",
            );
            INFOPLIST_FILE = "HLSCore.xcodeproj/ParsingTests_Info.plist";
            LD_RUNPATH_SEARCH_PATHS = (
               "$(inherited)",
               "@loader_path/../Frameworks",
               "@loader_path/Frameworks",
            );
            OTHER_CFLAGS = (
               "$(inherited)",
            );
            OTHER_LDFLAGS = (
               "$(inherited)",
            );
            OTHER_SWIFT_FLAGS = (
               "$(inherited)",
            );
            SWIFT_VERSION = "4.0";
            TARGET_NAME = "ParsingTests";
         };
         name = "Debug";
      };
      "OBJ_125" = {
         isa = "XCBuildConfiguration";
         buildSettings = {
            EMBEDDED_CONTENT_CONTAINS_SWIFT = "YES";
            FRAMEWORK_SEARCH_PATHS = (
               "$(inherited)",
               "$(PLATFORM_DIR)/Developer/Library/Frameworks",
            );
            HEADER_SEARCH_PATHS = (
               "$(inherited)",
            );
            INFOPLIST_FILE = "HLSCore.xcodeproj/ParsingTests_Info.plist";
            LD_RUNPATH_SEARCH_PATHS = (
               "$(inherited)",
               "@loader_path/../Frameworks",
               "@loader_path/Frameworks",
            );
            OTHER_CFLAGS = (
               "$(inherited)",
            );
            OTHER_LDFLAGS = (
               "$(inherited)",
            );
            OTHER_SWIFT_FLAGS = (
               "$(inherited)",
            );
            SWIFT_VERSION = "4.0";
            TARGET_NAME = "ParsingTests";
         };
         name = "Release";
      };
      "OBJ_126" = {
         isa = "PBXSourcesBuildPhase";
         files = (
            "OBJ_127",
            "OBJ_128",
            "OBJ_129",
         );
      };
      "OBJ_127" = {
         isa = "PBXBuildFile";
         fileRef = "OBJ_40";
      };
      "OBJ_128" = {
         isa = "PBXBuildFile";
         fileRef = "OBJ_41";
      };
      "OBJ_129" = {
         isa = "PBXBuildFile";
         fileRef = "OBJ_42";
      };
      "OBJ_13" = {
         isa = "PBXFileReference";
         path = "AttributeValueParsers.swift";
         sourceTree = "<group>";
      };
      "OBJ_130" = {
         isa = "PBXFrameworksBuildPhase";
         files = (
            "OBJ_131",
            "OBJ_132",
            "OBJ_133",
            "OBJ_134",
         );
      };
      "OBJ_131" = {
         isa = "PBXBuildFile";
         fileRef = "HLSCore::Parsing::Product";
      };
      "OBJ_132" = {
         isa = "PBXBuildFile";
         fileRef = "FFCParserCombinator::FFCParserCombinator::Product";
      };
      "OBJ_133" = {
         isa = "PBXBuildFile";
         fileRef = "HLSCore::Types::Product";
      };
      "OBJ_134" = {
         isa = "PBXBuildFile";
         fileRef = "HLSCore::Utilities::Product";
      };
      "OBJ_135" = {
         isa = "PBXTargetDependency";
         target = "HLSCore::Parsing";
      };
      "OBJ_136" = {
         isa = "PBXTargetDependency";
         target = "FFCParserCombinator::FFCParserCombinator";
      };
      "OBJ_137" = {
         isa = "PBXTargetDependency";
         target = "HLSCore::Types";
      };
      "OBJ_138" = {
         isa = "PBXTargetDependency";
         target = "HLSCore::Utilities";
      };
      "OBJ_139" = {
         isa = "XCConfigurationList";
         buildConfigurations = (
            "OBJ_140",
            "OBJ_141",
         );
         defaultConfigurationIsVisible = "0";
         defaultConfigurationName = "Release";
      };
      "OBJ_14" = {
         isa = "PBXFileReference";
         path = "CharacterSet.swift";
         sourceTree = "<group>";
      };
      "OBJ_140" = {
         isa = "XCBuildConfiguration";
         buildSettings = {
            ENABLE_TESTABILITY = "YES";
            FRAMEWORK_SEARCH_PATHS = (
               "$(inherited)",
               "$(PLATFORM_DIR)/Developer/Library/Frameworks",
            );
            HEADER_SEARCH_PATHS = (
               "$(inherited)",
            );
            INFOPLIST_FILE = "HLSCore.xcodeproj/Serialization_Info.plist";
            LD_RUNPATH_SEARCH_PATHS = (
               "$(inherited)",
               "$(TOOLCHAIN_DIR)/usr/lib/swift/macosx",
            );
            OTHER_CFLAGS = (
               "$(inherited)",
            );
            OTHER_LDFLAGS = (
               "$(inherited)",
            );
            OTHER_SWIFT_FLAGS = (
               "$(inherited)",
            );
            PRODUCT_BUNDLE_IDENTIFIER = "Serialization";
            PRODUCT_MODULE_NAME = "$(TARGET_NAME:c99extidentifier)";
            PRODUCT_NAME = "$(TARGET_NAME:c99extidentifier)";
            SKIP_INSTALL = "YES";
            SWIFT_VERSION = "4.0";
            TARGET_NAME = "Serialization";
         };
         name = "Debug";
      };
      "OBJ_141" = {
         isa = "XCBuildConfiguration";
         buildSettings = {
            ENABLE_TESTABILITY = "YES";
            FRAMEWORK_SEARCH_PATHS = (
               "$(inherited)",
               "$(PLATFORM_DIR)/Developer/Library/Frameworks",
            );
            HEADER_SEARCH_PATHS = (
               "$(inherited)",
            );
            INFOPLIST_FILE = "HLSCore.xcodeproj/Serialization_Info.plist";
            LD_RUNPATH_SEARCH_PATHS = (
               "$(inherited)",
               "$(TOOLCHAIN_DIR)/usr/lib/swift/macosx",
            );
            OTHER_CFLAGS = (
               "$(inherited)",
            );
            OTHER_LDFLAGS = (
               "$(inherited)",
            );
            OTHER_SWIFT_FLAGS = (
               "$(inherited)",
            );
            PRODUCT_BUNDLE_IDENTIFIER = "Serialization";
            PRODUCT_MODULE_NAME = "$(TARGET_NAME:c99extidentifier)";
            PRODUCT_NAME = "$(TARGET_NAME:c99extidentifier)";
            SKIP_INSTALL = "YES";
            SWIFT_VERSION = "4.0";
            TARGET_NAME = "Serialization";
         };
         name = "Release";
      };
      "OBJ_142" = {
         isa = "PBXSourcesBuildPhase";
         files = (
            "OBJ_143",
         );
      };
      "OBJ_143" = {
         isa = "PBXBuildFile";
         fileRef = "OBJ_28";
      };
      "OBJ_144" = {
         isa = "PBXFrameworksBuildPhase";
         files = (
            "OBJ_145",
            "OBJ_146",
         );
      };
      "OBJ_145" = {
         isa = "PBXBuildFile";
         fileRef = "HLSCore::Types::Product";
      };
      "OBJ_146" = {
         isa = "PBXBuildFile";
         fileRef = "HLSCore::Utilities::Product";
      };
      "OBJ_147" = {
         isa = "PBXTargetDependency";
         target = "HLSCore::Types";
      };
      "OBJ_148" = {
         isa = "PBXTargetDependency";
         target = "HLSCore::Utilities";
      };
      "OBJ_149" = {
         isa = "XCConfigurationList";
         buildConfigurations = (
            "OBJ_150",
            "OBJ_151",
         );
         defaultConfigurationIsVisible = "0";
         defaultConfigurationName = "Release";
      };
      "OBJ_15" = {
         isa = "PBXFileReference";
         path = "CoreInitializers.swift";
         sourceTree = "<group>";
      };
      "OBJ_150" = {
         isa = "XCBuildConfiguration";
         buildSettings = {
            EMBEDDED_CONTENT_CONTAINS_SWIFT = "YES";
            FRAMEWORK_SEARCH_PATHS = (
               "$(inherited)",
               "$(PLATFORM_DIR)/Developer/Library/Frameworks",
            );
            HEADER_SEARCH_PATHS = (
               "$(inherited)",
            );
            INFOPLIST_FILE = "HLSCore.xcodeproj/SerializationTests_Info.plist";
            LD_RUNPATH_SEARCH_PATHS = (
               "$(inherited)",
               "@loader_path/../Frameworks",
               "@loader_path/Frameworks",
            );
            OTHER_CFLAGS = (
               "$(inherited)",
            );
            OTHER_LDFLAGS = (
               "$(inherited)",
            );
            OTHER_SWIFT_FLAGS = (
               "$(inherited)",
            );
            SWIFT_VERSION = "4.0";
            TARGET_NAME = "SerializationTests";
         };
         name = "Debug";
      };
      "OBJ_151" = {
         isa = "XCBuildConfiguration";
         buildSettings = {
            EMBEDDED_CONTENT_CONTAINS_SWIFT = "YES";
            FRAMEWORK_SEARCH_PATHS = (
               "$(inherited)",
               "$(PLATFORM_DIR)/Developer/Library/Frameworks",
            );
            HEADER_SEARCH_PATHS = (
               "$(inherited)",
            );
            INFOPLIST_FILE = "HLSCore.xcodeproj/SerializationTests_Info.plist";
            LD_RUNPATH_SEARCH_PATHS = (
               "$(inherited)",
               "@loader_path/../Frameworks",
               "@loader_path/Frameworks",
            );
            OTHER_CFLAGS = (
               "$(inherited)",
            );
            OTHER_LDFLAGS = (
               "$(inherited)",
            );
            OTHER_SWIFT_FLAGS = (
               "$(inherited)",
            );
            SWIFT_VERSION = "4.0";
            TARGET_NAME = "SerializationTests";
         };
         name = "Release";
      };
      "OBJ_152" = {
         isa = "PBXSourcesBuildPhase";
         files = (
            "OBJ_153",
            "OBJ_154",
         );
      };
      "OBJ_153" = {
         isa = "PBXBuildFile";
         fileRef = "OBJ_31";
      };
      "OBJ_154" = {
         isa = "PBXBuildFile";
         fileRef = "OBJ_32";
      };
      "OBJ_155" = {
         isa = "PBXFrameworksBuildPhase";
         files = (
            "OBJ_156",
            "OBJ_157",
            "OBJ_158",
         );
      };
      "OBJ_156" = {
         isa = "PBXBuildFile";
         fileRef = "HLSCore::Serialization::Product";
      };
      "OBJ_157" = {
         isa = "PBXBuildFile";
         fileRef = "HLSCore::Types::Product";
      };
      "OBJ_158" = {
         isa = "PBXBuildFile";
         fileRef = "HLSCore::Utilities::Product";
      };
      "OBJ_159" = {
         isa = "PBXTargetDependency";
         target = "HLSCore::Serialization";
      };
      "OBJ_16" = {
         isa = "PBXFileReference";
         path = "MasterPlaylistParser.swift";
         sourceTree = "<group>";
      };
      "OBJ_160" = {
         isa = "PBXTargetDependency";
         target = "HLSCore::Types";
      };
      "OBJ_161" = {
         isa = "PBXTargetDependency";
         target = "HLSCore::Utilities";
      };
      "OBJ_162" = {
         isa = "XCConfigurationList";
         buildConfigurations = (
            "OBJ_163",
            "OBJ_164",
         );
         defaultConfigurationIsVisible = "0";
         defaultConfigurationName = "Release";
      };
      "OBJ_163" = {
         isa = "XCBuildConfiguration";
         buildSettings = {
            ENABLE_TESTABILITY = "YES";
            FRAMEWORK_SEARCH_PATHS = (
               "$(inherited)",
               "$(PLATFORM_DIR)/Developer/Library/Frameworks",
            );
            HEADER_SEARCH_PATHS = (
               "$(inherited)",
            );
            INFOPLIST_FILE = "HLSCore.xcodeproj/Types_Info.plist";
            LD_RUNPATH_SEARCH_PATHS = (
               "$(inherited)",
               "$(TOOLCHAIN_DIR)/usr/lib/swift/macosx",
            );
            OTHER_CFLAGS = (
               "$(inherited)",
            );
            OTHER_LDFLAGS = (
               "$(inherited)",
            );
            OTHER_SWIFT_FLAGS = (
               "$(inherited)",
            );
            PRODUCT_BUNDLE_IDENTIFIER = "Types";
            PRODUCT_MODULE_NAME = "$(TARGET_NAME:c99extidentifier)";
            PRODUCT_NAME = "$(TARGET_NAME:c99extidentifier)";
            SKIP_INSTALL = "YES";
            SWIFT_VERSION = "4.0";
            TARGET_NAME = "Types";
         };
         name = "Debug";
      };
      "OBJ_164" = {
         isa = "XCBuildConfiguration";
         buildSettings = {
            ENABLE_TESTABILITY = "YES";
            FRAMEWORK_SEARCH_PATHS = (
               "$(inherited)",
               "$(PLATFORM_DIR)/Developer/Library/Frameworks",
            );
            HEADER_SEARCH_PATHS = (
               "$(inherited)",
            );
            INFOPLIST_FILE = "HLSCore.xcodeproj/Types_Info.plist";
            LD_RUNPATH_SEARCH_PATHS = (
               "$(inherited)",
               "$(TOOLCHAIN_DIR)/usr/lib/swift/macosx",
            );
            OTHER_CFLAGS = (
               "$(inherited)",
            );
            OTHER_LDFLAGS = (
               "$(inherited)",
            );
            OTHER_SWIFT_FLAGS = (
               "$(inherited)",
            );
            PRODUCT_BUNDLE_IDENTIFIER = "Types";
            PRODUCT_MODULE_NAME = "$(TARGET_NAME:c99extidentifier)";
            PRODUCT_NAME = "$(TARGET_NAME:c99extidentifier)";
            SKIP_INSTALL = "YES";
            SWIFT_VERSION = "4.0";
            TARGET_NAME = "Types";
         };
         name = "Release";
      };
      "OBJ_165" = {
         isa = "PBXSourcesBuildPhase";
         files = (
            "OBJ_166",
            "OBJ_167",
            "OBJ_168",
            "OBJ_169",
            "OBJ_170",
         );
      };
      "OBJ_166" = {
         isa = "PBXBuildFile";
         fileRef = "OBJ_22";
      };
      "OBJ_167" = {
         isa = "PBXBuildFile";
         fileRef = "OBJ_23";
      };
      "OBJ_168" = {
         isa = "PBXBuildFile";
         fileRef = "OBJ_24";
      };
      "OBJ_169" = {
         isa = "PBXBuildFile";
         fileRef = "OBJ_25";
      };
      "OBJ_17" = {
         isa = "PBXFileReference";
         path = "MediaPlaylistParser.swift";
         sourceTree = "<group>";
      };
      "OBJ_170" = {
         isa = "PBXBuildFile";
         fileRef = "OBJ_26";
      };
      "OBJ_171" = {
         isa = "PBXFrameworksBuildPhase";
         files = (
            "OBJ_172",
         );
      };
      "OBJ_172" = {
         isa = "PBXBuildFile";
         fileRef = "HLSCore::Utilities::Product";
      };
      "OBJ_173" = {
         isa = "PBXTargetDependency";
         target = "HLSCore::Utilities";
      };
      "OBJ_174" = {
         isa = "XCConfigurationList";
         buildConfigurations = (
            "OBJ_175",
            "OBJ_176",
         );
         defaultConfigurationIsVisible = "0";
         defaultConfigurationName = "Release";
      };
      "OBJ_175" = {
         isa = "XCBuildConfiguration";
         buildSettings = {
            EMBEDDED_CONTENT_CONTAINS_SWIFT = "YES";
            FRAMEWORK_SEARCH_PATHS = (
               "$(inherited)",
               "$(PLATFORM_DIR)/Developer/Library/Frameworks",
            );
            HEADER_SEARCH_PATHS = (
               "$(inherited)",
            );
            INFOPLIST_FILE = "HLSCore.xcodeproj/TypesTests_Info.plist";
            LD_RUNPATH_SEARCH_PATHS = (
               "$(inherited)",
               "@loader_path/../Frameworks",
               "@loader_path/Frameworks",
            );
            OTHER_CFLAGS = (
               "$(inherited)",
            );
            OTHER_LDFLAGS = (
               "$(inherited)",
            );
            OTHER_SWIFT_FLAGS = (
               "$(inherited)",
            );
            SWIFT_VERSION = "4.0";
            TARGET_NAME = "TypesTests";
         };
         name = "Debug";
      };
      "OBJ_176" = {
         isa = "XCBuildConfiguration";
         buildSettings = {
            EMBEDDED_CONTENT_CONTAINS_SWIFT = "YES";
            FRAMEWORK_SEARCH_PATHS = (
               "$(inherited)",
               "$(PLATFORM_DIR)/Developer/Library/Frameworks",
            );
            HEADER_SEARCH_PATHS = (
               "$(inherited)",
            );
            INFOPLIST_FILE = "HLSCore.xcodeproj/TypesTests_Info.plist";
            LD_RUNPATH_SEARCH_PATHS = (
               "$(inherited)",
               "@loader_path/../Frameworks",
               "@loader_path/Frameworks",
            );
            OTHER_CFLAGS = (
               "$(inherited)",
            );
            OTHER_LDFLAGS = (
               "$(inherited)",
            );
            OTHER_SWIFT_FLAGS = (
               "$(inherited)",
            );
            SWIFT_VERSION = "4.0";
            TARGET_NAME = "TypesTests";
         };
         name = "Release";
      };
      "OBJ_177" = {
         isa = "PBXSourcesBuildPhase";
         files = (
            "OBJ_178",
            "OBJ_179",
            "OBJ_180",
         );
      };
      "OBJ_178" = {
         isa = "PBXBuildFile";
         fileRef = "OBJ_34";
      };
      "OBJ_179" = {
         isa = "PBXBuildFile";
         fileRef = "OBJ_35";
      };
      "OBJ_18" = {
         isa = "PBXFileReference";
         path = "TagToEntity.swift";
         sourceTree = "<group>";
      };
      "OBJ_180" = {
         isa = "PBXBuildFile";
         fileRef = "OBJ_36";
      };
      "OBJ_181" = {
         isa = "PBXFrameworksBuildPhase";
         files = (
            "OBJ_182",
            "OBJ_183",
         );
      };
      "OBJ_182" = {
         isa = "PBXBuildFile";
         fileRef = "HLSCore::Types::Product";
      };
      "OBJ_183" = {
         isa = "PBXBuildFile";
         fileRef = "HLSCore::Utilities::Product";
      };
      "OBJ_184" = {
         isa = "PBXTargetDependency";
         target = "HLSCore::Types";
      };
      "OBJ_185" = {
         isa = "PBXTargetDependency";
         target = "HLSCore::Utilities";
      };
      "OBJ_186" = {
         isa = "XCConfigurationList";
         buildConfigurations = (
            "OBJ_187",
            "OBJ_188",
         );
         defaultConfigurationIsVisible = "0";
         defaultConfigurationName = "Release";
      };
      "OBJ_187" = {
         isa = "XCBuildConfiguration";
         buildSettings = {
            ENABLE_TESTABILITY = "YES";
            FRAMEWORK_SEARCH_PATHS = (
               "$(inherited)",
               "$(PLATFORM_DIR)/Developer/Library/Frameworks",
            );
            HEADER_SEARCH_PATHS = (
               "$(inherited)",
            );
            INFOPLIST_FILE = "HLSCore.xcodeproj/Utilities_Info.plist";
            LD_RUNPATH_SEARCH_PATHS = (
               "$(inherited)",
               "$(TOOLCHAIN_DIR)/usr/lib/swift/macosx",
            );
            OTHER_CFLAGS = (
               "$(inherited)",
            );
            OTHER_LDFLAGS = (
               "$(inherited)",
            );
            OTHER_SWIFT_FLAGS = (
               "$(inherited)",
            );
            PRODUCT_BUNDLE_IDENTIFIER = "Utilities";
            PRODUCT_MODULE_NAME = "$(TARGET_NAME:c99extidentifier)";
            PRODUCT_NAME = "$(TARGET_NAME:c99extidentifier)";
            SKIP_INSTALL = "YES";
            SWIFT_VERSION = "4.0";
            TARGET_NAME = "Utilities";
         };
         name = "Debug";
      };
      "OBJ_188" = {
         isa = "XCBuildConfiguration";
         buildSettings = {
            ENABLE_TESTABILITY = "YES";
            FRAMEWORK_SEARCH_PATHS = (
               "$(inherited)",
               "$(PLATFORM_DIR)/Developer/Library/Frameworks",
            );
            HEADER_SEARCH_PATHS = (
               "$(inherited)",
            );
            INFOPLIST_FILE = "HLSCore.xcodeproj/Utilities_Info.plist";
            LD_RUNPATH_SEARCH_PATHS = (
               "$(inherited)",
               "$(TOOLCHAIN_DIR)/usr/lib/swift/macosx",
            );
            OTHER_CFLAGS = (
               "$(inherited)",
            );
            OTHER_LDFLAGS = (
               "$(inherited)",
            );
            OTHER_SWIFT_FLAGS = (
               "$(inherited)",
            );
            PRODUCT_BUNDLE_IDENTIFIER = "Utilities";
            PRODUCT_MODULE_NAME = "$(TARGET_NAME:c99extidentifier)";
            PRODUCT_NAME = "$(TARGET_NAME:c99extidentifier)";
            SKIP_INSTALL = "YES";
            SWIFT_VERSION = "4.0";
            TARGET_NAME = "Utilities";
         };
         name = "Release";
      };
      "OBJ_189" = {
         isa = "PBXSourcesBuildPhase";
         files = (
            "OBJ_190",
            "OBJ_191",
         );
      };
      "OBJ_19" = {
         isa = "PBXFileReference";
         path = "Tags.swift";
         sourceTree = "<group>";
      };
      "OBJ_190" = {
         isa = "PBXBuildFile";
         fileRef = "OBJ_9";
      };
      "OBJ_191" = {
         isa = "PBXBuildFile";
         fileRef = "OBJ_10";
      };
      "OBJ_192" = {
         isa = "PBXFrameworksBuildPhase";
         files = (
         );
      };
      "OBJ_193" = {
         isa = "XCConfigurationList";
         buildConfigurations = (
            "OBJ_194",
            "OBJ_195",
         );
         defaultConfigurationIsVisible = "0";
         defaultConfigurationName = "Release";
      };
      "OBJ_194" = {
         isa = "XCBuildConfiguration";
         buildSettings = {
            EMBEDDED_CONTENT_CONTAINS_SWIFT = "YES";
            FRAMEWORK_SEARCH_PATHS = (
               "$(inherited)",
               "$(PLATFORM_DIR)/Developer/Library/Frameworks",
            );
            HEADER_SEARCH_PATHS = (
               "$(inherited)",
            );
            INFOPLIST_FILE = "HLSCore.xcodeproj/UtilitiesTests_Info.plist";
            LD_RUNPATH_SEARCH_PATHS = (
               "$(inherited)",
               "@loader_path/../Frameworks",
               "@loader_path/Frameworks",
            );
            OTHER_CFLAGS = (
               "$(inherited)",
            );
            OTHER_LDFLAGS = (
               "$(inherited)",
            );
            OTHER_SWIFT_FLAGS = (
               "$(inherited)",
            );
            SWIFT_VERSION = "4.0";
            TARGET_NAME = "UtilitiesTests";
         };
         name = "Debug";
      };
      "OBJ_195" = {
         isa = "XCBuildConfiguration";
         buildSettings = {
            EMBEDDED_CONTENT_CONTAINS_SWIFT = "YES";
            FRAMEWORK_SEARCH_PATHS = (
               "$(inherited)",
               "$(PLATFORM_DIR)/Developer/Library/Frameworks",
            );
            HEADER_SEARCH_PATHS = (
               "$(inherited)",
            );
            INFOPLIST_FILE = "HLSCore.xcodeproj/UtilitiesTests_Info.plist";
            LD_RUNPATH_SEARCH_PATHS = (
               "$(inherited)",
               "@loader_path/../Frameworks",
               "@loader_path/Frameworks",
            );
            OTHER_CFLAGS = (
               "$(inherited)",
            );
            OTHER_LDFLAGS = (
               "$(inherited)",
            );
            OTHER_SWIFT_FLAGS = (
               "$(inherited)",
            );
            SWIFT_VERSION = "4.0";
            TARGET_NAME = "UtilitiesTests";
         };
         name = "Release";
      };
      "OBJ_196" = {
         isa = "PBXSourcesBuildPhase";
         files = (
            "OBJ_197",
         );
      };
      "OBJ_197" = {
         isa = "PBXBuildFile";
         fileRef = "OBJ_38";
      };
      "OBJ_198" = {
         isa = "PBXFrameworksBuildPhase";
         files = (
            "OBJ_199",
         );
      };
      "OBJ_199" = {
         isa = "PBXBuildFile";
         fileRef = "HLSCore::Utilities::Product";
      };
      "OBJ_2" = {
         isa = "XCConfigurationList";
         buildConfigurations = (
            "OBJ_3",
            "OBJ_4",
         );
         defaultConfigurationIsVisible = "0";
         defaultConfigurationName = "Release";
      };
      "OBJ_20" = {
         isa = "PBXFileReference";
         path = "TypeParsers.swift";
         sourceTree = "<group>";
      };
      "OBJ_200" = {
         isa = "PBXTargetDependency";
         target = "HLSCore::Utilities";
      };
      "OBJ_21" = {
         isa = "PBXGroup";
         children = (
            "OBJ_22",
            "OBJ_23",
            "OBJ_24",
            "OBJ_25",
            "OBJ_26",
         );
         name = "Types";
         path = "Sources/Types";
         sourceTree = "SOURCE_ROOT";
      };
      "OBJ_22" = {
         isa = "PBXFileReference";
         path = "AttributeTypes.swift";
         sourceTree = "<group>";
      };
      "OBJ_23" = {
         isa = "PBXFileReference";
         path = "EncryptionKey.swift";
         sourceTree = "<group>";
      };
      "OBJ_24" = {
         isa = "PBXFileReference";
         path = "HLSCore.swift";
         sourceTree = "<group>";
      };
      "OBJ_25" = {
         isa = "PBXFileReference";
         path = "Language.swift";
         sourceTree = "<group>";
      };
      "OBJ_26" = {
         isa = "PBXFileReference";
         path = "Playlist.swift";
         sourceTree = "<group>";
      };
      "OBJ_27" = {
         isa = "PBXGroup";
         children = (
            "OBJ_28",
         );
         name = "Serialization";
         path = "Sources/Serialization";
         sourceTree = "SOURCE_ROOT";
      };
      "OBJ_28" = {
         isa = "PBXFileReference";
         path = "Serializable.swift";
         sourceTree = "<group>";
      };
      "OBJ_29" = {
         isa = "PBXGroup";
         children = (
            "OBJ_30",
            "OBJ_33",
            "OBJ_37",
            "OBJ_39",
         );
         name = "Tests";
         path = "";
         sourceTree = "SOURCE_ROOT";
      };
      "OBJ_3" = {
         isa = "XCBuildConfiguration";
         buildSettings = {
            CLANG_ENABLE_OBJC_ARC = "YES";
            COMBINE_HIDPI_IMAGES = "YES";
            COPY_PHASE_STRIP = "NO";
            DEBUG_INFORMATION_FORMAT = "dwarf";
            DYLIB_INSTALL_NAME_BASE = "@rpath";
            ENABLE_NS_ASSERTIONS = "YES";
            GCC_OPTIMIZATION_LEVEL = "0";
            MACOSX_DEPLOYMENT_TARGET = "10.10";
            ONLY_ACTIVE_ARCH = "YES";
            OTHER_SWIFT_FLAGS = (
               "-DXcode",
            );
            PRODUCT_NAME = "$(TARGET_NAME)";
            SDKROOT = "macosx";
            SUPPORTED_PLATFORMS = (
               "macosx",
               "iphoneos",
               "iphonesimulator",
               "appletvos",
               "appletvsimulator",
               "watchos",
               "watchsimulator",
            );
            SWIFT_ACTIVE_COMPILATION_CONDITIONS = "SWIFT_PACKAGE";
            SWIFT_OPTIMIZATION_LEVEL = "-Onone";
            USE_HEADERMAP = "NO";
         };
         name = "Debug";
      };
      "OBJ_30" = {
         isa = "PBXGroup";
         children = (
            "OBJ_31",
            "OBJ_32",
         );
         name = "SerializationTests";
         path = "Tests/SerializationTests";
         sourceTree = "SOURCE_ROOT";
      };
      "OBJ_31" = {
         isa = "PBXFileReference";
         path = "MultilineMatching.swift";
         sourceTree = "<group>";
      };
      "OBJ_32" = {
         isa = "PBXFileReference";
         path = "SerializationTests.swift";
         sourceTree = "<group>";
      };
      "OBJ_33" = {
         isa = "PBXGroup";
         children = (
            "OBJ_34",
            "OBJ_35",
            "OBJ_36",
         );
         name = "TypesTests";
         path = "Tests/TypesTests";
         sourceTree = "SOURCE_ROOT";
      };
      "OBJ_34" = {
         isa = "PBXFileReference";
         path = "HLSCoreTests.swift";
         sourceTree = "<group>";
      };
      "OBJ_35" = {
         isa = "PBXFileReference";
         path = "StringTests.swift";
         sourceTree = "<group>";
      };
      "OBJ_36" = {
         isa = "PBXFileReference";
         path = "URLTests.swift";
         sourceTree = "<group>";
      };
      "OBJ_37" = {
         isa = "PBXGroup";
         children = (
            "OBJ_38",
         );
         name = "UtilitiesTests";
         path = "Tests/UtilitiesTests";
         sourceTree = "SOURCE_ROOT";
      };
      "OBJ_38" = {
         isa = "PBXFileReference";
         path = "UtilitiesTests.swift";
         sourceTree = "<group>";
      };
      "OBJ_39" = {
         isa = "PBXGroup";
         children = (
            "OBJ_40",
            "OBJ_41",
            "OBJ_42",
         );
         name = "ParsingTests";
         path = "Tests/ParsingTests";
         sourceTree = "SOURCE_ROOT";
      };
      "OBJ_4" = {
         isa = "XCBuildConfiguration";
         buildSettings = {
            CLANG_ENABLE_OBJC_ARC = "YES";
            COMBINE_HIDPI_IMAGES = "YES";
            COPY_PHASE_STRIP = "YES";
            DEBUG_INFORMATION_FORMAT = "dwarf-with-dsym";
            DYLIB_INSTALL_NAME_BASE = "@rpath";
            GCC_OPTIMIZATION_LEVEL = "s";
            MACOSX_DEPLOYMENT_TARGET = "10.10";
            OTHER_SWIFT_FLAGS = (
               "-DXcode",
            );
            PRODUCT_NAME = "$(TARGET_NAME)";
            SDKROOT = "macosx";
            SUPPORTED_PLATFORMS = (
               "macosx",
               "iphoneos",
               "iphonesimulator",
               "appletvos",
               "appletvsimulator",
               "watchos",
               "watchsimulator",
            );
            SWIFT_ACTIVE_COMPILATION_CONDITIONS = "SWIFT_PACKAGE";
            SWIFT_OPTIMIZATION_LEVEL = "-Owholemodule";
            USE_HEADERMAP = "NO";
         };
         name = "Release";
      };
      "OBJ_40" = {
         isa = "PBXFileReference";
         path = "AttributeTests.swift";
         sourceTree = "<group>";
      };
      "OBJ_41" = {
         isa = "PBXFileReference";
         path = "PlaylistParsingTests.swift";
         sourceTree = "<group>";
      };
      "OBJ_42" = {
         isa = "PBXFileReference";
         path = "TagTests.swift";
         sourceTree = "<group>";
      };
      "OBJ_43" = {
         isa = "PBXGroup";
         children = (
            "OBJ_44",
         );
         name = "Dependencies";
         path = "";
         sourceTree = "<group>";
      };
      "OBJ_44" = {
         isa = "PBXGroup";
         children = (
            "OBJ_45",
            "OBJ_48",
         );
         name = "FFCParserCombinator 0.0.4";
         path = "";
         sourceTree = "SOURCE_ROOT";
      };
      "OBJ_45" = {
         isa = "PBXGroup";
         children = (
            "OBJ_46",
            "OBJ_47",
         );
         name = "FFCParserCombinator";
         path = ".build/checkouts/FFCParserCombinator.git--5310016239092783789/Sources/FFCParserCombinator";
         sourceTree = "SOURCE_ROOT";
      };
      "OBJ_46" = {
         isa = "PBXFileReference";
         path = "FFCParserCombinator.swift";
         sourceTree = "<group>";
      };
      "OBJ_47" = {
         isa = "PBXFileReference";
         path = "Tokens.swift";
         sourceTree = "<group>";
      };
      "OBJ_48" = {
         isa = "PBXFileReference";
         explicitFileType = "sourcecode.swift";
         name = "Package.swift";
         path = "/Users/fcanas/repositories/HLSCore/.build/checkouts/FFCParserCombinator.git--5310016239092783789/Package.swift";
         sourceTree = "<group>";
      };
      "OBJ_49" = {
         isa = "PBXGroup";
         children = (
            "HLSCore::TypesTests::Product",
            "HLSCore::Types::Product",
            "HLSCore::SerializationTests::Product",
            "HLSCore::Serialization::Product",
            "FFCParserCombinator::FFCParserCombinator::Product",
            "HLSCore::Utilities::Product",
            "HLSCore::UtilitiesTests::Product",
            "HLSCore::Parsing::Product",
            "HLSCore::ParsingTests::Product",
         );
         name = "Products";
         path = "";
         sourceTree = "BUILT_PRODUCTS_DIR";
      };
      "OBJ_5" = {
         isa = "PBXGroup";
         children = (
            "OBJ_6",
            "OBJ_7",
            "OBJ_29",
            "OBJ_43",
            "OBJ_49",
         );
         path = "";
         sourceTree = "<group>";
      };
      "OBJ_6" = {
         isa = "PBXFileReference";
         explicitFileType = "sourcecode.swift";
         path = "Package.swift";
         sourceTree = "<group>";
      };
      "OBJ_60" = {
         isa = "XCConfigurationList";
         buildConfigurations = (
            "OBJ_61",
            "OBJ_62",
         );
         defaultConfigurationIsVisible = "0";
         defaultConfigurationName = "Release";
      };
      "OBJ_61" = {
         isa = "XCBuildConfiguration";
         buildSettings = {
            ENABLE_TESTABILITY = "YES";
            FRAMEWORK_SEARCH_PATHS = (
               "$(inherited)",
               "$(PLATFORM_DIR)/Developer/Library/Frameworks",
            );
            HEADER_SEARCH_PATHS = (
               "$(inherited)",
            );
            INFOPLIST_FILE = "HLSCore.xcodeproj/FFCParserCombinator_Info.plist";
            LD_RUNPATH_SEARCH_PATHS = (
               "$(inherited)",
               "$(TOOLCHAIN_DIR)/usr/lib/swift/macosx",
            );
            OTHER_CFLAGS = (
               "$(inherited)",
            );
            OTHER_LDFLAGS = (
               "$(inherited)",
            );
            OTHER_SWIFT_FLAGS = (
               "$(inherited)",
            );
            PRODUCT_BUNDLE_IDENTIFIER = "FFCParserCombinator";
            PRODUCT_MODULE_NAME = "$(TARGET_NAME:c99extidentifier)";
            PRODUCT_NAME = "$(TARGET_NAME:c99extidentifier)";
            SKIP_INSTALL = "YES";
            SWIFT_VERSION = "4.0";
            TARGET_NAME = "FFCParserCombinator";
         };
         name = "Debug";
      };
      "OBJ_62" = {
         isa = "XCBuildConfiguration";
         buildSettings = {
            ENABLE_TESTABILITY = "YES";
            FRAMEWORK_SEARCH_PATHS = (
               "$(inherited)",
               "$(PLATFORM_DIR)/Developer/Library/Frameworks",
            );
            HEADER_SEARCH_PATHS = (
               "$(inherited)",
            );
            INFOPLIST_FILE = "HLSCore.xcodeproj/FFCParserCombinator_Info.plist";
            LD_RUNPATH_SEARCH_PATHS = (
               "$(inherited)",
               "$(TOOLCHAIN_DIR)/usr/lib/swift/macosx",
            );
            OTHER_CFLAGS = (
               "$(inherited)",
            );
            OTHER_LDFLAGS = (
               "$(inherited)",
            );
            OTHER_SWIFT_FLAGS = (
               "$(inherited)",
            );
            PRODUCT_BUNDLE_IDENTIFIER = "FFCParserCombinator";
            PRODUCT_MODULE_NAME = "$(TARGET_NAME:c99extidentifier)";
            PRODUCT_NAME = "$(TARGET_NAME:c99extidentifier)";
            SKIP_INSTALL = "YES";
            SWIFT_VERSION = "4.0";
            TARGET_NAME = "FFCParserCombinator";
         };
         name = "Release";
      };
      "OBJ_63" = {
         isa = "PBXSourcesBuildPhase";
         files = (
            "OBJ_64",
            "OBJ_65",
         );
      };
      "OBJ_64" = {
         isa = "PBXBuildFile";
         fileRef = "OBJ_46";
      };
      "OBJ_65" = {
         isa = "PBXBuildFile";
         fileRef = "OBJ_47";
      };
      "OBJ_66" = {
         isa = "PBXFrameworksBuildPhase";
         files = (
         );
      };
      "OBJ_68" = {
         isa = "XCConfigurationList";
         buildConfigurations = (
            "OBJ_69",
            "OBJ_70",
         );
         defaultConfigurationIsVisible = "0";
         defaultConfigurationName = "Release";
      };
      "OBJ_69" = {
         isa = "XCBuildConfiguration";
         buildSettings = {
            LD = "/usr/bin/true";
            OTHER_SWIFT_FLAGS = (
               "-swift-version",
               "4",
               "-I",
               "$(TOOLCHAIN_DIR)/usr/lib/swift/pm/4",
               "-target",
               "x86_64-apple-macosx10.10",
               "-sdk",
               "/Applications/Xcode.app/Contents/Developer/Platforms/MacOSX.platform/Developer/SDKs/MacOSX10.13.sdk",
            );
            SWIFT_VERSION = "4.0";
         };
         name = "Debug";
      };
      "OBJ_7" = {
         isa = "PBXGroup";
         children = (
            "OBJ_8",
            "OBJ_11",
            "OBJ_21",
            "OBJ_27",
         );
         name = "Sources";
         path = "";
         sourceTree = "SOURCE_ROOT";
      };
      "OBJ_70" = {
         isa = "XCBuildConfiguration";
         buildSettings = {
            LD = "/usr/bin/true";
            OTHER_SWIFT_FLAGS = (
               "-swift-version",
               "4",
               "-I",
               "$(TOOLCHAIN_DIR)/usr/lib/swift/pm/4",
               "-target",
               "x86_64-apple-macosx10.10",
               "-sdk",
               "/Applications/Xcode.app/Contents/Developer/Platforms/MacOSX.platform/Developer/SDKs/MacOSX10.13.sdk",
            );
            SWIFT_VERSION = "4.0";
         };
         name = "Release";
      };
      "OBJ_71" = {
         isa = "PBXSourcesBuildPhase";
         files = (
            "OBJ_72",
         );
      };
      "OBJ_72" = {
         isa = "PBXBuildFile";
         fileRef = "OBJ_48";
      };
      "OBJ_74" = {
         isa = "XCConfigurationList";
         buildConfigurations = (
            "OBJ_75",
            "OBJ_76",
         );
         defaultConfigurationIsVisible = "0";
         defaultConfigurationName = "Release";
      };
      "OBJ_75" = {
         isa = "XCBuildConfiguration";
         buildSettings = {
         };
         name = "Debug";
      };
      "OBJ_76" = {
         isa = "XCBuildConfiguration";
         buildSettings = {
         };
         name = "Release";
      };
      "OBJ_77" = {
         isa = "PBXTargetDependency";
         target = "HLSCore::Utilities";
      };
      "OBJ_79" = {
         isa = "PBXTargetDependency";
         target = "HLSCore::Types";
      };
      "OBJ_8" = {
         isa = "PBXGroup";
         children = (
            "OBJ_9",
            "OBJ_10",
         );
         name = "Utilities";
         path = "Sources/Utilities";
         sourceTree = "SOURCE_ROOT";
      };
      "OBJ_81" = {
         isa = "PBXTargetDependency";
         target = "HLSCore::Serialization";
      };
      "OBJ_83" = {
         isa = "PBXTargetDependency";
         target = "HLSCore::Parsing";
      };
      "OBJ_86" = {
         isa = "XCConfigurationList";
         buildConfigurations = (
            "OBJ_87",
            "OBJ_88",
         );
         defaultConfigurationIsVisible = "0";
         defaultConfigurationName = "Release";
      };
      "OBJ_87" = {
         isa = "XCBuildConfiguration";
         buildSettings = {
            LD = "/usr/bin/true";
            OTHER_SWIFT_FLAGS = (
               "-swift-version",
               "4",
               "-I",
               "$(TOOLCHAIN_DIR)/usr/lib/swift/pm/4",
               "-target",
               "x86_64-apple-macosx10.10",
               "-sdk",
               "/Applications/Xcode.app/Contents/Developer/Platforms/MacOSX.platform/Developer/SDKs/MacOSX10.13.sdk",
            );
            SWIFT_VERSION = "4.0";
         };
         name = "Debug";
      };
      "OBJ_88" = {
         isa = "XCBuildConfiguration";
         buildSettings = {
            LD = "/usr/bin/true";
            OTHER_SWIFT_FLAGS = (
               "-swift-version",
               "4",
               "-I",
               "$(TOOLCHAIN_DIR)/usr/lib/swift/pm/4",
               "-target",
               "x86_64-apple-macosx10.10",
               "-sdk",
               "/Applications/Xcode.app/Contents/Developer/Platforms/MacOSX.platform/Developer/SDKs/MacOSX10.13.sdk",
            );
            SWIFT_VERSION = "4.0";
         };
         name = "Release";
      };
      "OBJ_89" = {
         isa = "PBXSourcesBuildPhase";
         files = (
            "OBJ_90",
         );
      };
      "OBJ_9" = {
         isa = "PBXFileReference";
         path = "String.swift";
         sourceTree = "<group>";
      };
      "OBJ_90" = {
         isa = "PBXBuildFile";
         fileRef = "OBJ_6";
      };
      "OBJ_92" = {
         isa = "XCConfigurationList";
         buildConfigurations = (
            "OBJ_93",
            "OBJ_94",
         );
         defaultConfigurationIsVisible = "0";
         defaultConfigurationName = "Release";
      };
      "OBJ_93" = {
         isa = "XCBuildConfiguration";
         buildSettings = {
         };
         name = "Debug";
      };
      "OBJ_94" = {
         isa = "XCBuildConfiguration";
         buildSettings = {
         };
         name = "Release";
      };
      "OBJ_95" = {
         isa = "PBXTargetDependency";
         target = "HLSCore::TypesTests";
      };
      "OBJ_97" = {
         isa = "PBXTargetDependency";
         target = "HLSCore::SerializationTests";
      };
      "OBJ_99" = {
         isa = "PBXTargetDependency";
         target = "HLSCore::UtilitiesTests";
      };
   };
   rootObject = "OBJ_1";
}
